{
  "version": 4,
  "terraform_version": "1.12.2",
  "serial": 4272,
  "lineage": "bef55862-baa4-dfe8-930a-ba75495d8d3d",
  "outputs": {},
  "resources": [
    {
      "mode": "managed",
      "type": "null_resource",
      "name": "destroy_routes",
      "provider": "provider[\"registry.terraform.io/hashicorp/null\"]",
      "instances": [
        {
          "schema_version": 0,
          "attributes": {
            "id": "9003491634260477745",
            "triggers": {
              "ansible_command": "ansible-playbook -u",
              "ansible_env_vars": "ANSIBLE_CONFIG=../../ansible/ansible.cfg ANSIBLE_VAULT_PASSWORD_FILE=~/.vault_password.yml",
              "ansible_options": "-i ../../ansible/envs/dev/openstack.yml --private-key ~/.ssh/id_rsa",
              "default_user": "staner"
            }
          },
          "sensitive_attributes": [],
          "identity_schema_version": 0
        }
      ]
    },
    {
      "module": "module.bmc-simulator",
      "mode": "data",
      "type": "openstack_networking_network_v2",
      "name": "network",
      "provider": "provider[\"registry.terraform.io/terraform-provider-openstack/openstack\"]",
      "instances": [
        {
          "schema_version": 0,
          "attributes": {
            "admin_state_up": "true",
            "all_tags": [],
            "availability_zone_hints": [],
            "description": "",
            "dns_domain": "",
            "external": false,
            "id": "73e7b155-18a9-401a-89ad-8a90b7919cf4",
            "matching_subnet_cidr": null,
            "mtu": 1450,
            "name": "internal_dev",
            "network_id": null,
            "region": "RegionOne",
            "segments": [
              {
                "network_type": "vxlan",
                "physical_network": "",
                "segmentation_id": 736
              }
            ],
            "shared": "false",
            "status": null,
            "subnets": [
              "c52175d1-63e2-459a-b776-bb80c99ff05a"
            ],
            "tags": null,
            "tenant_id": "3e356dfb99d84489a569259710ee3452",
            "transparent_vlan": false
          },
          "sensitive_attributes": [],
          "identity_schema_version": 0
        }
      ]
    },
    {
      "module": "module.bmc-simulator",
      "mode": "data",
      "type": "openstack_networking_port_v2",
      "name": "port",
      "provider": "provider[\"registry.terraform.io/terraform-provider-openstack/openstack\"]",
      "instances": [
        {
          "index_key": 0,
          "schema_version": 0,
          "attributes": {
            "admin_state_up": true,
            "all_fixed_ips": [
              "10.0.1.66"
            ],
            "all_security_group_ids": [
              "280b17bd-659b-448c-89fa-992a617855ff",
              "507e0ace-1932-40ab-ad78-e24b6374cf30",
              "60b4a8ef-53c0-4a33-b146-9754c44b754e",
              "72b2a4c4-755f-4818-8e8a-a88d04a2b3c5"
            ],
            "all_tags": [],
            "allowed_address_pairs": [],
            "binding": [
              {
                "host_id": "controller1",
                "profile": "{}",
                "vif_details": {
                  "bound_drivers": "{\"0\":\"openvswitch\"}",
                  "bridge_name": "br-int",
                  "connectivity": "l2",
                  "datapath_type": "system",
                  "ovs_hybrid_plug": "true",
                  "port_filter": "true"
                },
                "vif_type": "ovs",
                "vnic_type": "normal"
              }
            ],
            "description": "",
            "device_id": "0d46d382-fb05-4242-a00e-6cc04a4085f6",
            "device_owner": "compute:nova",
            "dns_assignment": [],
            "dns_name": "",
            "extra_dhcp_option": [],
            "fixed_ip": null,
            "id": "f7b5554d-94bb-4535-ab0a-3abefe0a5962",
            "mac_address": "fa:16:3e:f2:10:40",
            "name": "internal-bmc-simulator1",
            "network_id": "73e7b155-18a9-401a-89ad-8a90b7919cf4",
            "port_id": "f7b5554d-94bb-4535-ab0a-3abefe0a5962",
            "project_id": "3e356dfb99d84489a569259710ee3452",
            "region": "RegionOne",
            "security_group_ids": null,
            "status": null,
            "tags": null,
            "tenant_id": "3e356dfb99d84489a569259710ee3452"
          },
          "sensitive_attributes": [],
          "identity_schema_version": 0
        }
      ]
    },
    {
      "module": "module.bmc-simulator",
      "mode": "data",
      "type": "openstack_networking_secgroup_v2",
      "name": "sg",
      "provider": "provider[\"registry.terraform.io/terraform-provider-openstack/openstack\"]",
      "instances": [
        {
          "index_key": "all_internal",
          "schema_version": 0,
          "attributes": {
            "all_tags": [],
            "description": "all_internal",
            "id": "507e0ace-1932-40ab-ad78-e24b6374cf30",
            "name": "all_internal",
            "region": "RegionOne",
            "secgroup_id": null,
            "tags": null,
            "tenant_id": "3e356dfb99d84489a569259710ee3452"
          },
          "sensitive_attributes": [],
          "identity_schema_version": 0
        },
        {
          "index_key": "node_exporter",
          "schema_version": 0,
          "attributes": {
            "all_tags": [],
            "description": "node_exporter",
            "id": "72b2a4c4-755f-4818-8e8a-a88d04a2b3c5",
            "name": "node_exporter",
            "region": "RegionOne",
            "secgroup_id": null,
            "tags": null,
            "tenant_id": "3e356dfb99d84489a569259710ee3452"
          },
          "sensitive_attributes": [],
          "identity_schema_version": 0
        },
        {
          "index_key": "ssh-internal",
          "schema_version": 0,
          "attributes": {
            "all_tags": [],
            "description": "ssh-internal",
            "id": "280b17bd-659b-448c-89fa-992a617855ff",
            "name": "ssh-internal",
            "region": "RegionOne",
            "secgroup_id": null,
            "tags": null,
            "tenant_id": "3e356dfb99d84489a569259710ee3452"
          },
          "sensitive_attributes": [],
          "identity_schema_version": 0
        },
        {
          "index_key": "web",
          "schema_version": 0,
          "attributes": {
            "all_tags": [],
            "description": "Security group for web services (HTTP/HTTPS)",
            "id": "60b4a8ef-53c0-4a33-b146-9754c44b754e",
            "name": "web",
            "region": "RegionOne",
            "secgroup_id": null,
            "tags": null,
            "tenant_id": "3e356dfb99d84489a569259710ee3452"
          },
          "sensitive_attributes": [],
          "identity_schema_version": 0
        }
      ]
    },
    {
      "module": "module.bmc-simulator",
      "mode": "data",
      "type": "openstack_networking_subnet_ids_v2",
      "name": "ext_subnets",
      "provider": "provider[\"registry.terraform.io/terraform-provider-openstack/openstack\"]",
      "instances": []
    },
    {
      "module": "module.bmc-simulator",
      "mode": "data",
      "type": "openstack_networking_subnet_v2",
      "name": "subnet",
      "provider": "provider[\"registry.terraform.io/terraform-provider-openstack/openstack\"]",
      "instances": [
        {
          "schema_version": 0,
          "attributes": {
            "all_tags": [],
            "allocation_pools": [
              {
                "end": "10.0.1.254",
                "start": "10.0.1.2"
              }
            ],
            "cidr": "10.0.1.0/24",
            "description": "",
            "dhcp_disabled": null,
            "dhcp_enabled": null,
            "dns_nameservers": [
              "1.1.1.1",
              "8.8.8.8"
            ],
            "enable_dhcp": true,
            "gateway_ip": "10.0.1.1",
            "host_routes": [],
            "id": "c52175d1-63e2-459a-b776-bb80c99ff05a",
            "ip_version": 4,
            "ipv6_address_mode": "",
            "ipv6_ra_mode": "",
            "name": "internal_dev",
            "network_id": "73e7b155-18a9-401a-89ad-8a90b7919cf4",
            "region": "RegionOne",
            "service_types": [],
            "subnet_id": null,
            "subnetpool_id": "",
            "tags": null,
            "tenant_id": "3e356dfb99d84489a569259710ee3452"
          },
          "sensitive_attributes": [],
          "identity_schema_version": 0
        }
      ]
    },
    {
      "module": "module.bmc-simulator",
      "mode": "data",
      "type": "template_file",
      "name": "userdata",
      "provider": "provider[\"registry.terraform.io/hashicorp/template\"]",
      "instances": [
        {
          "schema_version": 0,
          "attributes": {
            "filename": null,
            "id": "ea462fe5917aec78d73a38f3c4c477881bf1dea4e84df30bdc44d823fd8bbcd1",
            "rendered": "#cloud-config\nusers:\n  - default\n  - name: staner\n    primary_group: staner\n    groups: [sudo,adm]\n    sudo: ALL=(ALL) NOPASSWD:ALL\n    groups: sudo\n    shell: /bin/bash\n    lock_passwd: true\n    ssh-authorized-keys: \n    - ssh-rsa AAAAB3NzaC1yc2EAAAADAQABAAACAQCkmUQVaIHRxoukQftYJJjuPf1an104jLltRlN0y8xAsVQ+OXIvORbaYvHwbry4PXQXUZYnFDOX/ybl6wAI5Lxt7STe2xUY7mYrBCn1+lfirB1LnlOKDEDQGndXQPUrH1CbUbZw7MxXAVif+I1iPlf4pgXlic1i7FigQiRS2bMkiVrbtkXufGnNgbOar0iaLKdFuYNERk/WJSjIz7HPoljqULWctXzqpFDXPs/GKKPbH96iH0SFLTDG5tCMN424saAnkAcFcGsW0BqVpLBSBUCcySoaKcWgGYqHB+OPRa50NqZ2ljuopIvQMFA4Otg6dcDWshklP265NHddB3QWs3t/JQvDYGe7Ld8i4eQtMFsNNL0R6E8XOYT8hAb75K4H77SACU+BGAmwHGC13IFhTWRct5KC+wskYi/J9zmslugk9jQcoPwIFdMA9nkzOWPIMwMYM4A+BxL8ne4unP8786Zemuyft8lE/Q3SOFg8SV+UjRjlsL+EfrCIngEZLnUzj/gpNZLGi+En3qm3mZhIsoC55KW4lutlZwnXnpU3swJ9wR/LKJtup5UcVx2pRDmwLzW20WI46fF2/HLMHWlpWuK/r0N5nEg7BMB3B4j1KLqkTljN9Fu5OMyCNBN/M8pyoFqf7TQaP0OsGcBzVvx1i3oUTVqQwAriBr2hYe6L6Z1lnQ== staner@staner-home\n",
            "template": "#cloud-config\nusers:\n  - default\n  - name: staner\n    primary_group: staner\n    groups: [sudo,adm]\n    sudo: ALL=(ALL) NOPASSWD:ALL\n    groups: sudo\n    shell: /bin/bash\n    lock_passwd: true\n    ssh-authorized-keys: \n    - ssh-rsa AAAAB3NzaC1yc2EAAAADAQABAAACAQCkmUQVaIHRxoukQftYJJjuPf1an104jLltRlN0y8xAsVQ+OXIvORbaYvHwbry4PXQXUZYnFDOX/ybl6wAI5Lxt7STe2xUY7mYrBCn1+lfirB1LnlOKDEDQGndXQPUrH1CbUbZw7MxXAVif+I1iPlf4pgXlic1i7FigQiRS2bMkiVrbtkXufGnNgbOar0iaLKdFuYNERk/WJSjIz7HPoljqULWctXzqpFDXPs/GKKPbH96iH0SFLTDG5tCMN424saAnkAcFcGsW0BqVpLBSBUCcySoaKcWgGYqHB+OPRa50NqZ2ljuopIvQMFA4Otg6dcDWshklP265NHddB3QWs3t/JQvDYGe7Ld8i4eQtMFsNNL0R6E8XOYT8hAb75K4H77SACU+BGAmwHGC13IFhTWRct5KC+wskYi/J9zmslugk9jQcoPwIFdMA9nkzOWPIMwMYM4A+BxL8ne4unP8786Zemuyft8lE/Q3SOFg8SV+UjRjlsL+EfrCIngEZLnUzj/gpNZLGi+En3qm3mZhIsoC55KW4lutlZwnXnpU3swJ9wR/LKJtup5UcVx2pRDmwLzW20WI46fF2/HLMHWlpWuK/r0N5nEg7BMB3B4j1KLqkTljN9Fu5OMyCNBN/M8pyoFqf7TQaP0OsGcBzVvx1i3oUTVqQwAriBr2hYe6L6Z1lnQ== staner@staner-home\n",
            "vars": null
          },
          "sensitive_attributes": [],
          "identity_schema_version": 0
        }
      ]
    },
    {
      "module": "module.bmc-simulator",
      "mode": "managed",
      "type": "openstack_blockstorage_volume_v3",
      "name": "volumes",
      "provider": "provider[\"registry.terraform.io/terraform-provider-openstack/openstack\"]",
      "instances": []
    },
    {
      "module": "module.bmc-simulator",
      "mode": "managed",
      "type": "openstack_compute_floatingip_associate_v2",
      "name": "fip_assoc_fixed",
      "provider": "provider[\"registry.terraform.io/terraform-provider-openstack/openstack\"]",
      "instances": []
    },
    {
      "module": "module.bmc-simulator",
      "mode": "managed",
      "type": "openstack_compute_floatingip_associate_v2",
      "name": "fip_assoc_random",
      "provider": "provider[\"registry.terraform.io/terraform-provider-openstack/openstack\"]",
      "instances": []
    },
    {
      "module": "module.bmc-simulator",
      "mode": "managed",
      "type": "openstack_compute_instance_v2",
      "name": "instance",
      "provider": "provider[\"registry.terraform.io/terraform-provider-openstack/openstack\"]",
      "instances": [
        {
          "index_key": 0,
          "schema_version": 0,
          "attributes": {
            "access_ip_v4": "10.0.1.66",
            "access_ip_v6": "",
            "admin_pass": null,
            "all_metadata": {
              "app": "bmc-simulator",
              "environment": "dev"
            },
            "all_tags": [],
            "availability_zone": "nova",
            "availability_zone_hints": null,
            "block_device": [],
            "config_drive": null,
            "created": "2025-06-26 09:49:25 +0000 UTC",
            "flavor_id": "2",
            "flavor_name": "m1.small",
            "floating_ip": null,
            "force_delete": false,
            "id": "0d46d382-fb05-4242-a00e-6cc04a4085f6",
            "image_id": "4b370c45-fc98-4dab-88ee-22e09bb57679",
            "image_name": "Bookworm",
            "key_pair": "default_key",
            "metadata": {
              "app": "bmc-simulator",
              "environment": "dev"
            },
            "name": "bmc-simulator1",
            "network": [
              {
                "access_network": false,
                "fixed_ip_v4": "10.0.1.66",
                "fixed_ip_v6": "",
                "floating_ip": "",
                "mac": "fa:16:3e:f2:10:40",
                "name": "internal_dev",
                "port": "f7b5554d-94bb-4535-ab0a-3abefe0a5962",
                "uuid": "73e7b155-18a9-401a-89ad-8a90b7919cf4"
              }
            ],
            "network_mode": null,
            "personality": [],
            "power_state": "active",
            "region": "RegionOne",
            "scheduler_hints": [],
            "security_groups": [
              "all_internal",
              "node_exporter",
              "ssh-internal",
              "web"
            ],
            "stop_before_destroy": false,
            "tags": [],
            "timeouts": null,
            "updated": "2025-06-27 06:50:08 +0000 UTC",
            "user_data": "33ea81a631c5604f7174385a364dfdfc7f50f148",
            "vendor_options": [],
            "volume": []
          },
          "sensitive_attributes": [
            [
              {
                "type": "get_attr",
                "value": "admin_pass"
              }
            ]
          ],
          "identity_schema_version": 0,
          "private": "eyJlMmJmYjczMC1lY2FhLTExZTYtOGY4OC0zNDM2M2JjN2M0YzAiOnsiY3JlYXRlIjoxODAwMDAwMDAwMDAwLCJkZWxldGUiOjE4MDAwMDAwMDAwMDAsInVwZGF0ZSI6MTgwMDAwMDAwMDAwMH19",
          "dependencies": [
            "module.bmc-simulator.data.openstack_networking_network_v2.network",
            "module.bmc-simulator.data.openstack_networking_port_v2.port",
            "module.bmc-simulator.data.openstack_networking_secgroup_v2.sg",
            "module.bmc-simulator.data.openstack_networking_subnet_v2.subnet",
            "module.bmc-simulator.data.template_file.userdata",
            "module.bmc-simulator.openstack_networking_port_v2.internal_port"
          ]
        }
      ]
    },
    {
      "module": "module.bmc-simulator",
      "mode": "managed",
      "type": "openstack_compute_volume_attach_v2",
      "name": "attached",
      "provider": "provider[\"registry.terraform.io/terraform-provider-openstack/openstack\"]",
      "instances": []
    },
    {
      "module": "module.bmc-simulator",
      "mode": "managed",
      "type": "openstack_networking_floatingip_v2",
      "name": "floatip_1_random",
      "provider": "provider[\"registry.terraform.io/terraform-provider-openstack/openstack\"]",
      "instances": []
    },
    {
      "module": "module.bmc-simulator",
      "mode": "managed",
      "type": "openstack_networking_port_v2",
      "name": "internal_port",
      "provider": "provider[\"registry.terraform.io/terraform-provider-openstack/openstack\"]",
      "instances": [
        {
          "index_key": 0,
          "schema_version": 0,
          "attributes": {
            "admin_state_up": true,
            "all_fixed_ips": [
              "10.0.1.66"
            ],
            "all_security_group_ids": [
              "280b17bd-659b-448c-89fa-992a617855ff",
              "507e0ace-1932-40ab-ad78-e24b6374cf30",
              "60b4a8ef-53c0-4a33-b146-9754c44b754e",
              "72b2a4c4-755f-4818-8e8a-a88d04a2b3c5"
            ],
            "all_tags": [],
            "allowed_address_pairs": [],
            "binding": [
              {
                "host_id": "controller1",
                "profile": "{}",
                "vif_details": {
                  "bound_drivers": "{\"0\":\"openvswitch\"}",
                  "bridge_name": "br-int",
                  "connectivity": "l2",
                  "datapath_type": "system",
                  "ovs_hybrid_plug": "true",
                  "port_filter": "true"
                },
                "vif_type": "ovs",
                "vnic_type": "normal"
              }
            ],
            "description": "",
            "device_id": "0d46d382-fb05-4242-a00e-6cc04a4085f6",
            "device_owner": "compute:nova",
            "dns_assignment": [],
            "dns_name": "",
            "extra_dhcp_option": [],
            "fixed_ip": [
              {
                "ip_address": "",
                "subnet_id": "c52175d1-63e2-459a-b776-bb80c99ff05a"
              }
            ],
            "id": "f7b5554d-94bb-4535-ab0a-3abefe0a5962",
            "mac_address": "fa:16:3e:f2:10:40",
            "name": "internal-bmc-simulator1",
            "network_id": "73e7b155-18a9-401a-89ad-8a90b7919cf4",
            "no_fixed_ip": null,
            "no_security_groups": null,
            "port_security_enabled": true,
            "qos_policy_id": "",
            "region": "RegionOne",
            "security_group_ids": [
              "280b17bd-659b-448c-89fa-992a617855ff",
              "507e0ace-1932-40ab-ad78-e24b6374cf30",
              "60b4a8ef-53c0-4a33-b146-9754c44b754e",
              "72b2a4c4-755f-4818-8e8a-a88d04a2b3c5"
            ],
            "tags": [],
            "tenant_id": "3e356dfb99d84489a569259710ee3452",
            "timeouts": null,
            "value_specs": null
          },
          "sensitive_attributes": [],
          "identity_schema_version": 0,
          "private": "eyJlMmJmYjczMC1lY2FhLTExZTYtOGY4OC0zNDM2M2JjN2M0YzAiOnsiY3JlYXRlIjo2MDAwMDAwMDAwMDAsImRlbGV0ZSI6NjAwMDAwMDAwMDAwfX0=",
          "dependencies": [
            "module.bmc-simulator.data.openstack_networking_network_v2.network",
            "module.bmc-simulator.data.openstack_networking_secgroup_v2.sg",
            "module.bmc-simulator.data.openstack_networking_subnet_v2.subnet"
          ]
        }
      ]
    },
    {
      "module": "module.consul",
      "mode": "data",
      "type": "openstack_networking_network_v2",
      "name": "network",
      "provider": "provider[\"registry.terraform.io/terraform-provider-openstack/openstack\"]",
      "instances": [
        {
          "schema_version": 0,
          "attributes": {
            "admin_state_up": "true",
            "all_tags": [],
            "availability_zone_hints": [],
            "description": "",
            "dns_domain": "",
            "external": false,
            "id": "73e7b155-18a9-401a-89ad-8a90b7919cf4",
            "matching_subnet_cidr": null,
            "mtu": 1450,
            "name": "internal_dev",
            "network_id": null,
            "region": "RegionOne",
            "segments": [
              {
                "network_type": "vxlan",
                "physical_network": "",
                "segmentation_id": 736
              }
            ],
            "shared": "false",
            "status": null,
            "subnets": [
              "c52175d1-63e2-459a-b776-bb80c99ff05a"
            ],
            "tags": null,
            "tenant_id": "3e356dfb99d84489a569259710ee3452",
            "transparent_vlan": false
          },
          "sensitive_attributes": [],
          "identity_schema_version": 0
        }
      ]
    },
    {
      "module": "module.consul",
      "mode": "data",
      "type": "openstack_networking_port_v2",
      "name": "port",
      "provider": "provider[\"registry.terraform.io/terraform-provider-openstack/openstack\"]",
      "instances": [
        {
          "index_key": 0,
          "schema_version": 0,
          "attributes": {
            "admin_state_up": true,
            "all_fixed_ips": [
              "10.0.1.36"
            ],
            "all_security_group_ids": [
              "280b17bd-659b-448c-89fa-992a617855ff",
              "507e0ace-1932-40ab-ad78-e24b6374cf30",
              "72b2a4c4-755f-4818-8e8a-a88d04a2b3c5"
            ],
            "all_tags": [],
            "allowed_address_pairs": [],
            "binding": [
              {
                "host_id": "controller1",
                "profile": "{}",
                "vif_details": {
                  "bound_drivers": "{\"0\":\"openvswitch\"}",
                  "bridge_name": "br-int",
                  "connectivity": "l2",
                  "datapath_type": "system",
                  "ovs_hybrid_plug": "true",
                  "port_filter": "true"
                },
                "vif_type": "ovs",
                "vnic_type": "normal"
              }
            ],
            "description": "",
            "device_id": "0cad8c23-fb65-4005-a213-28df583c6e14",
            "device_owner": "compute:nova",
            "dns_assignment": [],
            "dns_name": "",
            "extra_dhcp_option": [],
            "fixed_ip": null,
            "id": "b8f0b025-5327-469a-89e5-3aecdff365e7",
            "mac_address": "fa:16:3e:87:05:b1",
            "name": "internal-consul1",
            "network_id": "73e7b155-18a9-401a-89ad-8a90b7919cf4",
            "port_id": "b8f0b025-5327-469a-89e5-3aecdff365e7",
            "project_id": "3e356dfb99d84489a569259710ee3452",
            "region": "RegionOne",
            "security_group_ids": null,
            "status": null,
            "tags": null,
            "tenant_id": "3e356dfb99d84489a569259710ee3452"
          },
          "sensitive_attributes": [],
          "identity_schema_version": 0
        }
      ]
    },
    {
      "module": "module.consul",
      "mode": "data",
      "type": "openstack_networking_secgroup_v2",
      "name": "sg",
      "provider": "provider[\"registry.terraform.io/terraform-provider-openstack/openstack\"]",
      "instances": [
        {
          "index_key": "all_internal",
          "schema_version": 0,
          "attributes": {
            "all_tags": [],
            "description": "all_internal",
            "id": "507e0ace-1932-40ab-ad78-e24b6374cf30",
            "name": "all_internal",
            "region": "RegionOne",
            "secgroup_id": null,
            "tags": null,
            "tenant_id": "3e356dfb99d84489a569259710ee3452"
          },
          "sensitive_attributes": [],
          "identity_schema_version": 0
        },
        {
          "index_key": "node_exporter",
          "schema_version": 0,
          "attributes": {
            "all_tags": [],
            "description": "node_exporter",
            "id": "72b2a4c4-755f-4818-8e8a-a88d04a2b3c5",
            "name": "node_exporter",
            "region": "RegionOne",
            "secgroup_id": null,
            "tags": null,
            "tenant_id": "3e356dfb99d84489a569259710ee3452"
          },
          "sensitive_attributes": [],
          "identity_schema_version": 0
        },
        {
          "index_key": "ssh-internal",
          "schema_version": 0,
          "attributes": {
            "all_tags": [],
            "description": "ssh-internal",
            "id": "280b17bd-659b-448c-89fa-992a617855ff",
            "name": "ssh-internal",
            "region": "RegionOne",
            "secgroup_id": null,
            "tags": null,
            "tenant_id": "3e356dfb99d84489a569259710ee3452"
          },
          "sensitive_attributes": [],
          "identity_schema_version": 0
        }
      ]
    },
    {
      "module": "module.consul",
      "mode": "data",
      "type": "openstack_networking_subnet_ids_v2",
      "name": "ext_subnets",
      "provider": "provider[\"registry.terraform.io/terraform-provider-openstack/openstack\"]",
      "instances": []
    },
    {
      "module": "module.consul",
      "mode": "data",
      "type": "openstack_networking_subnet_v2",
      "name": "subnet",
      "provider": "provider[\"registry.terraform.io/terraform-provider-openstack/openstack\"]",
      "instances": [
        {
          "schema_version": 0,
          "attributes": {
            "all_tags": [],
            "allocation_pools": [
              {
                "end": "10.0.1.254",
                "start": "10.0.1.2"
              }
            ],
            "cidr": "10.0.1.0/24",
            "description": "",
            "dhcp_disabled": null,
            "dhcp_enabled": null,
            "dns_nameservers": [
              "1.1.1.1",
              "8.8.8.8"
            ],
            "enable_dhcp": true,
            "gateway_ip": "10.0.1.1",
            "host_routes": [],
            "id": "c52175d1-63e2-459a-b776-bb80c99ff05a",
            "ip_version": 4,
            "ipv6_address_mode": "",
            "ipv6_ra_mode": "",
            "name": "internal_dev",
            "network_id": "73e7b155-18a9-401a-89ad-8a90b7919cf4",
            "region": "RegionOne",
            "service_types": [],
            "subnet_id": null,
            "subnetpool_id": "",
            "tags": null,
            "tenant_id": "3e356dfb99d84489a569259710ee3452"
          },
          "sensitive_attributes": [],
          "identity_schema_version": 0
        }
      ]
    },
    {
      "module": "module.consul",
      "mode": "data",
      "type": "template_file",
      "name": "userdata",
      "provider": "provider[\"registry.terraform.io/hashicorp/template\"]",
      "instances": [
        {
          "schema_version": 0,
          "attributes": {
            "filename": null,
            "id": "ea462fe5917aec78d73a38f3c4c477881bf1dea4e84df30bdc44d823fd8bbcd1",
            "rendered": "#cloud-config\nusers:\n  - default\n  - name: staner\n    primary_group: staner\n    groups: [sudo,adm]\n    sudo: ALL=(ALL) NOPASSWD:ALL\n    groups: sudo\n    shell: /bin/bash\n    lock_passwd: true\n    ssh-authorized-keys: \n    - ssh-rsa AAAAB3NzaC1yc2EAAAADAQABAAACAQCkmUQVaIHRxoukQftYJJjuPf1an104jLltRlN0y8xAsVQ+OXIvORbaYvHwbry4PXQXUZYnFDOX/ybl6wAI5Lxt7STe2xUY7mYrBCn1+lfirB1LnlOKDEDQGndXQPUrH1CbUbZw7MxXAVif+I1iPlf4pgXlic1i7FigQiRS2bMkiVrbtkXufGnNgbOar0iaLKdFuYNERk/WJSjIz7HPoljqULWctXzqpFDXPs/GKKPbH96iH0SFLTDG5tCMN424saAnkAcFcGsW0BqVpLBSBUCcySoaKcWgGYqHB+OPRa50NqZ2ljuopIvQMFA4Otg6dcDWshklP265NHddB3QWs3t/JQvDYGe7Ld8i4eQtMFsNNL0R6E8XOYT8hAb75K4H77SACU+BGAmwHGC13IFhTWRct5KC+wskYi/J9zmslugk9jQcoPwIFdMA9nkzOWPIMwMYM4A+BxL8ne4unP8786Zemuyft8lE/Q3SOFg8SV+UjRjlsL+EfrCIngEZLnUzj/gpNZLGi+En3qm3mZhIsoC55KW4lutlZwnXnpU3swJ9wR/LKJtup5UcVx2pRDmwLzW20WI46fF2/HLMHWlpWuK/r0N5nEg7BMB3B4j1KLqkTljN9Fu5OMyCNBN/M8pyoFqf7TQaP0OsGcBzVvx1i3oUTVqQwAriBr2hYe6L6Z1lnQ== staner@staner-home\n",
            "template": "#cloud-config\nusers:\n  - default\n  - name: staner\n    primary_group: staner\n    groups: [sudo,adm]\n    sudo: ALL=(ALL) NOPASSWD:ALL\n    groups: sudo\n    shell: /bin/bash\n    lock_passwd: true\n    ssh-authorized-keys: \n    - ssh-rsa AAAAB3NzaC1yc2EAAAADAQABAAACAQCkmUQVaIHRxoukQftYJJjuPf1an104jLltRlN0y8xAsVQ+OXIvORbaYvHwbry4PXQXUZYnFDOX/ybl6wAI5Lxt7STe2xUY7mYrBCn1+lfirB1LnlOKDEDQGndXQPUrH1CbUbZw7MxXAVif+I1iPlf4pgXlic1i7FigQiRS2bMkiVrbtkXufGnNgbOar0iaLKdFuYNERk/WJSjIz7HPoljqULWctXzqpFDXPs/GKKPbH96iH0SFLTDG5tCMN424saAnkAcFcGsW0BqVpLBSBUCcySoaKcWgGYqHB+OPRa50NqZ2ljuopIvQMFA4Otg6dcDWshklP265NHddB3QWs3t/JQvDYGe7Ld8i4eQtMFsNNL0R6E8XOYT8hAb75K4H77SACU+BGAmwHGC13IFhTWRct5KC+wskYi/J9zmslugk9jQcoPwIFdMA9nkzOWPIMwMYM4A+BxL8ne4unP8786Zemuyft8lE/Q3SOFg8SV+UjRjlsL+EfrCIngEZLnUzj/gpNZLGi+En3qm3mZhIsoC55KW4lutlZwnXnpU3swJ9wR/LKJtup5UcVx2pRDmwLzW20WI46fF2/HLMHWlpWuK/r0N5nEg7BMB3B4j1KLqkTljN9Fu5OMyCNBN/M8pyoFqf7TQaP0OsGcBzVvx1i3oUTVqQwAriBr2hYe6L6Z1lnQ== staner@staner-home\n",
            "vars": null
          },
          "sensitive_attributes": [],
          "identity_schema_version": 0
        }
      ]
    },
    {
      "module": "module.consul",
      "mode": "managed",
      "type": "openstack_blockstorage_volume_v3",
      "name": "volumes",
      "provider": "provider[\"registry.terraform.io/terraform-provider-openstack/openstack\"]",
      "instances": [
        {
          "index_key": "consul1-volume-0",
          "schema_version": 0,
          "attributes": {
            "attachment": [
              {
                "device": "/dev/vdb",
                "id": "62e82235-cd4f-4f73-8f9d-fdaf6b689071",
                "instance_id": "0cad8c23-fb65-4005-a213-28df583c6e14"
              }
            ],
            "availability_zone": "nova",
            "consistency_group_id": null,
            "description": "",
            "enable_online_resize": null,
            "id": "62e82235-cd4f-4f73-8f9d-fdaf6b689071",
            "image_id": null,
            "metadata": {},
            "multiattach": null,
            "name": "consul1-volume-0",
            "region": "RegionOne",
            "scheduler_hints": [],
            "size": 20,
            "snapshot_id": "",
            "source_replica": null,
            "source_vol_id": "",
            "timeouts": null,
            "volume_type": "lvm-1"
          },
          "sensitive_attributes": [],
          "identity_schema_version": 0,
          "private": "eyJlMmJmYjczMC1lY2FhLTExZTYtOGY4OC0zNDM2M2JjN2M0YzAiOnsiY3JlYXRlIjo2MDAwMDAwMDAwMDAsImRlbGV0ZSI6NjAwMDAwMDAwMDAwfX0=",
          "dependencies": [
            "module.consul.data.openstack_networking_network_v2.network",
            "module.consul.data.openstack_networking_port_v2.port",
            "module.consul.data.openstack_networking_secgroup_v2.sg",
            "module.consul.data.openstack_networking_subnet_v2.subnet",
            "module.consul.data.template_file.userdata",
            "module.consul.openstack_compute_instance_v2.instance",
            "module.consul.openstack_networking_port_v2.internal_port"
          ]
        }
      ]
    },
    {
      "module": "module.consul",
      "mode": "managed",
      "type": "openstack_compute_floatingip_associate_v2",
      "name": "fip_assoc_fixed",
      "provider": "provider[\"registry.terraform.io/terraform-provider-openstack/openstack\"]",
      "instances": []
    },
    {
      "module": "module.consul",
      "mode": "managed",
      "type": "openstack_compute_floatingip_associate_v2",
      "name": "fip_assoc_random",
      "provider": "provider[\"registry.terraform.io/terraform-provider-openstack/openstack\"]",
      "instances": []
    },
    {
      "module": "module.consul",
      "mode": "managed",
      "type": "openstack_compute_instance_v2",
      "name": "instance",
      "provider": "provider[\"registry.terraform.io/terraform-provider-openstack/openstack\"]",
      "instances": [
        {
          "index_key": 0,
          "schema_version": 0,
          "attributes": {
            "access_ip_v4": "10.0.1.36",
            "access_ip_v6": "",
            "admin_pass": null,
            "all_metadata": {
              "app": "consul",
              "environment": "dev"
            },
            "all_tags": [],
            "availability_zone": "nova",
            "availability_zone_hints": null,
            "block_device": [],
            "config_drive": null,
            "created": "2025-06-26 09:49:25 +0000 UTC",
            "flavor_id": "2",
            "flavor_name": "m1.small",
            "floating_ip": null,
            "force_delete": false,
            "id": "0cad8c23-fb65-4005-a213-28df583c6e14",
            "image_id": "4b370c45-fc98-4dab-88ee-22e09bb57679",
            "image_name": "Bookworm",
            "key_pair": "default_key",
            "metadata": {
              "app": "consul",
              "environment": "dev"
            },
            "name": "consul1",
            "network": [
              {
                "access_network": false,
                "fixed_ip_v4": "10.0.1.36",
                "fixed_ip_v6": "",
                "floating_ip": "",
                "mac": "fa:16:3e:87:05:b1",
                "name": "internal_dev",
                "port": "b8f0b025-5327-469a-89e5-3aecdff365e7",
                "uuid": "73e7b155-18a9-401a-89ad-8a90b7919cf4"
              }
            ],
            "network_mode": null,
            "personality": [],
            "power_state": "active",
            "region": "RegionOne",
            "scheduler_hints": [],
            "security_groups": [
              "all_internal",
              "node_exporter",
              "ssh-internal"
            ],
            "stop_before_destroy": false,
            "tags": [],
            "timeouts": null,
            "updated": "2025-06-27 06:50:16 +0000 UTC",
            "user_data": "33ea81a631c5604f7174385a364dfdfc7f50f148",
            "vendor_options": [],
            "volume": []
          },
          "sensitive_attributes": [
            [
              {
                "type": "get_attr",
                "value": "admin_pass"
              }
            ]
          ],
          "identity_schema_version": 0,
          "private": "eyJlMmJmYjczMC1lY2FhLTExZTYtOGY4OC0zNDM2M2JjN2M0YzAiOnsiY3JlYXRlIjoxODAwMDAwMDAwMDAwLCJkZWxldGUiOjE4MDAwMDAwMDAwMDAsInVwZGF0ZSI6MTgwMDAwMDAwMDAwMH19",
          "dependencies": [
            "module.consul.data.openstack_networking_network_v2.network",
            "module.consul.data.openstack_networking_port_v2.port",
            "module.consul.data.openstack_networking_secgroup_v2.sg",
            "module.consul.data.openstack_networking_subnet_v2.subnet",
            "module.consul.data.template_file.userdata",
            "module.consul.openstack_networking_port_v2.internal_port"
          ]
        }
      ]
    },
    {
      "module": "module.consul",
      "mode": "managed",
      "type": "openstack_compute_volume_attach_v2",
      "name": "attached",
      "provider": "provider[\"registry.terraform.io/terraform-provider-openstack/openstack\"]",
      "instances": [
        {
          "index_key": "consul1-volume-0",
          "schema_version": 0,
          "attributes": {
            "device": "/dev/vdb",
            "id": "0cad8c23-fb65-4005-a213-28df583c6e14/62e82235-cd4f-4f73-8f9d-fdaf6b689071",
            "instance_id": "0cad8c23-fb65-4005-a213-28df583c6e14",
            "multiattach": null,
            "region": "RegionOne",
            "timeouts": null,
            "vendor_options": [],
            "volume_id": "62e82235-cd4f-4f73-8f9d-fdaf6b689071"
          },
          "sensitive_attributes": [],
          "identity_schema_version": 0,
          "private": "eyJlMmJmYjczMC1lY2FhLTExZTYtOGY4OC0zNDM2M2JjN2M0YzAiOnsiY3JlYXRlIjo2MDAwMDAwMDAwMDAsImRlbGV0ZSI6NjAwMDAwMDAwMDAwfX0=",
          "dependencies": [
            "module.consul.data.openstack_networking_network_v2.network",
            "module.consul.data.openstack_networking_port_v2.port",
            "module.consul.data.openstack_networking_secgroup_v2.sg",
            "module.consul.data.openstack_networking_subnet_v2.subnet",
            "module.consul.data.template_file.userdata",
            "module.consul.openstack_blockstorage_volume_v3.volumes",
            "module.consul.openstack_compute_instance_v2.instance",
            "module.consul.openstack_networking_port_v2.internal_port"
          ]
        }
      ]
    },
    {
      "module": "module.consul",
      "mode": "managed",
      "type": "openstack_networking_floatingip_v2",
      "name": "floatip_1_random",
      "provider": "provider[\"registry.terraform.io/terraform-provider-openstack/openstack\"]",
      "instances": []
    },
    {
      "module": "module.consul",
      "mode": "managed",
      "type": "openstack_networking_port_v2",
      "name": "internal_port",
      "provider": "provider[\"registry.terraform.io/terraform-provider-openstack/openstack\"]",
      "instances": [
        {
          "index_key": 0,
          "schema_version": 0,
          "attributes": {
            "admin_state_up": true,
            "all_fixed_ips": [
              "10.0.1.36"
            ],
            "all_security_group_ids": [
              "280b17bd-659b-448c-89fa-992a617855ff",
              "507e0ace-1932-40ab-ad78-e24b6374cf30",
              "72b2a4c4-755f-4818-8e8a-a88d04a2b3c5"
            ],
            "all_tags": [],
            "allowed_address_pairs": [],
            "binding": [
              {
                "host_id": "controller1",
                "profile": "{}",
                "vif_details": {
                  "bound_drivers": "{\"0\":\"openvswitch\"}",
                  "bridge_name": "br-int",
                  "connectivity": "l2",
                  "datapath_type": "system",
                  "ovs_hybrid_plug": "true",
                  "port_filter": "true"
                },
                "vif_type": "ovs",
                "vnic_type": "normal"
              }
            ],
            "description": "",
            "device_id": "0cad8c23-fb65-4005-a213-28df583c6e14",
            "device_owner": "compute:nova",
            "dns_assignment": [],
            "dns_name": "",
            "extra_dhcp_option": [],
            "fixed_ip": [
              {
                "ip_address": "",
                "subnet_id": "c52175d1-63e2-459a-b776-bb80c99ff05a"
              }
            ],
            "id": "b8f0b025-5327-469a-89e5-3aecdff365e7",
            "mac_address": "fa:16:3e:87:05:b1",
            "name": "internal-consul1",
            "network_id": "73e7b155-18a9-401a-89ad-8a90b7919cf4",
            "no_fixed_ip": null,
            "no_security_groups": null,
            "port_security_enabled": true,
            "qos_policy_id": "",
            "region": "RegionOne",
            "security_group_ids": [
              "280b17bd-659b-448c-89fa-992a617855ff",
              "507e0ace-1932-40ab-ad78-e24b6374cf30",
              "72b2a4c4-755f-4818-8e8a-a88d04a2b3c5"
            ],
            "tags": [],
            "tenant_id": "3e356dfb99d84489a569259710ee3452",
            "timeouts": null,
            "value_specs": null
          },
          "sensitive_attributes": [],
          "identity_schema_version": 0,
          "private": "eyJlMmJmYjczMC1lY2FhLTExZTYtOGY4OC0zNDM2M2JjN2M0YzAiOnsiY3JlYXRlIjo2MDAwMDAwMDAwMDAsImRlbGV0ZSI6NjAwMDAwMDAwMDAwfX0=",
          "dependencies": [
            "module.consul.data.openstack_networking_network_v2.network",
            "module.consul.data.openstack_networking_secgroup_v2.sg",
            "module.consul.data.openstack_networking_subnet_v2.subnet"
          ]
        }
      ]
    },
    {
      "module": "module.energy-ai",
      "mode": "data",
      "type": "openstack_networking_network_v2",
      "name": "network",
      "provider": "provider[\"registry.terraform.io/terraform-provider-openstack/openstack\"]",
      "instances": [
        {
          "schema_version": 0,
          "attributes": {
            "admin_state_up": "true",
            "all_tags": [],
            "availability_zone_hints": [],
            "description": "",
            "dns_domain": "",
            "external": false,
            "id": "73e7b155-18a9-401a-89ad-8a90b7919cf4",
            "matching_subnet_cidr": null,
            "mtu": 1450,
            "name": "internal_dev",
            "network_id": null,
            "region": "RegionOne",
            "segments": [
              {
                "network_type": "vxlan",
                "physical_network": "",
                "segmentation_id": 736
              }
            ],
            "shared": "false",
            "status": null,
            "subnets": [
              "c52175d1-63e2-459a-b776-bb80c99ff05a"
            ],
            "tags": null,
            "tenant_id": "3e356dfb99d84489a569259710ee3452",
            "transparent_vlan": false
          },
          "sensitive_attributes": [],
          "identity_schema_version": 0
        }
      ]
    },
    {
      "module": "module.energy-ai",
      "mode": "data",
      "type": "openstack_networking_port_v2",
      "name": "port",
      "provider": "provider[\"registry.terraform.io/terraform-provider-openstack/openstack\"]",
      "instances": [
        {
          "index_key": 0,
          "schema_version": 0,
          "attributes": {
            "admin_state_up": true,
            "all_fixed_ips": [
              "10.0.1.89"
            ],
            "all_security_group_ids": [
              "280b17bd-659b-448c-89fa-992a617855ff",
              "507e0ace-1932-40ab-ad78-e24b6374cf30",
              "60b4a8ef-53c0-4a33-b146-9754c44b754e",
              "72b2a4c4-755f-4818-8e8a-a88d04a2b3c5"
            ],
            "all_tags": [],
            "allowed_address_pairs": [],
            "binding": [
              {
                "host_id": "controller1",
                "profile": "{}",
                "vif_details": {
                  "bound_drivers": "{\"0\":\"openvswitch\"}",
                  "bridge_name": "br-int",
                  "connectivity": "l2",
                  "datapath_type": "system",
                  "ovs_hybrid_plug": "true",
                  "port_filter": "true"
                },
                "vif_type": "ovs",
                "vnic_type": "normal"
              }
            ],
            "description": "",
            "device_id": "0d4f84b4-6184-4cbd-be74-719a64d2717c",
            "device_owner": "compute:nova",
            "dns_assignment": [],
            "dns_name": "",
            "extra_dhcp_option": [],
            "fixed_ip": null,
            "id": "d5478d96-b279-459d-b95b-d2ce2d8d063f",
            "mac_address": "fa:16:3e:d9:f7:ec",
            "name": "internal-energy-ai1",
            "network_id": "73e7b155-18a9-401a-89ad-8a90b7919cf4",
            "port_id": "d5478d96-b279-459d-b95b-d2ce2d8d063f",
            "project_id": "3e356dfb99d84489a569259710ee3452",
            "region": "RegionOne",
            "security_group_ids": null,
            "status": null,
            "tags": null,
            "tenant_id": "3e356dfb99d84489a569259710ee3452"
          },
          "sensitive_attributes": [],
          "identity_schema_version": 0
        }
      ]
    },
    {
      "module": "module.energy-ai",
      "mode": "data",
      "type": "openstack_networking_secgroup_v2",
      "name": "sg",
      "provider": "provider[\"registry.terraform.io/terraform-provider-openstack/openstack\"]",
      "instances": [
        {
          "index_key": "all_internal",
          "schema_version": 0,
          "attributes": {
            "all_tags": [],
            "description": "all_internal",
            "id": "507e0ace-1932-40ab-ad78-e24b6374cf30",
            "name": "all_internal",
            "region": "RegionOne",
            "secgroup_id": null,
            "tags": null,
            "tenant_id": "3e356dfb99d84489a569259710ee3452"
          },
          "sensitive_attributes": [],
          "identity_schema_version": 0
        },
        {
          "index_key": "node_exporter",
          "schema_version": 0,
          "attributes": {
            "all_tags": [],
            "description": "node_exporter",
            "id": "72b2a4c4-755f-4818-8e8a-a88d04a2b3c5",
            "name": "node_exporter",
            "region": "RegionOne",
            "secgroup_id": null,
            "tags": null,
            "tenant_id": "3e356dfb99d84489a569259710ee3452"
          },
          "sensitive_attributes": [],
          "identity_schema_version": 0
        },
        {
          "index_key": "ssh-internal",
          "schema_version": 0,
          "attributes": {
            "all_tags": [],
            "description": "ssh-internal",
            "id": "280b17bd-659b-448c-89fa-992a617855ff",
            "name": "ssh-internal",
            "region": "RegionOne",
            "secgroup_id": null,
            "tags": null,
            "tenant_id": "3e356dfb99d84489a569259710ee3452"
          },
          "sensitive_attributes": [],
          "identity_schema_version": 0
        },
        {
          "index_key": "web",
          "schema_version": 0,
          "attributes": {
            "all_tags": [],
            "description": "Security group for web services (HTTP/HTTPS)",
            "id": "60b4a8ef-53c0-4a33-b146-9754c44b754e",
            "name": "web",
            "region": "RegionOne",
            "secgroup_id": null,
            "tags": null,
            "tenant_id": "3e356dfb99d84489a569259710ee3452"
          },
          "sensitive_attributes": [],
          "identity_schema_version": 0
        }
      ]
    },
    {
      "module": "module.energy-ai",
      "mode": "data",
      "type": "openstack_networking_subnet_ids_v2",
      "name": "ext_subnets",
      "provider": "provider[\"registry.terraform.io/terraform-provider-openstack/openstack\"]",
      "instances": []
    },
    {
      "module": "module.energy-ai",
      "mode": "data",
      "type": "openstack_networking_subnet_v2",
      "name": "subnet",
      "provider": "provider[\"registry.terraform.io/terraform-provider-openstack/openstack\"]",
      "instances": [
        {
          "schema_version": 0,
          "attributes": {
            "all_tags": [],
            "allocation_pools": [
              {
                "end": "10.0.1.254",
                "start": "10.0.1.2"
              }
            ],
            "cidr": "10.0.1.0/24",
            "description": "",
            "dhcp_disabled": null,
            "dhcp_enabled": null,
            "dns_nameservers": [
              "1.1.1.1",
              "8.8.8.8"
            ],
            "enable_dhcp": true,
            "gateway_ip": "10.0.1.1",
            "host_routes": [],
            "id": "c52175d1-63e2-459a-b776-bb80c99ff05a",
            "ip_version": 4,
            "ipv6_address_mode": "",
            "ipv6_ra_mode": "",
            "name": "internal_dev",
            "network_id": "73e7b155-18a9-401a-89ad-8a90b7919cf4",
            "region": "RegionOne",
            "service_types": [],
            "subnet_id": null,
            "subnetpool_id": "",
            "tags": null,
            "tenant_id": "3e356dfb99d84489a569259710ee3452"
          },
          "sensitive_attributes": [],
          "identity_schema_version": 0
        }
      ]
    },
    {
      "module": "module.energy-ai",
      "mode": "data",
      "type": "template_file",
      "name": "userdata",
      "provider": "provider[\"registry.terraform.io/hashicorp/template\"]",
      "instances": [
        {
          "schema_version": 0,
          "attributes": {
            "filename": null,
            "id": "ea462fe5917aec78d73a38f3c4c477881bf1dea4e84df30bdc44d823fd8bbcd1",
            "rendered": "#cloud-config\nusers:\n  - default\n  - name: staner\n    primary_group: staner\n    groups: [sudo,adm]\n    sudo: ALL=(ALL) NOPASSWD:ALL\n    groups: sudo\n    shell: /bin/bash\n    lock_passwd: true\n    ssh-authorized-keys: \n    - ssh-rsa AAAAB3NzaC1yc2EAAAADAQABAAACAQCkmUQVaIHRxoukQftYJJjuPf1an104jLltRlN0y8xAsVQ+OXIvORbaYvHwbry4PXQXUZYnFDOX/ybl6wAI5Lxt7STe2xUY7mYrBCn1+lfirB1LnlOKDEDQGndXQPUrH1CbUbZw7MxXAVif+I1iPlf4pgXlic1i7FigQiRS2bMkiVrbtkXufGnNgbOar0iaLKdFuYNERk/WJSjIz7HPoljqULWctXzqpFDXPs/GKKPbH96iH0SFLTDG5tCMN424saAnkAcFcGsW0BqVpLBSBUCcySoaKcWgGYqHB+OPRa50NqZ2ljuopIvQMFA4Otg6dcDWshklP265NHddB3QWs3t/JQvDYGe7Ld8i4eQtMFsNNL0R6E8XOYT8hAb75K4H77SACU+BGAmwHGC13IFhTWRct5KC+wskYi/J9zmslugk9jQcoPwIFdMA9nkzOWPIMwMYM4A+BxL8ne4unP8786Zemuyft8lE/Q3SOFg8SV+UjRjlsL+EfrCIngEZLnUzj/gpNZLGi+En3qm3mZhIsoC55KW4lutlZwnXnpU3swJ9wR/LKJtup5UcVx2pRDmwLzW20WI46fF2/HLMHWlpWuK/r0N5nEg7BMB3B4j1KLqkTljN9Fu5OMyCNBN/M8pyoFqf7TQaP0OsGcBzVvx1i3oUTVqQwAriBr2hYe6L6Z1lnQ== staner@staner-home\n",
            "template": "#cloud-config\nusers:\n  - default\n  - name: staner\n    primary_group: staner\n    groups: [sudo,adm]\n    sudo: ALL=(ALL) NOPASSWD:ALL\n    groups: sudo\n    shell: /bin/bash\n    lock_passwd: true\n    ssh-authorized-keys: \n    - ssh-rsa AAAAB3NzaC1yc2EAAAADAQABAAACAQCkmUQVaIHRxoukQftYJJjuPf1an104jLltRlN0y8xAsVQ+OXIvORbaYvHwbry4PXQXUZYnFDOX/ybl6wAI5Lxt7STe2xUY7mYrBCn1+lfirB1LnlOKDEDQGndXQPUrH1CbUbZw7MxXAVif+I1iPlf4pgXlic1i7FigQiRS2bMkiVrbtkXufGnNgbOar0iaLKdFuYNERk/WJSjIz7HPoljqULWctXzqpFDXPs/GKKPbH96iH0SFLTDG5tCMN424saAnkAcFcGsW0BqVpLBSBUCcySoaKcWgGYqHB+OPRa50NqZ2ljuopIvQMFA4Otg6dcDWshklP265NHddB3QWs3t/JQvDYGe7Ld8i4eQtMFsNNL0R6E8XOYT8hAb75K4H77SACU+BGAmwHGC13IFhTWRct5KC+wskYi/J9zmslugk9jQcoPwIFdMA9nkzOWPIMwMYM4A+BxL8ne4unP8786Zemuyft8lE/Q3SOFg8SV+UjRjlsL+EfrCIngEZLnUzj/gpNZLGi+En3qm3mZhIsoC55KW4lutlZwnXnpU3swJ9wR/LKJtup5UcVx2pRDmwLzW20WI46fF2/HLMHWlpWuK/r0N5nEg7BMB3B4j1KLqkTljN9Fu5OMyCNBN/M8pyoFqf7TQaP0OsGcBzVvx1i3oUTVqQwAriBr2hYe6L6Z1lnQ== staner@staner-home\n",
            "vars": null
          },
          "sensitive_attributes": [],
          "identity_schema_version": 0
        }
      ]
    },
    {
      "module": "module.energy-ai",
      "mode": "managed",
      "type": "openstack_blockstorage_volume_v3",
      "name": "volumes",
      "provider": "provider[\"registry.terraform.io/terraform-provider-openstack/openstack\"]",
      "instances": [
        {
          "index_key": "energy-ai1-volume-0",
          "schema_version": 0,
          "attributes": {
            "attachment": [
              {
                "device": "/dev/vdb",
                "id": "8a9fef25-f3db-4ced-b663-767227eb57ef",
                "instance_id": "0d4f84b4-6184-4cbd-be74-719a64d2717c"
              }
            ],
            "availability_zone": "nova",
            "consistency_group_id": null,
            "description": "",
            "enable_online_resize": null,
            "id": "8a9fef25-f3db-4ced-b663-767227eb57ef",
            "image_id": null,
            "metadata": {},
            "multiattach": null,
            "name": "energy-ai1-volume-0",
            "region": "RegionOne",
            "scheduler_hints": [],
            "size": 50,
            "snapshot_id": "",
            "source_replica": null,
            "source_vol_id": "",
            "timeouts": null,
            "volume_type": "lvm-1"
          },
          "sensitive_attributes": [],
          "identity_schema_version": 0,
          "private": "eyJlMmJmYjczMC1lY2FhLTExZTYtOGY4OC0zNDM2M2JjN2M0YzAiOnsiY3JlYXRlIjo2MDAwMDAwMDAwMDAsImRlbGV0ZSI6NjAwMDAwMDAwMDAwfX0=",
          "dependencies": [
            "module.energy-ai.data.openstack_networking_network_v2.network",
            "module.energy-ai.data.openstack_networking_port_v2.port",
            "module.energy-ai.data.openstack_networking_secgroup_v2.sg",
            "module.energy-ai.data.openstack_networking_subnet_v2.subnet",
            "module.energy-ai.data.template_file.userdata",
            "module.energy-ai.openstack_compute_instance_v2.instance",
            "module.energy-ai.openstack_networking_port_v2.internal_port"
          ]
        }
      ]
    },
    {
      "module": "module.energy-ai",
      "mode": "managed",
      "type": "openstack_compute_floatingip_associate_v2",
      "name": "fip_assoc_fixed",
      "provider": "provider[\"registry.terraform.io/terraform-provider-openstack/openstack\"]",
      "instances": []
    },
    {
      "module": "module.energy-ai",
      "mode": "managed",
      "type": "openstack_compute_floatingip_associate_v2",
      "name": "fip_assoc_random",
      "provider": "provider[\"registry.terraform.io/terraform-provider-openstack/openstack\"]",
      "instances": []
    },
    {
      "module": "module.energy-ai",
      "mode": "managed",
      "type": "openstack_compute_instance_v2",
      "name": "instance",
      "provider": "provider[\"registry.terraform.io/terraform-provider-openstack/openstack\"]",
      "instances": [
        {
          "index_key": 0,
          "schema_version": 0,
          "attributes": {
            "access_ip_v4": "10.0.1.89",
            "access_ip_v6": "",
            "admin_pass": null,
            "all_metadata": {
              "app": "energy-ai",
              "environment": "dev",
              "role": "intelligence"
            },
            "all_tags": [],
            "availability_zone": "nova",
            "availability_zone_hints": null,
            "block_device": [],
            "config_drive": null,
            "created": "2025-06-26 14:23:13 +0000 UTC",
            "flavor_id": "3",
            "flavor_name": "m1.medium",
            "floating_ip": null,
            "force_delete": false,
            "id": "0d4f84b4-6184-4cbd-be74-719a64d2717c",
            "image_id": "4b370c45-fc98-4dab-88ee-22e09bb57679",
            "image_name": "Bookworm",
            "key_pair": "default_key",
            "metadata": {
              "app": "energy-ai",
              "environment": "dev",
              "role": "intelligence"
            },
            "name": "energy-ai1",
            "network": [
              {
                "access_network": false,
                "fixed_ip_v4": "10.0.1.89",
                "fixed_ip_v6": "",
                "floating_ip": "",
                "mac": "fa:16:3e:d9:f7:ec",
                "name": "internal_dev",
                "port": "d5478d96-b279-459d-b95b-d2ce2d8d063f",
                "uuid": "73e7b155-18a9-401a-89ad-8a90b7919cf4"
              }
            ],
            "network_mode": null,
            "personality": [],
            "power_state": "active",
            "region": "RegionOne",
            "scheduler_hints": [],
            "security_groups": [
              "all_internal",
              "node_exporter",
              "ssh-internal",
              "web"
            ],
            "stop_before_destroy": false,
            "tags": [],
            "timeouts": null,
            "updated": "2025-06-27 06:50:11 +0000 UTC",
            "user_data": "33ea81a631c5604f7174385a364dfdfc7f50f148",
            "vendor_options": [],
            "volume": []
          },
          "sensitive_attributes": [
            [
              {
                "type": "get_attr",
                "value": "admin_pass"
              }
            ]
          ],
          "identity_schema_version": 0,
          "private": "eyJlMmJmYjczMC1lY2FhLTExZTYtOGY4OC0zNDM2M2JjN2M0YzAiOnsiY3JlYXRlIjoxODAwMDAwMDAwMDAwLCJkZWxldGUiOjE4MDAwMDAwMDAwMDAsInVwZGF0ZSI6MTgwMDAwMDAwMDAwMH19",
          "dependencies": [
            "module.energy-ai.data.openstack_networking_network_v2.network",
            "module.energy-ai.data.openstack_networking_port_v2.port",
            "module.energy-ai.data.openstack_networking_secgroup_v2.sg",
            "module.energy-ai.data.openstack_networking_subnet_v2.subnet",
            "module.energy-ai.data.template_file.userdata",
            "module.energy-ai.openstack_networking_port_v2.internal_port"
          ]
        }
      ]
    },
    {
      "module": "module.energy-ai",
      "mode": "managed",
      "type": "openstack_compute_volume_attach_v2",
      "name": "attached",
      "provider": "provider[\"registry.terraform.io/terraform-provider-openstack/openstack\"]",
      "instances": [
        {
          "index_key": "energy-ai1-volume-0",
          "schema_version": 0,
          "attributes": {
            "device": "/dev/vdb",
            "id": "0d4f84b4-6184-4cbd-be74-719a64d2717c/8a9fef25-f3db-4ced-b663-767227eb57ef",
            "instance_id": "0d4f84b4-6184-4cbd-be74-719a64d2717c",
            "multiattach": null,
            "region": "RegionOne",
            "timeouts": null,
            "vendor_options": [],
            "volume_id": "8a9fef25-f3db-4ced-b663-767227eb57ef"
          },
          "sensitive_attributes": [],
          "identity_schema_version": 0,
          "private": "eyJlMmJmYjczMC1lY2FhLTExZTYtOGY4OC0zNDM2M2JjN2M0YzAiOnsiY3JlYXRlIjo2MDAwMDAwMDAwMDAsImRlbGV0ZSI6NjAwMDAwMDAwMDAwfX0=",
          "dependencies": [
            "module.energy-ai.data.openstack_networking_network_v2.network",
            "module.energy-ai.data.openstack_networking_port_v2.port",
            "module.energy-ai.data.openstack_networking_secgroup_v2.sg",
            "module.energy-ai.data.openstack_networking_subnet_v2.subnet",
            "module.energy-ai.data.template_file.userdata",
            "module.energy-ai.openstack_blockstorage_volume_v3.volumes",
            "module.energy-ai.openstack_compute_instance_v2.instance",
            "module.energy-ai.openstack_networking_port_v2.internal_port"
          ]
        }
      ]
    },
    {
      "module": "module.energy-ai",
      "mode": "managed",
      "type": "openstack_networking_floatingip_v2",
      "name": "floatip_1_random",
      "provider": "provider[\"registry.terraform.io/terraform-provider-openstack/openstack\"]",
      "instances": []
    },
    {
      "module": "module.energy-ai",
      "mode": "managed",
      "type": "openstack_networking_port_v2",
      "name": "internal_port",
      "provider": "provider[\"registry.terraform.io/terraform-provider-openstack/openstack\"]",
      "instances": [
        {
          "index_key": 0,
          "schema_version": 0,
          "attributes": {
            "admin_state_up": true,
            "all_fixed_ips": [
              "10.0.1.89"
            ],
            "all_security_group_ids": [
              "280b17bd-659b-448c-89fa-992a617855ff",
              "507e0ace-1932-40ab-ad78-e24b6374cf30",
              "60b4a8ef-53c0-4a33-b146-9754c44b754e",
              "72b2a4c4-755f-4818-8e8a-a88d04a2b3c5"
            ],
            "all_tags": [],
            "allowed_address_pairs": [],
            "binding": [
              {
                "host_id": "controller1",
                "profile": "{}",
                "vif_details": {
                  "bound_drivers": "{\"0\":\"openvswitch\"}",
                  "bridge_name": "br-int",
                  "connectivity": "l2",
                  "datapath_type": "system",
                  "ovs_hybrid_plug": "true",
                  "port_filter": "true"
                },
                "vif_type": "ovs",
                "vnic_type": "normal"
              }
            ],
            "description": "",
            "device_id": "0d4f84b4-6184-4cbd-be74-719a64d2717c",
            "device_owner": "compute:nova",
            "dns_assignment": [],
            "dns_name": "",
            "extra_dhcp_option": [],
            "fixed_ip": [
              {
                "ip_address": "",
                "subnet_id": "c52175d1-63e2-459a-b776-bb80c99ff05a"
              }
            ],
            "id": "d5478d96-b279-459d-b95b-d2ce2d8d063f",
            "mac_address": "fa:16:3e:d9:f7:ec",
            "name": "internal-energy-ai1",
            "network_id": "73e7b155-18a9-401a-89ad-8a90b7919cf4",
            "no_fixed_ip": null,
            "no_security_groups": null,
            "port_security_enabled": true,
            "qos_policy_id": "",
            "region": "RegionOne",
            "security_group_ids": [
              "280b17bd-659b-448c-89fa-992a617855ff",
              "507e0ace-1932-40ab-ad78-e24b6374cf30",
              "60b4a8ef-53c0-4a33-b146-9754c44b754e",
              "72b2a4c4-755f-4818-8e8a-a88d04a2b3c5"
            ],
            "tags": [],
            "tenant_id": "3e356dfb99d84489a569259710ee3452",
            "timeouts": null,
            "value_specs": null
          },
          "sensitive_attributes": [],
          "identity_schema_version": 0,
          "private": "eyJlMmJmYjczMC1lY2FhLTExZTYtOGY4OC0zNDM2M2JjN2M0YzAiOnsiY3JlYXRlIjo2MDAwMDAwMDAwMDAsImRlbGV0ZSI6NjAwMDAwMDAwMDAwfX0=",
          "dependencies": [
            "module.energy-ai.data.openstack_networking_network_v2.network",
            "module.energy-ai.data.openstack_networking_secgroup_v2.sg",
            "module.energy-ai.data.openstack_networking_subnet_v2.subnet"
          ]
        }
      ]
    },
    {
      "module": "module.influxdb",
      "mode": "data",
      "type": "openstack_networking_network_v2",
      "name": "network",
      "provider": "provider[\"registry.terraform.io/terraform-provider-openstack/openstack\"]",
      "instances": [
        {
          "schema_version": 0,
          "attributes": {
            "admin_state_up": "true",
            "all_tags": [],
            "availability_zone_hints": [],
            "description": "",
            "dns_domain": "",
            "external": false,
            "id": "73e7b155-18a9-401a-89ad-8a90b7919cf4",
            "matching_subnet_cidr": null,
            "mtu": 1450,
            "name": "internal_dev",
            "network_id": null,
            "region": "RegionOne",
            "segments": [
              {
                "network_type": "vxlan",
                "physical_network": "",
                "segmentation_id": 736
              }
            ],
            "shared": "false",
            "status": null,
            "subnets": [
              "c52175d1-63e2-459a-b776-bb80c99ff05a"
            ],
            "tags": null,
            "tenant_id": "3e356dfb99d84489a569259710ee3452",
            "transparent_vlan": false
          },
          "sensitive_attributes": [],
          "identity_schema_version": 0
        }
      ]
    },
    {
      "module": "module.influxdb",
      "mode": "data",
      "type": "openstack_networking_port_v2",
      "name": "port",
      "provider": "provider[\"registry.terraform.io/terraform-provider-openstack/openstack\"]",
      "instances": [
        {
          "index_key": 0,
          "schema_version": 0,
          "attributes": {
            "admin_state_up": true,
            "all_fixed_ips": [
              "10.0.1.124"
            ],
            "all_security_group_ids": [
              "280b17bd-659b-448c-89fa-992a617855ff",
              "507e0ace-1932-40ab-ad78-e24b6374cf30",
              "72b2a4c4-755f-4818-8e8a-a88d04a2b3c5",
              "cdaa9e7f-6adf-4acf-877f-b9519a1edb2c"
            ],
            "all_tags": [],
            "allowed_address_pairs": [],
            "binding": [
              {
                "host_id": "controller1",
                "profile": "{}",
                "vif_details": {
                  "bound_drivers": "{\"0\":\"openvswitch\"}",
                  "bridge_name": "br-int",
                  "connectivity": "l2",
                  "datapath_type": "system",
                  "ovs_hybrid_plug": "true",
                  "port_filter": "true"
                },
                "vif_type": "ovs",
                "vnic_type": "normal"
              }
            ],
            "description": "",
            "device_id": "16b18b5c-c925-43d0-b784-0c4bb7fd42ca",
            "device_owner": "compute:nova",
            "dns_assignment": [],
            "dns_name": "",
            "extra_dhcp_option": [],
            "fixed_ip": null,
            "id": "f1ce50ad-870d-4f7c-962f-82fe3868113d",
            "mac_address": "fa:16:3e:44:9c:28",
            "name": "internal-influxdb1",
            "network_id": "73e7b155-18a9-401a-89ad-8a90b7919cf4",
            "port_id": "f1ce50ad-870d-4f7c-962f-82fe3868113d",
            "project_id": "3e356dfb99d84489a569259710ee3452",
            "region": "RegionOne",
            "security_group_ids": null,
            "status": null,
            "tags": null,
            "tenant_id": "3e356dfb99d84489a569259710ee3452"
          },
          "sensitive_attributes": [],
          "identity_schema_version": 0
        }
      ]
    },
    {
      "module": "module.influxdb",
      "mode": "data",
      "type": "openstack_networking_secgroup_v2",
      "name": "sg",
      "provider": "provider[\"registry.terraform.io/terraform-provider-openstack/openstack\"]",
      "instances": [
        {
          "index_key": "all_internal",
          "schema_version": 0,
          "attributes": {
            "all_tags": [],
            "description": "all_internal",
            "id": "507e0ace-1932-40ab-ad78-e24b6374cf30",
            "name": "all_internal",
            "region": "RegionOne",
            "secgroup_id": null,
            "tags": null,
            "tenant_id": "3e356dfb99d84489a569259710ee3452"
          },
          "sensitive_attributes": [],
          "identity_schema_version": 0
        },
        {
          "index_key": "influxdb",
          "schema_version": 0,
          "attributes": {
            "all_tags": [],
            "description": "Security group for InfluxDB",
            "id": "cdaa9e7f-6adf-4acf-877f-b9519a1edb2c",
            "name": "influxdb",
            "region": "RegionOne",
            "secgroup_id": null,
            "tags": null,
            "tenant_id": "3e356dfb99d84489a569259710ee3452"
          },
          "sensitive_attributes": [],
          "identity_schema_version": 0
        },
        {
          "index_key": "node_exporter",
          "schema_version": 0,
          "attributes": {
            "all_tags": [],
            "description": "node_exporter",
            "id": "72b2a4c4-755f-4818-8e8a-a88d04a2b3c5",
            "name": "node_exporter",
            "region": "RegionOne",
            "secgroup_id": null,
            "tags": null,
            "tenant_id": "3e356dfb99d84489a569259710ee3452"
          },
          "sensitive_attributes": [],
          "identity_schema_version": 0
        },
        {
          "index_key": "ssh-internal",
          "schema_version": 0,
          "attributes": {
            "all_tags": [],
            "description": "ssh-internal",
            "id": "280b17bd-659b-448c-89fa-992a617855ff",
            "name": "ssh-internal",
            "region": "RegionOne",
            "secgroup_id": null,
            "tags": null,
            "tenant_id": "3e356dfb99d84489a569259710ee3452"
          },
          "sensitive_attributes": [],
          "identity_schema_version": 0
        }
      ]
    },
    {
      "module": "module.influxdb",
      "mode": "data",
      "type": "openstack_networking_subnet_ids_v2",
      "name": "ext_subnets",
      "provider": "provider[\"registry.terraform.io/terraform-provider-openstack/openstack\"]",
      "instances": []
    },
    {
      "module": "module.influxdb",
      "mode": "data",
      "type": "openstack_networking_subnet_v2",
      "name": "subnet",
      "provider": "provider[\"registry.terraform.io/terraform-provider-openstack/openstack\"]",
      "instances": [
        {
          "schema_version": 0,
          "attributes": {
            "all_tags": [],
            "allocation_pools": [
              {
                "end": "10.0.1.254",
                "start": "10.0.1.2"
              }
            ],
            "cidr": "10.0.1.0/24",
            "description": "",
            "dhcp_disabled": null,
            "dhcp_enabled": null,
            "dns_nameservers": [
              "1.1.1.1",
              "8.8.8.8"
            ],
            "enable_dhcp": true,
            "gateway_ip": "10.0.1.1",
            "host_routes": [],
            "id": "c52175d1-63e2-459a-b776-bb80c99ff05a",
            "ip_version": 4,
            "ipv6_address_mode": "",
            "ipv6_ra_mode": "",
            "name": "internal_dev",
            "network_id": "73e7b155-18a9-401a-89ad-8a90b7919cf4",
            "region": "RegionOne",
            "service_types": [],
            "subnet_id": null,
            "subnetpool_id": "",
            "tags": null,
            "tenant_id": "3e356dfb99d84489a569259710ee3452"
          },
          "sensitive_attributes": [],
          "identity_schema_version": 0
        }
      ]
    },
    {
      "module": "module.influxdb",
      "mode": "data",
      "type": "template_file",
      "name": "userdata",
      "provider": "provider[\"registry.terraform.io/hashicorp/template\"]",
      "instances": [
        {
          "schema_version": 0,
          "attributes": {
            "filename": null,
            "id": "ea462fe5917aec78d73a38f3c4c477881bf1dea4e84df30bdc44d823fd8bbcd1",
            "rendered": "#cloud-config\nusers:\n  - default\n  - name: staner\n    primary_group: staner\n    groups: [sudo,adm]\n    sudo: ALL=(ALL) NOPASSWD:ALL\n    groups: sudo\n    shell: /bin/bash\n    lock_passwd: true\n    ssh-authorized-keys: \n    - ssh-rsa AAAAB3NzaC1yc2EAAAADAQABAAACAQCkmUQVaIHRxoukQftYJJjuPf1an104jLltRlN0y8xAsVQ+OXIvORbaYvHwbry4PXQXUZYnFDOX/ybl6wAI5Lxt7STe2xUY7mYrBCn1+lfirB1LnlOKDEDQGndXQPUrH1CbUbZw7MxXAVif+I1iPlf4pgXlic1i7FigQiRS2bMkiVrbtkXufGnNgbOar0iaLKdFuYNERk/WJSjIz7HPoljqULWctXzqpFDXPs/GKKPbH96iH0SFLTDG5tCMN424saAnkAcFcGsW0BqVpLBSBUCcySoaKcWgGYqHB+OPRa50NqZ2ljuopIvQMFA4Otg6dcDWshklP265NHddB3QWs3t/JQvDYGe7Ld8i4eQtMFsNNL0R6E8XOYT8hAb75K4H77SACU+BGAmwHGC13IFhTWRct5KC+wskYi/J9zmslugk9jQcoPwIFdMA9nkzOWPIMwMYM4A+BxL8ne4unP8786Zemuyft8lE/Q3SOFg8SV+UjRjlsL+EfrCIngEZLnUzj/gpNZLGi+En3qm3mZhIsoC55KW4lutlZwnXnpU3swJ9wR/LKJtup5UcVx2pRDmwLzW20WI46fF2/HLMHWlpWuK/r0N5nEg7BMB3B4j1KLqkTljN9Fu5OMyCNBN/M8pyoFqf7TQaP0OsGcBzVvx1i3oUTVqQwAriBr2hYe6L6Z1lnQ== staner@staner-home\n",
            "template": "#cloud-config\nusers:\n  - default\n  - name: staner\n    primary_group: staner\n    groups: [sudo,adm]\n    sudo: ALL=(ALL) NOPASSWD:ALL\n    groups: sudo\n    shell: /bin/bash\n    lock_passwd: true\n    ssh-authorized-keys: \n    - ssh-rsa AAAAB3NzaC1yc2EAAAADAQABAAACAQCkmUQVaIHRxoukQftYJJjuPf1an104jLltRlN0y8xAsVQ+OXIvORbaYvHwbry4PXQXUZYnFDOX/ybl6wAI5Lxt7STe2xUY7mYrBCn1+lfirB1LnlOKDEDQGndXQPUrH1CbUbZw7MxXAVif+I1iPlf4pgXlic1i7FigQiRS2bMkiVrbtkXufGnNgbOar0iaLKdFuYNERk/WJSjIz7HPoljqULWctXzqpFDXPs/GKKPbH96iH0SFLTDG5tCMN424saAnkAcFcGsW0BqVpLBSBUCcySoaKcWgGYqHB+OPRa50NqZ2ljuopIvQMFA4Otg6dcDWshklP265NHddB3QWs3t/JQvDYGe7Ld8i4eQtMFsNNL0R6E8XOYT8hAb75K4H77SACU+BGAmwHGC13IFhTWRct5KC+wskYi/J9zmslugk9jQcoPwIFdMA9nkzOWPIMwMYM4A+BxL8ne4unP8786Zemuyft8lE/Q3SOFg8SV+UjRjlsL+EfrCIngEZLnUzj/gpNZLGi+En3qm3mZhIsoC55KW4lutlZwnXnpU3swJ9wR/LKJtup5UcVx2pRDmwLzW20WI46fF2/HLMHWlpWuK/r0N5nEg7BMB3B4j1KLqkTljN9Fu5OMyCNBN/M8pyoFqf7TQaP0OsGcBzVvx1i3oUTVqQwAriBr2hYe6L6Z1lnQ== staner@staner-home\n",
            "vars": null
          },
          "sensitive_attributes": [],
          "identity_schema_version": 0
        }
      ]
    },
    {
      "module": "module.influxdb",
      "mode": "managed",
      "type": "openstack_blockstorage_volume_v3",
      "name": "volumes",
      "provider": "provider[\"registry.terraform.io/terraform-provider-openstack/openstack\"]",
      "instances": [
        {
          "index_key": "influxdb1-volume-0",
          "schema_version": 0,
          "attributes": {
            "attachment": [
              {
                "device": "/dev/vdb",
                "id": "79701bdb-a12d-43fd-a1d3-6c5b5ce37ba9",
                "instance_id": "16b18b5c-c925-43d0-b784-0c4bb7fd42ca"
              }
            ],
            "availability_zone": "nova",
            "consistency_group_id": null,
            "description": "",
            "enable_online_resize": null,
            "id": "79701bdb-a12d-43fd-a1d3-6c5b5ce37ba9",
            "image_id": null,
            "metadata": {},
            "multiattach": null,
            "name": "influxdb1-volume-0",
            "region": "RegionOne",
            "scheduler_hints": [],
            "size": 20,
            "snapshot_id": "",
            "source_replica": null,
            "source_vol_id": "",
            "timeouts": null,
            "volume_type": "lvm-1"
          },
          "sensitive_attributes": [],
          "identity_schema_version": 0,
          "private": "eyJlMmJmYjczMC1lY2FhLTExZTYtOGY4OC0zNDM2M2JjN2M0YzAiOnsiY3JlYXRlIjo2MDAwMDAwMDAwMDAsImRlbGV0ZSI6NjAwMDAwMDAwMDAwfX0=",
          "dependencies": [
            "module.influxdb.data.openstack_networking_network_v2.network",
            "module.influxdb.data.openstack_networking_port_v2.port",
            "module.influxdb.data.openstack_networking_secgroup_v2.sg",
            "module.influxdb.data.openstack_networking_subnet_v2.subnet",
            "module.influxdb.data.template_file.userdata",
            "module.influxdb.openstack_compute_instance_v2.instance",
            "module.influxdb.openstack_networking_port_v2.internal_port"
          ]
        }
      ]
    },
    {
      "module": "module.influxdb",
      "mode": "managed",
      "type": "openstack_compute_floatingip_associate_v2",
      "name": "fip_assoc_fixed",
      "provider": "provider[\"registry.terraform.io/terraform-provider-openstack/openstack\"]",
      "instances": []
    },
    {
      "module": "module.influxdb",
      "mode": "managed",
      "type": "openstack_compute_floatingip_associate_v2",
      "name": "fip_assoc_random",
      "provider": "provider[\"registry.terraform.io/terraform-provider-openstack/openstack\"]",
      "instances": []
    },
    {
      "module": "module.influxdb",
      "mode": "managed",
      "type": "openstack_compute_instance_v2",
      "name": "instance",
      "provider": "provider[\"registry.terraform.io/terraform-provider-openstack/openstack\"]",
      "instances": [
        {
          "index_key": 0,
          "schema_version": 0,
          "attributes": {
            "access_ip_v4": "10.0.1.124",
            "access_ip_v6": "",
            "admin_pass": null,
            "all_metadata": {
              "app": "influxdb",
              "environment": "dev"
            },
            "all_tags": [],
            "availability_zone": "nova",
            "availability_zone_hints": null,
            "block_device": [],
            "config_drive": null,
            "created": "2025-06-26 09:49:25 +0000 UTC",
            "flavor_id": "3",
            "flavor_name": "m1.medium",
            "floating_ip": null,
            "force_delete": false,
            "id": "16b18b5c-c925-43d0-b784-0c4bb7fd42ca",
            "image_id": "4b370c45-fc98-4dab-88ee-22e09bb57679",
            "image_name": "Bookworm",
            "key_pair": "default_key",
            "metadata": {
              "app": "influxdb",
              "environment": "dev"
            },
            "name": "influxdb1",
            "network": [
              {
                "access_network": false,
                "fixed_ip_v4": "10.0.1.124",
                "fixed_ip_v6": "",
                "floating_ip": "",
                "mac": "fa:16:3e:44:9c:28",
                "name": "internal_dev",
                "port": "f1ce50ad-870d-4f7c-962f-82fe3868113d",
                "uuid": "73e7b155-18a9-401a-89ad-8a90b7919cf4"
              }
            ],
            "network_mode": null,
            "personality": [],
            "power_state": "active",
            "region": "RegionOne",
            "scheduler_hints": [],
            "security_groups": [
              "all_internal",
              "influxdb",
              "node_exporter",
              "ssh-internal"
            ],
            "stop_before_destroy": false,
            "tags": [],
            "timeouts": null,
            "updated": "2025-06-27 06:50:15 +0000 UTC",
            "user_data": "33ea81a631c5604f7174385a364dfdfc7f50f148",
            "vendor_options": [],
            "volume": []
          },
          "sensitive_attributes": [
            [
              {
                "type": "get_attr",
                "value": "admin_pass"
              }
            ]
          ],
          "identity_schema_version": 0,
          "private": "eyJlMmJmYjczMC1lY2FhLTExZTYtOGY4OC0zNDM2M2JjN2M0YzAiOnsiY3JlYXRlIjoxODAwMDAwMDAwMDAwLCJkZWxldGUiOjE4MDAwMDAwMDAwMDAsInVwZGF0ZSI6MTgwMDAwMDAwMDAwMH19",
          "dependencies": [
            "module.influxdb.data.openstack_networking_network_v2.network",
            "module.influxdb.data.openstack_networking_port_v2.port",
            "module.influxdb.data.openstack_networking_secgroup_v2.sg",
            "module.influxdb.data.openstack_networking_subnet_v2.subnet",
            "module.influxdb.data.template_file.userdata",
            "module.influxdb.openstack_networking_port_v2.internal_port"
          ]
        }
      ]
    },
    {
      "module": "module.influxdb",
      "mode": "managed",
      "type": "openstack_compute_volume_attach_v2",
      "name": "attached",
      "provider": "provider[\"registry.terraform.io/terraform-provider-openstack/openstack\"]",
      "instances": [
        {
          "index_key": "influxdb1-volume-0",
          "schema_version": 0,
          "attributes": {
            "device": "/dev/vdb",
            "id": "16b18b5c-c925-43d0-b784-0c4bb7fd42ca/79701bdb-a12d-43fd-a1d3-6c5b5ce37ba9",
            "instance_id": "16b18b5c-c925-43d0-b784-0c4bb7fd42ca",
            "multiattach": null,
            "region": "RegionOne",
            "timeouts": null,
            "vendor_options": [],
            "volume_id": "79701bdb-a12d-43fd-a1d3-6c5b5ce37ba9"
          },
          "sensitive_attributes": [],
          "identity_schema_version": 0,
          "private": "eyJlMmJmYjczMC1lY2FhLTExZTYtOGY4OC0zNDM2M2JjN2M0YzAiOnsiY3JlYXRlIjo2MDAwMDAwMDAwMDAsImRlbGV0ZSI6NjAwMDAwMDAwMDAwfX0=",
          "dependencies": [
            "module.influxdb.data.openstack_networking_network_v2.network",
            "module.influxdb.data.openstack_networking_port_v2.port",
            "module.influxdb.data.openstack_networking_secgroup_v2.sg",
            "module.influxdb.data.openstack_networking_subnet_v2.subnet",
            "module.influxdb.data.template_file.userdata",
            "module.influxdb.openstack_blockstorage_volume_v3.volumes",
            "module.influxdb.openstack_compute_instance_v2.instance",
            "module.influxdb.openstack_networking_port_v2.internal_port"
          ]
        }
      ]
    },
    {
      "module": "module.influxdb",
      "mode": "managed",
      "type": "openstack_networking_floatingip_v2",
      "name": "floatip_1_random",
      "provider": "provider[\"registry.terraform.io/terraform-provider-openstack/openstack\"]",
      "instances": []
    },
    {
      "module": "module.influxdb",
      "mode": "managed",
      "type": "openstack_networking_port_v2",
      "name": "internal_port",
      "provider": "provider[\"registry.terraform.io/terraform-provider-openstack/openstack\"]",
      "instances": [
        {
          "index_key": 0,
          "schema_version": 0,
          "attributes": {
            "admin_state_up": true,
            "all_fixed_ips": [
              "10.0.1.124"
            ],
            "all_security_group_ids": [
              "280b17bd-659b-448c-89fa-992a617855ff",
              "507e0ace-1932-40ab-ad78-e24b6374cf30",
              "72b2a4c4-755f-4818-8e8a-a88d04a2b3c5",
              "cdaa9e7f-6adf-4acf-877f-b9519a1edb2c"
            ],
            "all_tags": [],
            "allowed_address_pairs": [],
            "binding": [
              {
                "host_id": "controller1",
                "profile": "{}",
                "vif_details": {
                  "bound_drivers": "{\"0\":\"openvswitch\"}",
                  "bridge_name": "br-int",
                  "connectivity": "l2",
                  "datapath_type": "system",
                  "ovs_hybrid_plug": "true",
                  "port_filter": "true"
                },
                "vif_type": "ovs",
                "vnic_type": "normal"
              }
            ],
            "description": "",
            "device_id": "16b18b5c-c925-43d0-b784-0c4bb7fd42ca",
            "device_owner": "compute:nova",
            "dns_assignment": [],
            "dns_name": "",
            "extra_dhcp_option": [],
            "fixed_ip": [
              {
                "ip_address": "",
                "subnet_id": "c52175d1-63e2-459a-b776-bb80c99ff05a"
              }
            ],
            "id": "f1ce50ad-870d-4f7c-962f-82fe3868113d",
            "mac_address": "fa:16:3e:44:9c:28",
            "name": "internal-influxdb1",
            "network_id": "73e7b155-18a9-401a-89ad-8a90b7919cf4",
            "no_fixed_ip": null,
            "no_security_groups": null,
            "port_security_enabled": true,
            "qos_policy_id": "",
            "region": "RegionOne",
            "security_group_ids": [
              "280b17bd-659b-448c-89fa-992a617855ff",
              "507e0ace-1932-40ab-ad78-e24b6374cf30",
              "72b2a4c4-755f-4818-8e8a-a88d04a2b3c5",
              "cdaa9e7f-6adf-4acf-877f-b9519a1edb2c"
            ],
            "tags": [],
            "tenant_id": "3e356dfb99d84489a569259710ee3452",
            "timeouts": null,
            "value_specs": null
          },
          "sensitive_attributes": [],
          "identity_schema_version": 0,
          "private": "eyJlMmJmYjczMC1lY2FhLTExZTYtOGY4OC0zNDM2M2JjN2M0YzAiOnsiY3JlYXRlIjo2MDAwMDAwMDAwMDAsImRlbGV0ZSI6NjAwMDAwMDAwMDAwfX0=",
          "dependencies": [
            "module.influxdb.data.openstack_networking_network_v2.network",
            "module.influxdb.data.openstack_networking_secgroup_v2.sg",
            "module.influxdb.data.openstack_networking_subnet_v2.subnet"
          ]
        }
      ]
    },
    {
      "module": "module.iot-simulator",
      "mode": "data",
      "type": "openstack_networking_network_v2",
      "name": "network",
      "provider": "provider[\"registry.terraform.io/terraform-provider-openstack/openstack\"]",
      "instances": [
        {
          "schema_version": 0,
          "attributes": {
            "admin_state_up": "true",
            "all_tags": [],
            "availability_zone_hints": [],
            "description": "",
            "dns_domain": "",
            "external": false,
            "id": "73e7b155-18a9-401a-89ad-8a90b7919cf4",
            "matching_subnet_cidr": null,
            "mtu": 1450,
            "name": "internal_dev",
            "network_id": null,
            "region": "RegionOne",
            "segments": [
              {
                "network_type": "vxlan",
                "physical_network": "",
                "segmentation_id": 736
              }
            ],
            "shared": "false",
            "status": null,
            "subnets": [
              "c52175d1-63e2-459a-b776-bb80c99ff05a"
            ],
            "tags": null,
            "tenant_id": "3e356dfb99d84489a569259710ee3452",
            "transparent_vlan": false
          },
          "sensitive_attributes": [],
          "identity_schema_version": 0
        }
      ]
    },
    {
      "module": "module.iot-simulator",
      "mode": "data",
      "type": "openstack_networking_port_v2",
      "name": "port",
      "provider": "provider[\"registry.terraform.io/terraform-provider-openstack/openstack\"]",
      "instances": [
        {
          "index_key": 0,
          "schema_version": 0,
          "attributes": {
            "admin_state_up": true,
            "all_fixed_ips": [
              "10.0.1.15"
            ],
            "all_security_group_ids": [
              "280b17bd-659b-448c-89fa-992a617855ff",
              "507e0ace-1932-40ab-ad78-e24b6374cf30",
              "72b2a4c4-755f-4818-8e8a-a88d04a2b3c5"
            ],
            "all_tags": [],
            "allowed_address_pairs": [],
            "binding": [
              {
                "host_id": "controller1",
                "profile": "{}",
                "vif_details": {
                  "bound_drivers": "{\"0\":\"openvswitch\"}",
                  "bridge_name": "br-int",
                  "connectivity": "l2",
                  "datapath_type": "system",
                  "ovs_hybrid_plug": "true",
                  "port_filter": "true"
                },
                "vif_type": "ovs",
                "vnic_type": "normal"
              }
            ],
            "description": "",
            "device_id": "ff2a8e94-9dfe-4aff-9173-d8a5fd0378fe",
            "device_owner": "compute:nova",
            "dns_assignment": [],
            "dns_name": "",
            "extra_dhcp_option": [],
            "fixed_ip": null,
            "id": "4db78722-5012-49ce-9a76-d0dc287a0e69",
            "mac_address": "fa:16:3e:94:46:5c",
            "name": "internal-iot-simulator1",
            "network_id": "73e7b155-18a9-401a-89ad-8a90b7919cf4",
            "port_id": "4db78722-5012-49ce-9a76-d0dc287a0e69",
            "project_id": "3e356dfb99d84489a569259710ee3452",
            "region": "RegionOne",
            "security_group_ids": null,
            "status": null,
            "tags": null,
            "tenant_id": "3e356dfb99d84489a569259710ee3452"
          },
          "sensitive_attributes": [],
          "identity_schema_version": 0
        }
      ]
    },
    {
      "module": "module.iot-simulator",
      "mode": "data",
      "type": "openstack_networking_secgroup_v2",
      "name": "sg",
      "provider": "provider[\"registry.terraform.io/terraform-provider-openstack/openstack\"]",
      "instances": [
        {
          "index_key": "all_internal",
          "schema_version": 0,
          "attributes": {
            "all_tags": [],
            "description": "all_internal",
            "id": "507e0ace-1932-40ab-ad78-e24b6374cf30",
            "name": "all_internal",
            "region": "RegionOne",
            "secgroup_id": null,
            "tags": null,
            "tenant_id": "3e356dfb99d84489a569259710ee3452"
          },
          "sensitive_attributes": [],
          "identity_schema_version": 0
        },
        {
          "index_key": "node_exporter",
          "schema_version": 0,
          "attributes": {
            "all_tags": [],
            "description": "node_exporter",
            "id": "72b2a4c4-755f-4818-8e8a-a88d04a2b3c5",
            "name": "node_exporter",
            "region": "RegionOne",
            "secgroup_id": null,
            "tags": null,
            "tenant_id": "3e356dfb99d84489a569259710ee3452"
          },
          "sensitive_attributes": [],
          "identity_schema_version": 0
        },
        {
          "index_key": "ssh-internal",
          "schema_version": 0,
          "attributes": {
            "all_tags": [],
            "description": "ssh-internal",
            "id": "280b17bd-659b-448c-89fa-992a617855ff",
            "name": "ssh-internal",
            "region": "RegionOne",
            "secgroup_id": null,
            "tags": null,
            "tenant_id": "3e356dfb99d84489a569259710ee3452"
          },
          "sensitive_attributes": [],
          "identity_schema_version": 0
        }
      ]
    },
    {
      "module": "module.iot-simulator",
      "mode": "data",
      "type": "openstack_networking_subnet_ids_v2",
      "name": "ext_subnets",
      "provider": "provider[\"registry.terraform.io/terraform-provider-openstack/openstack\"]",
      "instances": []
    },
    {
      "module": "module.iot-simulator",
      "mode": "data",
      "type": "openstack_networking_subnet_v2",
      "name": "subnet",
      "provider": "provider[\"registry.terraform.io/terraform-provider-openstack/openstack\"]",
      "instances": [
        {
          "schema_version": 0,
          "attributes": {
            "all_tags": [],
            "allocation_pools": [
              {
                "end": "10.0.1.254",
                "start": "10.0.1.2"
              }
            ],
            "cidr": "10.0.1.0/24",
            "description": "",
            "dhcp_disabled": null,
            "dhcp_enabled": null,
            "dns_nameservers": [
              "1.1.1.1",
              "8.8.8.8"
            ],
            "enable_dhcp": true,
            "gateway_ip": "10.0.1.1",
            "host_routes": [],
            "id": "c52175d1-63e2-459a-b776-bb80c99ff05a",
            "ip_version": 4,
            "ipv6_address_mode": "",
            "ipv6_ra_mode": "",
            "name": "internal_dev",
            "network_id": "73e7b155-18a9-401a-89ad-8a90b7919cf4",
            "region": "RegionOne",
            "service_types": [],
            "subnet_id": null,
            "subnetpool_id": "",
            "tags": null,
            "tenant_id": "3e356dfb99d84489a569259710ee3452"
          },
          "sensitive_attributes": [],
          "identity_schema_version": 0
        }
      ]
    },
    {
      "module": "module.iot-simulator",
      "mode": "data",
      "type": "template_file",
      "name": "userdata",
      "provider": "provider[\"registry.terraform.io/hashicorp/template\"]",
      "instances": [
        {
          "schema_version": 0,
          "attributes": {
            "filename": null,
            "id": "ea462fe5917aec78d73a38f3c4c477881bf1dea4e84df30bdc44d823fd8bbcd1",
            "rendered": "#cloud-config\nusers:\n  - default\n  - name: staner\n    primary_group: staner\n    groups: [sudo,adm]\n    sudo: ALL=(ALL) NOPASSWD:ALL\n    groups: sudo\n    shell: /bin/bash\n    lock_passwd: true\n    ssh-authorized-keys: \n    - ssh-rsa AAAAB3NzaC1yc2EAAAADAQABAAACAQCkmUQVaIHRxoukQftYJJjuPf1an104jLltRlN0y8xAsVQ+OXIvORbaYvHwbry4PXQXUZYnFDOX/ybl6wAI5Lxt7STe2xUY7mYrBCn1+lfirB1LnlOKDEDQGndXQPUrH1CbUbZw7MxXAVif+I1iPlf4pgXlic1i7FigQiRS2bMkiVrbtkXufGnNgbOar0iaLKdFuYNERk/WJSjIz7HPoljqULWctXzqpFDXPs/GKKPbH96iH0SFLTDG5tCMN424saAnkAcFcGsW0BqVpLBSBUCcySoaKcWgGYqHB+OPRa50NqZ2ljuopIvQMFA4Otg6dcDWshklP265NHddB3QWs3t/JQvDYGe7Ld8i4eQtMFsNNL0R6E8XOYT8hAb75K4H77SACU+BGAmwHGC13IFhTWRct5KC+wskYi/J9zmslugk9jQcoPwIFdMA9nkzOWPIMwMYM4A+BxL8ne4unP8786Zemuyft8lE/Q3SOFg8SV+UjRjlsL+EfrCIngEZLnUzj/gpNZLGi+En3qm3mZhIsoC55KW4lutlZwnXnpU3swJ9wR/LKJtup5UcVx2pRDmwLzW20WI46fF2/HLMHWlpWuK/r0N5nEg7BMB3B4j1KLqkTljN9Fu5OMyCNBN/M8pyoFqf7TQaP0OsGcBzVvx1i3oUTVqQwAriBr2hYe6L6Z1lnQ== staner@staner-home\n",
            "template": "#cloud-config\nusers:\n  - default\n  - name: staner\n    primary_group: staner\n    groups: [sudo,adm]\n    sudo: ALL=(ALL) NOPASSWD:ALL\n    groups: sudo\n    shell: /bin/bash\n    lock_passwd: true\n    ssh-authorized-keys: \n    - ssh-rsa AAAAB3NzaC1yc2EAAAADAQABAAACAQCkmUQVaIHRxoukQftYJJjuPf1an104jLltRlN0y8xAsVQ+OXIvORbaYvHwbry4PXQXUZYnFDOX/ybl6wAI5Lxt7STe2xUY7mYrBCn1+lfirB1LnlOKDEDQGndXQPUrH1CbUbZw7MxXAVif+I1iPlf4pgXlic1i7FigQiRS2bMkiVrbtkXufGnNgbOar0iaLKdFuYNERk/WJSjIz7HPoljqULWctXzqpFDXPs/GKKPbH96iH0SFLTDG5tCMN424saAnkAcFcGsW0BqVpLBSBUCcySoaKcWgGYqHB+OPRa50NqZ2ljuopIvQMFA4Otg6dcDWshklP265NHddB3QWs3t/JQvDYGe7Ld8i4eQtMFsNNL0R6E8XOYT8hAb75K4H77SACU+BGAmwHGC13IFhTWRct5KC+wskYi/J9zmslugk9jQcoPwIFdMA9nkzOWPIMwMYM4A+BxL8ne4unP8786Zemuyft8lE/Q3SOFg8SV+UjRjlsL+EfrCIngEZLnUzj/gpNZLGi+En3qm3mZhIsoC55KW4lutlZwnXnpU3swJ9wR/LKJtup5UcVx2pRDmwLzW20WI46fF2/HLMHWlpWuK/r0N5nEg7BMB3B4j1KLqkTljN9Fu5OMyCNBN/M8pyoFqf7TQaP0OsGcBzVvx1i3oUTVqQwAriBr2hYe6L6Z1lnQ== staner@staner-home\n",
            "vars": null
          },
          "sensitive_attributes": [],
          "identity_schema_version": 0
        }
      ]
    },
    {
      "module": "module.iot-simulator",
      "mode": "managed",
      "type": "openstack_blockstorage_volume_v3",
      "name": "volumes",
      "provider": "provider[\"registry.terraform.io/terraform-provider-openstack/openstack\"]",
      "instances": []
    },
    {
      "module": "module.iot-simulator",
      "mode": "managed",
      "type": "openstack_compute_floatingip_associate_v2",
      "name": "fip_assoc_fixed",
      "provider": "provider[\"registry.terraform.io/terraform-provider-openstack/openstack\"]",
      "instances": []
    },
    {
      "module": "module.iot-simulator",
      "mode": "managed",
      "type": "openstack_compute_floatingip_associate_v2",
      "name": "fip_assoc_random",
      "provider": "provider[\"registry.terraform.io/terraform-provider-openstack/openstack\"]",
      "instances": []
    },
    {
      "module": "module.iot-simulator",
      "mode": "managed",
      "type": "openstack_compute_instance_v2",
      "name": "instance",
      "provider": "provider[\"registry.terraform.io/terraform-provider-openstack/openstack\"]",
      "instances": [
        {
          "index_key": 0,
          "schema_version": 0,
          "attributes": {
            "access_ip_v4": "10.0.1.15",
            "access_ip_v6": "",
            "admin_pass": null,
            "all_metadata": {
              "app": "iot-simulator",
              "environment": "dev"
            },
            "all_tags": [],
            "availability_zone": "nova",
            "availability_zone_hints": null,
            "block_device": [],
            "config_drive": null,
            "created": "2025-06-26 09:49:25 +0000 UTC",
            "flavor_id": "2",
            "flavor_name": "m1.small",
            "floating_ip": null,
            "force_delete": false,
            "id": "ff2a8e94-9dfe-4aff-9173-d8a5fd0378fe",
            "image_id": "4b370c45-fc98-4dab-88ee-22e09bb57679",
            "image_name": "Bookworm",
            "key_pair": "default_key",
            "metadata": {
              "app": "iot-simulator",
              "environment": "dev"
            },
            "name": "iot-simulator1",
            "network": [
              {
                "access_network": false,
                "fixed_ip_v4": "10.0.1.15",
                "fixed_ip_v6": "",
                "floating_ip": "",
                "mac": "fa:16:3e:94:46:5c",
                "name": "internal_dev",
                "port": "4db78722-5012-49ce-9a76-d0dc287a0e69",
                "uuid": "73e7b155-18a9-401a-89ad-8a90b7919cf4"
              }
            ],
            "network_mode": null,
            "personality": [],
            "power_state": "active",
            "region": "RegionOne",
            "scheduler_hints": [],
            "security_groups": [
              "all_internal",
              "node_exporter",
              "ssh-internal"
            ],
            "stop_before_destroy": false,
            "tags": [],
            "timeouts": null,
            "updated": "2025-06-27 06:50:08 +0000 UTC",
            "user_data": "33ea81a631c5604f7174385a364dfdfc7f50f148",
            "vendor_options": [],
            "volume": []
          },
          "sensitive_attributes": [
            [
              {
                "type": "get_attr",
                "value": "admin_pass"
              }
            ]
          ],
          "identity_schema_version": 0,
          "private": "eyJlMmJmYjczMC1lY2FhLTExZTYtOGY4OC0zNDM2M2JjN2M0YzAiOnsiY3JlYXRlIjoxODAwMDAwMDAwMDAwLCJkZWxldGUiOjE4MDAwMDAwMDAwMDAsInVwZGF0ZSI6MTgwMDAwMDAwMDAwMH19",
          "dependencies": [
            "module.iot-simulator.data.openstack_networking_network_v2.network",
            "module.iot-simulator.data.openstack_networking_port_v2.port",
            "module.iot-simulator.data.openstack_networking_secgroup_v2.sg",
            "module.iot-simulator.data.openstack_networking_subnet_v2.subnet",
            "module.iot-simulator.data.template_file.userdata",
            "module.iot-simulator.openstack_networking_port_v2.internal_port"
          ]
        }
      ]
    },
    {
      "module": "module.iot-simulator",
      "mode": "managed",
      "type": "openstack_compute_volume_attach_v2",
      "name": "attached",
      "provider": "provider[\"registry.terraform.io/terraform-provider-openstack/openstack\"]",
      "instances": []
    },
    {
      "module": "module.iot-simulator",
      "mode": "managed",
      "type": "openstack_networking_floatingip_v2",
      "name": "floatip_1_random",
      "provider": "provider[\"registry.terraform.io/terraform-provider-openstack/openstack\"]",
      "instances": []
    },
    {
      "module": "module.iot-simulator",
      "mode": "managed",
      "type": "openstack_networking_port_v2",
      "name": "internal_port",
      "provider": "provider[\"registry.terraform.io/terraform-provider-openstack/openstack\"]",
      "instances": [
        {
          "index_key": 0,
          "schema_version": 0,
          "attributes": {
            "admin_state_up": true,
            "all_fixed_ips": [
              "10.0.1.15"
            ],
            "all_security_group_ids": [
              "280b17bd-659b-448c-89fa-992a617855ff",
              "507e0ace-1932-40ab-ad78-e24b6374cf30",
              "72b2a4c4-755f-4818-8e8a-a88d04a2b3c5"
            ],
            "all_tags": [],
            "allowed_address_pairs": [],
            "binding": [
              {
                "host_id": "controller1",
                "profile": "{}",
                "vif_details": {
                  "bound_drivers": "{\"0\":\"openvswitch\"}",
                  "bridge_name": "br-int",
                  "connectivity": "l2",
                  "datapath_type": "system",
                  "ovs_hybrid_plug": "true",
                  "port_filter": "true"
                },
                "vif_type": "ovs",
                "vnic_type": "normal"
              }
            ],
            "description": "",
            "device_id": "ff2a8e94-9dfe-4aff-9173-d8a5fd0378fe",
            "device_owner": "compute:nova",
            "dns_assignment": [],
            "dns_name": "",
            "extra_dhcp_option": [],
            "fixed_ip": [
              {
                "ip_address": "",
                "subnet_id": "c52175d1-63e2-459a-b776-bb80c99ff05a"
              }
            ],
            "id": "4db78722-5012-49ce-9a76-d0dc287a0e69",
            "mac_address": "fa:16:3e:94:46:5c",
            "name": "internal-iot-simulator1",
            "network_id": "73e7b155-18a9-401a-89ad-8a90b7919cf4",
            "no_fixed_ip": null,
            "no_security_groups": null,
            "port_security_enabled": true,
            "qos_policy_id": "",
            "region": "RegionOne",
            "security_group_ids": [
              "280b17bd-659b-448c-89fa-992a617855ff",
              "507e0ace-1932-40ab-ad78-e24b6374cf30",
              "72b2a4c4-755f-4818-8e8a-a88d04a2b3c5"
            ],
            "tags": [],
            "tenant_id": "3e356dfb99d84489a569259710ee3452",
            "timeouts": null,
            "value_specs": null
          },
          "sensitive_attributes": [],
          "identity_schema_version": 0,
          "private": "eyJlMmJmYjczMC1lY2FhLTExZTYtOGY4OC0zNDM2M2JjN2M0YzAiOnsiY3JlYXRlIjo2MDAwMDAwMDAwMDAsImRlbGV0ZSI6NjAwMDAwMDAwMDAwfX0=",
          "dependencies": [
            "module.iot-simulator.data.openstack_networking_network_v2.network",
            "module.iot-simulator.data.openstack_networking_secgroup_v2.sg",
            "module.iot-simulator.data.openstack_networking_subnet_v2.subnet"
          ]
        }
      ]
    },
    {
      "module": "module.k8sm",
      "mode": "data",
      "type": "openstack_networking_network_v2",
      "name": "network",
      "provider": "provider[\"registry.terraform.io/terraform-provider-openstack/openstack\"]",
      "instances": [
        {
          "schema_version": 0,
          "attributes": {
            "admin_state_up": "true",
            "all_tags": [],
            "availability_zone_hints": [],
            "description": "",
            "dns_domain": "",
            "external": false,
            "id": "73e7b155-18a9-401a-89ad-8a90b7919cf4",
            "matching_subnet_cidr": null,
            "mtu": 1450,
            "name": "internal_dev",
            "network_id": null,
            "region": "RegionOne",
            "segments": [
              {
                "network_type": "vxlan",
                "physical_network": "",
                "segmentation_id": 736
              }
            ],
            "shared": "false",
            "status": null,
            "subnets": [
              "c52175d1-63e2-459a-b776-bb80c99ff05a"
            ],
            "tags": null,
            "tenant_id": "3e356dfb99d84489a569259710ee3452",
            "transparent_vlan": false
          },
          "sensitive_attributes": [],
          "identity_schema_version": 0
        }
      ]
    },
    {
      "module": "module.k8sm",
      "mode": "data",
      "type": "openstack_networking_port_v2",
      "name": "port",
      "provider": "provider[\"registry.terraform.io/terraform-provider-openstack/openstack\"]",
      "instances": [
        {
          "index_key": 0,
          "schema_version": 0,
          "attributes": {
            "admin_state_up": true,
            "all_fixed_ips": [
              "10.0.1.101"
            ],
            "all_security_group_ids": [
              "280b17bd-659b-448c-89fa-992a617855ff",
              "507e0ace-1932-40ab-ad78-e24b6374cf30",
              "a600f2d7-40b2-4d44-8bc6-4b5e5d8d143f",
              "fa219b30-aba2-43f7-87b6-40b529eac175"
            ],
            "all_tags": [],
            "allowed_address_pairs": [
              {
                "ip_address": "10.200.0.0/16",
                "mac_address": ""
              },
              {
                "ip_address": "10.201.0.0/16",
                "mac_address": ""
              }
            ],
            "binding": [
              {
                "host_id": "controller1",
                "profile": "{}",
                "vif_details": {
                  "bound_drivers": "{\"0\":\"openvswitch\"}",
                  "bridge_name": "br-int",
                  "connectivity": "l2",
                  "datapath_type": "system",
                  "ovs_hybrid_plug": "true",
                  "port_filter": "true"
                },
                "vif_type": "ovs",
                "vnic_type": "normal"
              }
            ],
            "description": "",
            "device_id": "0684d3df-d4cc-4c6c-9880-6c7afb83b4fe",
            "device_owner": "compute:nova",
            "dns_assignment": [],
            "dns_name": "",
            "extra_dhcp_option": [],
            "fixed_ip": null,
            "id": "2373b9f9-d30f-4729-96c8-441ac69d6ce0",
            "mac_address": "fa:16:3e:70:3a:49",
            "name": "internal-k8sm1",
            "network_id": "73e7b155-18a9-401a-89ad-8a90b7919cf4",
            "port_id": "2373b9f9-d30f-4729-96c8-441ac69d6ce0",
            "project_id": "3e356dfb99d84489a569259710ee3452",
            "region": "RegionOne",
            "security_group_ids": null,
            "status": null,
            "tags": null,
            "tenant_id": "3e356dfb99d84489a569259710ee3452"
          },
          "sensitive_attributes": [],
          "identity_schema_version": 0
        },
        {
          "index_key": 1,
          "schema_version": 0,
          "attributes": {
            "admin_state_up": true,
            "all_fixed_ips": [
              "10.0.1.102"
            ],
            "all_security_group_ids": [
              "280b17bd-659b-448c-89fa-992a617855ff",
              "507e0ace-1932-40ab-ad78-e24b6374cf30",
              "a600f2d7-40b2-4d44-8bc6-4b5e5d8d143f",
              "fa219b30-aba2-43f7-87b6-40b529eac175"
            ],
            "all_tags": [],
            "allowed_address_pairs": [
              {
                "ip_address": "10.200.0.0/16",
                "mac_address": ""
              },
              {
                "ip_address": "10.201.0.0/16",
                "mac_address": ""
              }
            ],
            "binding": [
              {
                "host_id": "controller1",
                "profile": "{}",
                "vif_details": {
                  "bound_drivers": "{\"0\":\"openvswitch\"}",
                  "bridge_name": "br-int",
                  "connectivity": "l2",
                  "datapath_type": "system",
                  "ovs_hybrid_plug": "true",
                  "port_filter": "true"
                },
                "vif_type": "ovs",
                "vnic_type": "normal"
              }
            ],
            "description": "",
            "device_id": "3cecbb03-04b2-4346-b894-19a6f146979d",
            "device_owner": "compute:nova",
            "dns_assignment": [],
            "dns_name": "",
            "extra_dhcp_option": [],
            "fixed_ip": null,
            "id": "d9500771-32ec-4776-8188-a4c45497dc8a",
            "mac_address": "fa:16:3e:27:02:ea",
            "name": "internal-k8sm2",
            "network_id": "73e7b155-18a9-401a-89ad-8a90b7919cf4",
            "port_id": "d9500771-32ec-4776-8188-a4c45497dc8a",
            "project_id": "3e356dfb99d84489a569259710ee3452",
            "region": "RegionOne",
            "security_group_ids": null,
            "status": null,
            "tags": null,
            "tenant_id": "3e356dfb99d84489a569259710ee3452"
          },
          "sensitive_attributes": [],
          "identity_schema_version": 0
        }
      ]
    },
    {
      "module": "module.k8sm",
      "mode": "data",
      "type": "openstack_networking_secgroup_v2",
      "name": "sg",
      "provider": "provider[\"registry.terraform.io/terraform-provider-openstack/openstack\"]",
      "instances": [
        {
          "index_key": "all_internal",
          "schema_version": 0,
          "attributes": {
            "all_tags": [],
            "description": "all_internal",
            "id": "507e0ace-1932-40ab-ad78-e24b6374cf30",
            "name": "all_internal",
            "region": "RegionOne",
            "secgroup_id": null,
            "tags": null,
            "tenant_id": "3e356dfb99d84489a569259710ee3452"
          },
          "sensitive_attributes": [],
          "identity_schema_version": 0
        },
        {
          "index_key": "k8s_internal_pods",
          "schema_version": 0,
          "attributes": {
            "all_tags": [],
            "description": "k8s_internal_pods",
            "id": "a600f2d7-40b2-4d44-8bc6-4b5e5d8d143f",
            "name": "k8s_internal_pods",
            "region": "RegionOne",
            "secgroup_id": null,
            "tags": null,
            "tenant_id": "3e356dfb99d84489a569259710ee3452"
          },
          "sensitive_attributes": [],
          "identity_schema_version": 0
        },
        {
          "index_key": "k8s_internal_services",
          "schema_version": 0,
          "attributes": {
            "all_tags": [],
            "description": "k8s_internal_services",
            "id": "fa219b30-aba2-43f7-87b6-40b529eac175",
            "name": "k8s_internal_services",
            "region": "RegionOne",
            "secgroup_id": null,
            "tags": null,
            "tenant_id": "3e356dfb99d84489a569259710ee3452"
          },
          "sensitive_attributes": [],
          "identity_schema_version": 0
        },
        {
          "index_key": "ssh-internal",
          "schema_version": 0,
          "attributes": {
            "all_tags": [],
            "description": "ssh-internal",
            "id": "280b17bd-659b-448c-89fa-992a617855ff",
            "name": "ssh-internal",
            "region": "RegionOne",
            "secgroup_id": null,
            "tags": null,
            "tenant_id": "3e356dfb99d84489a569259710ee3452"
          },
          "sensitive_attributes": [],
          "identity_schema_version": 0
        }
      ]
    },
    {
      "module": "module.k8sm",
      "mode": "data",
      "type": "openstack_networking_subnet_ids_v2",
      "name": "ext_subnets",
      "provider": "provider[\"registry.terraform.io/terraform-provider-openstack/openstack\"]",
      "instances": []
    },
    {
      "module": "module.k8sm",
      "mode": "data",
      "type": "openstack_networking_subnet_v2",
      "name": "subnet",
      "provider": "provider[\"registry.terraform.io/terraform-provider-openstack/openstack\"]",
      "instances": [
        {
          "schema_version": 0,
          "attributes": {
            "all_tags": [],
            "allocation_pools": [
              {
                "end": "10.0.1.254",
                "start": "10.0.1.2"
              }
            ],
            "cidr": "10.0.1.0/24",
            "description": "",
            "dhcp_disabled": null,
            "dhcp_enabled": null,
            "dns_nameservers": [
              "1.1.1.1",
              "8.8.8.8"
            ],
            "enable_dhcp": true,
            "gateway_ip": "10.0.1.1",
            "host_routes": [],
            "id": "c52175d1-63e2-459a-b776-bb80c99ff05a",
            "ip_version": 4,
            "ipv6_address_mode": "",
            "ipv6_ra_mode": "",
            "name": "internal_dev",
            "network_id": "73e7b155-18a9-401a-89ad-8a90b7919cf4",
            "region": "RegionOne",
            "service_types": [],
            "subnet_id": null,
            "subnetpool_id": "",
            "tags": null,
            "tenant_id": "3e356dfb99d84489a569259710ee3452"
          },
          "sensitive_attributes": [],
          "identity_schema_version": 0
        }
      ]
    },
    {
      "module": "module.k8sm",
      "mode": "data",
      "type": "template_file",
      "name": "userdata",
      "provider": "provider[\"registry.terraform.io/hashicorp/template\"]",
      "instances": [
        {
          "schema_version": 0,
          "attributes": {
            "filename": null,
            "id": "ea462fe5917aec78d73a38f3c4c477881bf1dea4e84df30bdc44d823fd8bbcd1",
            "rendered": "#cloud-config\nusers:\n  - default\n  - name: staner\n    primary_group: staner\n    groups: [sudo,adm]\n    sudo: ALL=(ALL) NOPASSWD:ALL\n    groups: sudo\n    shell: /bin/bash\n    lock_passwd: true\n    ssh-authorized-keys: \n    - ssh-rsa AAAAB3NzaC1yc2EAAAADAQABAAACAQCkmUQVaIHRxoukQftYJJjuPf1an104jLltRlN0y8xAsVQ+OXIvORbaYvHwbry4PXQXUZYnFDOX/ybl6wAI5Lxt7STe2xUY7mYrBCn1+lfirB1LnlOKDEDQGndXQPUrH1CbUbZw7MxXAVif+I1iPlf4pgXlic1i7FigQiRS2bMkiVrbtkXufGnNgbOar0iaLKdFuYNERk/WJSjIz7HPoljqULWctXzqpFDXPs/GKKPbH96iH0SFLTDG5tCMN424saAnkAcFcGsW0BqVpLBSBUCcySoaKcWgGYqHB+OPRa50NqZ2ljuopIvQMFA4Otg6dcDWshklP265NHddB3QWs3t/JQvDYGe7Ld8i4eQtMFsNNL0R6E8XOYT8hAb75K4H77SACU+BGAmwHGC13IFhTWRct5KC+wskYi/J9zmslugk9jQcoPwIFdMA9nkzOWPIMwMYM4A+BxL8ne4unP8786Zemuyft8lE/Q3SOFg8SV+UjRjlsL+EfrCIngEZLnUzj/gpNZLGi+En3qm3mZhIsoC55KW4lutlZwnXnpU3swJ9wR/LKJtup5UcVx2pRDmwLzW20WI46fF2/HLMHWlpWuK/r0N5nEg7BMB3B4j1KLqkTljN9Fu5OMyCNBN/M8pyoFqf7TQaP0OsGcBzVvx1i3oUTVqQwAriBr2hYe6L6Z1lnQ== staner@staner-home\n",
            "template": "#cloud-config\nusers:\n  - default\n  - name: staner\n    primary_group: staner\n    groups: [sudo,adm]\n    sudo: ALL=(ALL) NOPASSWD:ALL\n    groups: sudo\n    shell: /bin/bash\n    lock_passwd: true\n    ssh-authorized-keys: \n    - ssh-rsa AAAAB3NzaC1yc2EAAAADAQABAAACAQCkmUQVaIHRxoukQftYJJjuPf1an104jLltRlN0y8xAsVQ+OXIvORbaYvHwbry4PXQXUZYnFDOX/ybl6wAI5Lxt7STe2xUY7mYrBCn1+lfirB1LnlOKDEDQGndXQPUrH1CbUbZw7MxXAVif+I1iPlf4pgXlic1i7FigQiRS2bMkiVrbtkXufGnNgbOar0iaLKdFuYNERk/WJSjIz7HPoljqULWctXzqpFDXPs/GKKPbH96iH0SFLTDG5tCMN424saAnkAcFcGsW0BqVpLBSBUCcySoaKcWgGYqHB+OPRa50NqZ2ljuopIvQMFA4Otg6dcDWshklP265NHddB3QWs3t/JQvDYGe7Ld8i4eQtMFsNNL0R6E8XOYT8hAb75K4H77SACU+BGAmwHGC13IFhTWRct5KC+wskYi/J9zmslugk9jQcoPwIFdMA9nkzOWPIMwMYM4A+BxL8ne4unP8786Zemuyft8lE/Q3SOFg8SV+UjRjlsL+EfrCIngEZLnUzj/gpNZLGi+En3qm3mZhIsoC55KW4lutlZwnXnpU3swJ9wR/LKJtup5UcVx2pRDmwLzW20WI46fF2/HLMHWlpWuK/r0N5nEg7BMB3B4j1KLqkTljN9Fu5OMyCNBN/M8pyoFqf7TQaP0OsGcBzVvx1i3oUTVqQwAriBr2hYe6L6Z1lnQ== staner@staner-home\n",
            "vars": null
          },
          "sensitive_attributes": [],
          "identity_schema_version": 0
        }
      ]
    },
    {
      "module": "module.k8sm",
      "mode": "managed",
      "type": "openstack_blockstorage_volume_v3",
      "name": "volumes",
      "provider": "provider[\"registry.terraform.io/terraform-provider-openstack/openstack\"]",
      "instances": []
    },
    {
      "module": "module.k8sm",
      "mode": "managed",
      "type": "openstack_compute_floatingip_associate_v2",
      "name": "fip_assoc_fixed",
      "provider": "provider[\"registry.terraform.io/terraform-provider-openstack/openstack\"]",
      "instances": []
    },
    {
      "module": "module.k8sm",
      "mode": "managed",
      "type": "openstack_compute_floatingip_associate_v2",
      "name": "fip_assoc_random",
      "provider": "provider[\"registry.terraform.io/terraform-provider-openstack/openstack\"]",
      "instances": []
    },
    {
      "module": "module.k8sm",
      "mode": "managed",
      "type": "openstack_compute_instance_v2",
      "name": "instance",
      "provider": "provider[\"registry.terraform.io/terraform-provider-openstack/openstack\"]",
      "instances": [
        {
          "index_key": 0,
          "schema_version": 0,
          "attributes": {
            "access_ip_v4": "10.0.1.101",
            "access_ip_v6": "",
            "admin_pass": null,
            "all_metadata": {
              "app": "k8sm",
              "environment": "dev"
            },
            "all_tags": [],
            "availability_zone": "nova",
            "availability_zone_hints": null,
            "block_device": [],
            "config_drive": null,
            "created": "2025-06-26 09:49:30 +0000 UTC",
            "flavor_id": "2488afb0-e553-4d4f-a3c0-66c4d12e805a",
            "flavor_name": "m2.large",
            "floating_ip": null,
            "force_delete": false,
            "id": "0684d3df-d4cc-4c6c-9880-6c7afb83b4fe",
            "image_id": "4b370c45-fc98-4dab-88ee-22e09bb57679",
            "image_name": "Bookworm",
            "key_pair": "default_key",
            "metadata": {
              "app": "k8sm",
              "environment": "dev"
            },
            "name": "k8sm1",
            "network": [
              {
                "access_network": false,
                "fixed_ip_v4": "10.0.1.101",
                "fixed_ip_v6": "",
                "floating_ip": "",
                "mac": "fa:16:3e:70:3a:49",
                "name": "internal_dev",
                "port": "2373b9f9-d30f-4729-96c8-441ac69d6ce0",
                "uuid": "73e7b155-18a9-401a-89ad-8a90b7919cf4"
              }
            ],
            "network_mode": null,
            "personality": [],
            "power_state": "active",
            "region": "RegionOne",
            "scheduler_hints": [],
            "security_groups": [
              "all_internal",
              "k8s_internal_pods",
              "k8s_internal_services",
              "ssh-internal"
            ],
            "stop_before_destroy": false,
            "tags": [],
            "timeouts": null,
            "updated": "2025-06-27 06:50:07 +0000 UTC",
            "user_data": "33ea81a631c5604f7174385a364dfdfc7f50f148",
            "vendor_options": [],
            "volume": []
          },
          "sensitive_attributes": [
            [
              {
                "type": "get_attr",
                "value": "admin_pass"
              }
            ]
          ],
          "identity_schema_version": 0,
          "private": "eyJlMmJmYjczMC1lY2FhLTExZTYtOGY4OC0zNDM2M2JjN2M0YzAiOnsiY3JlYXRlIjoxODAwMDAwMDAwMDAwLCJkZWxldGUiOjE4MDAwMDAwMDAwMDAsInVwZGF0ZSI6MTgwMDAwMDAwMDAwMH19",
          "dependencies": [
            "module.k8sm.data.openstack_networking_network_v2.network",
            "module.k8sm.data.openstack_networking_port_v2.port",
            "module.k8sm.data.openstack_networking_secgroup_v2.sg",
            "module.k8sm.data.openstack_networking_subnet_v2.subnet",
            "module.k8sm.data.template_file.userdata",
            "module.k8sm.openstack_networking_port_v2.internal_port"
          ]
        },
        {
          "index_key": 1,
          "schema_version": 0,
          "attributes": {
            "access_ip_v4": "10.0.1.102",
            "access_ip_v6": "",
            "admin_pass": null,
            "all_metadata": {
              "app": "k8sm",
              "environment": "dev"
            },
            "all_tags": [],
            "availability_zone": "nova",
            "availability_zone_hints": null,
            "block_device": [],
            "config_drive": null,
            "created": "2025-06-26 09:49:30 +0000 UTC",
            "flavor_id": "2488afb0-e553-4d4f-a3c0-66c4d12e805a",
            "flavor_name": "m2.large",
            "floating_ip": null,
            "force_delete": false,
            "id": "3cecbb03-04b2-4346-b894-19a6f146979d",
            "image_id": "4b370c45-fc98-4dab-88ee-22e09bb57679",
            "image_name": "Bookworm",
            "key_pair": "default_key",
            "metadata": {
              "app": "k8sm",
              "environment": "dev"
            },
            "name": "k8sm2",
            "network": [
              {
                "access_network": false,
                "fixed_ip_v4": "10.0.1.102",
                "fixed_ip_v6": "",
                "floating_ip": "",
                "mac": "fa:16:3e:27:02:ea",
                "name": "internal_dev",
                "port": "d9500771-32ec-4776-8188-a4c45497dc8a",
                "uuid": "73e7b155-18a9-401a-89ad-8a90b7919cf4"
              }
            ],
            "network_mode": null,
            "personality": [],
            "power_state": "active",
            "region": "RegionOne",
            "scheduler_hints": [],
            "security_groups": [
              "all_internal",
              "k8s_internal_pods",
              "k8s_internal_services",
              "ssh-internal"
            ],
            "stop_before_destroy": false,
            "tags": [],
            "timeouts": null,
            "updated": "2025-06-27 06:50:07 +0000 UTC",
            "user_data": "33ea81a631c5604f7174385a364dfdfc7f50f148",
            "vendor_options": [],
            "volume": []
          },
          "sensitive_attributes": [
            [
              {
                "type": "get_attr",
                "value": "admin_pass"
              }
            ]
          ],
          "identity_schema_version": 0,
          "private": "eyJlMmJmYjczMC1lY2FhLTExZTYtOGY4OC0zNDM2M2JjN2M0YzAiOnsiY3JlYXRlIjoxODAwMDAwMDAwMDAwLCJkZWxldGUiOjE4MDAwMDAwMDAwMDAsInVwZGF0ZSI6MTgwMDAwMDAwMDAwMH19",
          "dependencies": [
            "module.k8sm.data.openstack_networking_network_v2.network",
            "module.k8sm.data.openstack_networking_port_v2.port",
            "module.k8sm.data.openstack_networking_secgroup_v2.sg",
            "module.k8sm.data.openstack_networking_subnet_v2.subnet",
            "module.k8sm.data.template_file.userdata",
            "module.k8sm.openstack_networking_port_v2.internal_port"
          ]
        }
      ]
    },
    {
      "module": "module.k8sm",
      "mode": "managed",
      "type": "openstack_compute_volume_attach_v2",
      "name": "attached",
      "provider": "provider[\"registry.terraform.io/terraform-provider-openstack/openstack\"]",
      "instances": []
    },
    {
      "module": "module.k8sm",
      "mode": "managed",
      "type": "openstack_networking_floatingip_v2",
      "name": "floatip_1_random",
      "provider": "provider[\"registry.terraform.io/terraform-provider-openstack/openstack\"]",
      "instances": []
    },
    {
      "module": "module.k8sm",
      "mode": "managed",
      "type": "openstack_networking_port_v2",
      "name": "internal_port",
      "provider": "provider[\"registry.terraform.io/terraform-provider-openstack/openstack\"]",
      "instances": [
        {
          "index_key": 0,
          "schema_version": 0,
          "attributes": {
            "admin_state_up": true,
            "all_fixed_ips": [
              "10.0.1.101"
            ],
            "all_security_group_ids": [
              "280b17bd-659b-448c-89fa-992a617855ff",
              "507e0ace-1932-40ab-ad78-e24b6374cf30",
              "a600f2d7-40b2-4d44-8bc6-4b5e5d8d143f",
              "fa219b30-aba2-43f7-87b6-40b529eac175"
            ],
            "all_tags": [],
            "allowed_address_pairs": [
              {
                "ip_address": "10.200.0.0/16",
                "mac_address": ""
              },
              {
                "ip_address": "10.201.0.0/16",
                "mac_address": ""
              }
            ],
            "binding": [
              {
                "host_id": "controller1",
                "profile": "{}",
                "vif_details": {
                  "bound_drivers": "{\"0\":\"openvswitch\"}",
                  "bridge_name": "br-int",
                  "connectivity": "l2",
                  "datapath_type": "system",
                  "ovs_hybrid_plug": "true",
                  "port_filter": "true"
                },
                "vif_type": "ovs",
                "vnic_type": "normal"
              }
            ],
            "description": "",
            "device_id": "0684d3df-d4cc-4c6c-9880-6c7afb83b4fe",
            "device_owner": "compute:nova",
            "dns_assignment": [],
            "dns_name": "",
            "extra_dhcp_option": [],
            "fixed_ip": [
              {
                "ip_address": "10.0.1.101",
                "subnet_id": "c52175d1-63e2-459a-b776-bb80c99ff05a"
              }
            ],
            "id": "2373b9f9-d30f-4729-96c8-441ac69d6ce0",
            "mac_address": "fa:16:3e:70:3a:49",
            "name": "internal-k8sm1",
            "network_id": "73e7b155-18a9-401a-89ad-8a90b7919cf4",
            "no_fixed_ip": null,
            "no_security_groups": null,
            "port_security_enabled": true,
            "qos_policy_id": "",
            "region": "RegionOne",
            "security_group_ids": [
              "280b17bd-659b-448c-89fa-992a617855ff",
              "507e0ace-1932-40ab-ad78-e24b6374cf30",
              "a600f2d7-40b2-4d44-8bc6-4b5e5d8d143f",
              "fa219b30-aba2-43f7-87b6-40b529eac175"
            ],
            "tags": [],
            "tenant_id": "3e356dfb99d84489a569259710ee3452",
            "timeouts": null,
            "value_specs": null
          },
          "sensitive_attributes": [],
          "identity_schema_version": 0,
          "private": "eyJlMmJmYjczMC1lY2FhLTExZTYtOGY4OC0zNDM2M2JjN2M0YzAiOnsiY3JlYXRlIjo2MDAwMDAwMDAwMDAsImRlbGV0ZSI6NjAwMDAwMDAwMDAwfX0=",
          "dependencies": [
            "module.k8sm.data.openstack_networking_network_v2.network",
            "module.k8sm.data.openstack_networking_secgroup_v2.sg",
            "module.k8sm.data.openstack_networking_subnet_v2.subnet"
          ]
        },
        {
          "index_key": 1,
          "schema_version": 0,
          "attributes": {
            "admin_state_up": true,
            "all_fixed_ips": [
              "10.0.1.102"
            ],
            "all_security_group_ids": [
              "280b17bd-659b-448c-89fa-992a617855ff",
              "507e0ace-1932-40ab-ad78-e24b6374cf30",
              "a600f2d7-40b2-4d44-8bc6-4b5e5d8d143f",
              "fa219b30-aba2-43f7-87b6-40b529eac175"
            ],
            "all_tags": [],
            "allowed_address_pairs": [
              {
                "ip_address": "10.200.0.0/16",
                "mac_address": ""
              },
              {
                "ip_address": "10.201.0.0/16",
                "mac_address": ""
              }
            ],
            "binding": [
              {
                "host_id": "controller1",
                "profile": "{}",
                "vif_details": {
                  "bound_drivers": "{\"0\":\"openvswitch\"}",
                  "bridge_name": "br-int",
                  "connectivity": "l2",
                  "datapath_type": "system",
                  "ovs_hybrid_plug": "true",
                  "port_filter": "true"
                },
                "vif_type": "ovs",
                "vnic_type": "normal"
              }
            ],
            "description": "",
            "device_id": "3cecbb03-04b2-4346-b894-19a6f146979d",
            "device_owner": "compute:nova",
            "dns_assignment": [],
            "dns_name": "",
            "extra_dhcp_option": [],
            "fixed_ip": [
              {
                "ip_address": "10.0.1.102",
                "subnet_id": "c52175d1-63e2-459a-b776-bb80c99ff05a"
              }
            ],
            "id": "d9500771-32ec-4776-8188-a4c45497dc8a",
            "mac_address": "fa:16:3e:27:02:ea",
            "name": "internal-k8sm2",
            "network_id": "73e7b155-18a9-401a-89ad-8a90b7919cf4",
            "no_fixed_ip": null,
            "no_security_groups": null,
            "port_security_enabled": true,
            "qos_policy_id": "",
            "region": "RegionOne",
            "security_group_ids": [
              "280b17bd-659b-448c-89fa-992a617855ff",
              "507e0ace-1932-40ab-ad78-e24b6374cf30",
              "a600f2d7-40b2-4d44-8bc6-4b5e5d8d143f",
              "fa219b30-aba2-43f7-87b6-40b529eac175"
            ],
            "tags": [],
            "tenant_id": "3e356dfb99d84489a569259710ee3452",
            "timeouts": null,
            "value_specs": null
          },
          "sensitive_attributes": [],
          "identity_schema_version": 0,
          "private": "eyJlMmJmYjczMC1lY2FhLTExZTYtOGY4OC0zNDM2M2JjN2M0YzAiOnsiY3JlYXRlIjo2MDAwMDAwMDAwMDAsImRlbGV0ZSI6NjAwMDAwMDAwMDAwfX0=",
          "dependencies": [
            "module.k8sm.data.openstack_networking_network_v2.network",
            "module.k8sm.data.openstack_networking_secgroup_v2.sg",
            "module.k8sm.data.openstack_networking_subnet_v2.subnet"
          ]
        }
      ]
    },
    {
      "module": "module.k8sw",
      "mode": "data",
      "type": "openstack_networking_network_v2",
      "name": "network",
      "provider": "provider[\"registry.terraform.io/terraform-provider-openstack/openstack\"]",
      "instances": [
        {
          "schema_version": 0,
          "attributes": {
            "admin_state_up": "true",
            "all_tags": [],
            "availability_zone_hints": [],
            "description": "",
            "dns_domain": "",
            "external": false,
            "id": "73e7b155-18a9-401a-89ad-8a90b7919cf4",
            "matching_subnet_cidr": null,
            "mtu": 1450,
            "name": "internal_dev",
            "network_id": null,
            "region": "RegionOne",
            "segments": [
              {
                "network_type": "vxlan",
                "physical_network": "",
                "segmentation_id": 736
              }
            ],
            "shared": "false",
            "status": null,
            "subnets": [
              "c52175d1-63e2-459a-b776-bb80c99ff05a"
            ],
            "tags": null,
            "tenant_id": "3e356dfb99d84489a569259710ee3452",
            "transparent_vlan": false
          },
          "sensitive_attributes": [],
          "identity_schema_version": 0
        }
      ]
    },
    {
      "module": "module.k8sw",
      "mode": "data",
      "type": "openstack_networking_port_v2",
      "name": "port",
      "provider": "provider[\"registry.terraform.io/terraform-provider-openstack/openstack\"]",
      "instances": [
        {
          "index_key": 0,
          "schema_version": 0,
          "attributes": {
            "admin_state_up": true,
            "all_fixed_ips": [
              "10.0.1.225"
            ],
            "all_security_group_ids": [
              "280b17bd-659b-448c-89fa-992a617855ff",
              "507e0ace-1932-40ab-ad78-e24b6374cf30",
              "a600f2d7-40b2-4d44-8bc6-4b5e5d8d143f",
              "fa219b30-aba2-43f7-87b6-40b529eac175"
            ],
            "all_tags": [],
            "allowed_address_pairs": [
              {
                "ip_address": "10.200.0.0/16",
                "mac_address": ""
              },
              {
                "ip_address": "10.201.0.0/16",
                "mac_address": ""
              }
            ],
            "binding": [
              {
                "host_id": "controller1",
                "profile": "{}",
                "vif_details": {
                  "bound_drivers": "{\"0\":\"openvswitch\"}",
                  "bridge_name": "br-int",
                  "connectivity": "l2",
                  "datapath_type": "system",
                  "ovs_hybrid_plug": "true",
                  "port_filter": "true"
                },
                "vif_type": "ovs",
                "vnic_type": "normal"
              }
            ],
            "description": "",
            "device_id": "a49dd09b-fc2e-43fa-b921-2b02d7825b36",
            "device_owner": "compute:nova",
            "dns_assignment": [],
            "dns_name": "",
            "extra_dhcp_option": [],
            "fixed_ip": null,
            "id": "3ba1b471-a167-4749-b611-6afd48be7bd9",
            "mac_address": "fa:16:3e:1a:4d:e3",
            "name": "internal-k8sw1",
            "network_id": "73e7b155-18a9-401a-89ad-8a90b7919cf4",
            "port_id": "3ba1b471-a167-4749-b611-6afd48be7bd9",
            "project_id": "3e356dfb99d84489a569259710ee3452",
            "region": "RegionOne",
            "security_group_ids": null,
            "status": null,
            "tags": null,
            "tenant_id": "3e356dfb99d84489a569259710ee3452"
          },
          "sensitive_attributes": [],
          "identity_schema_version": 0
        },
        {
          "index_key": 1,
          "schema_version": 0,
          "attributes": {
            "admin_state_up": true,
            "all_fixed_ips": [
              "10.0.1.63"
            ],
            "all_security_group_ids": [
              "280b17bd-659b-448c-89fa-992a617855ff",
              "507e0ace-1932-40ab-ad78-e24b6374cf30",
              "a600f2d7-40b2-4d44-8bc6-4b5e5d8d143f",
              "fa219b30-aba2-43f7-87b6-40b529eac175"
            ],
            "all_tags": [],
            "allowed_address_pairs": [
              {
                "ip_address": "10.200.0.0/16",
                "mac_address": ""
              },
              {
                "ip_address": "10.201.0.0/16",
                "mac_address": ""
              }
            ],
            "binding": [
              {
                "host_id": "controller1",
                "profile": "{}",
                "vif_details": {
                  "bound_drivers": "{\"0\":\"openvswitch\"}",
                  "bridge_name": "br-int",
                  "connectivity": "l2",
                  "datapath_type": "system",
                  "ovs_hybrid_plug": "true",
                  "port_filter": "true"
                },
                "vif_type": "ovs",
                "vnic_type": "normal"
              }
            ],
            "description": "",
            "device_id": "796b4204-6e12-4775-afb4-07e02d3cc07e",
            "device_owner": "compute:nova",
            "dns_assignment": [],
            "dns_name": "",
            "extra_dhcp_option": [],
            "fixed_ip": null,
            "id": "df290bb0-3664-47ee-8692-6d6ec781700c",
            "mac_address": "fa:16:3e:f7:ad:56",
            "name": "internal-k8sw2",
            "network_id": "73e7b155-18a9-401a-89ad-8a90b7919cf4",
            "port_id": "df290bb0-3664-47ee-8692-6d6ec781700c",
            "project_id": "3e356dfb99d84489a569259710ee3452",
            "region": "RegionOne",
            "security_group_ids": null,
            "status": null,
            "tags": null,
            "tenant_id": "3e356dfb99d84489a569259710ee3452"
          },
          "sensitive_attributes": [],
          "identity_schema_version": 0
        },
        {
          "index_key": 2,
          "schema_version": 0,
          "attributes": {
            "admin_state_up": true,
            "all_fixed_ips": [
              "10.0.1.148"
            ],
            "all_security_group_ids": [
              "280b17bd-659b-448c-89fa-992a617855ff",
              "507e0ace-1932-40ab-ad78-e24b6374cf30",
              "a600f2d7-40b2-4d44-8bc6-4b5e5d8d143f",
              "fa219b30-aba2-43f7-87b6-40b529eac175"
            ],
            "all_tags": [],
            "allowed_address_pairs": [
              {
                "ip_address": "10.200.0.0/16",
                "mac_address": ""
              },
              {
                "ip_address": "10.201.0.0/16",
                "mac_address": ""
              }
            ],
            "binding": [
              {
                "host_id": "controller1",
                "profile": "{}",
                "vif_details": {
                  "bound_drivers": "{\"0\":\"openvswitch\"}",
                  "bridge_name": "br-int",
                  "connectivity": "l2",
                  "datapath_type": "system",
                  "ovs_hybrid_plug": "true",
                  "port_filter": "true"
                },
                "vif_type": "ovs",
                "vnic_type": "normal"
              }
            ],
            "description": "",
            "device_id": "c17a65fc-7fa8-4606-a8cc-91cf430862e3",
            "device_owner": "compute:nova",
            "dns_assignment": [],
            "dns_name": "",
            "extra_dhcp_option": [],
            "fixed_ip": null,
            "id": "57fe8d2a-e4ac-47c9-b186-42e755965743",
            "mac_address": "fa:16:3e:07:04:3d",
            "name": "internal-k8sw3",
            "network_id": "73e7b155-18a9-401a-89ad-8a90b7919cf4",
            "port_id": "57fe8d2a-e4ac-47c9-b186-42e755965743",
            "project_id": "3e356dfb99d84489a569259710ee3452",
            "region": "RegionOne",
            "security_group_ids": null,
            "status": null,
            "tags": null,
            "tenant_id": "3e356dfb99d84489a569259710ee3452"
          },
          "sensitive_attributes": [],
          "identity_schema_version": 0
        }
      ]
    },
    {
      "module": "module.k8sw",
      "mode": "data",
      "type": "openstack_networking_secgroup_v2",
      "name": "sg",
      "provider": "provider[\"registry.terraform.io/terraform-provider-openstack/openstack\"]",
      "instances": [
        {
          "index_key": "all_internal",
          "schema_version": 0,
          "attributes": {
            "all_tags": [],
            "description": "all_internal",
            "id": "507e0ace-1932-40ab-ad78-e24b6374cf30",
            "name": "all_internal",
            "region": "RegionOne",
            "secgroup_id": null,
            "tags": null,
            "tenant_id": "3e356dfb99d84489a569259710ee3452"
          },
          "sensitive_attributes": [],
          "identity_schema_version": 0
        },
        {
          "index_key": "k8s_internal_pods",
          "schema_version": 0,
          "attributes": {
            "all_tags": [],
            "description": "k8s_internal_pods",
            "id": "a600f2d7-40b2-4d44-8bc6-4b5e5d8d143f",
            "name": "k8s_internal_pods",
            "region": "RegionOne",
            "secgroup_id": null,
            "tags": null,
            "tenant_id": "3e356dfb99d84489a569259710ee3452"
          },
          "sensitive_attributes": [],
          "identity_schema_version": 0
        },
        {
          "index_key": "k8s_internal_services",
          "schema_version": 0,
          "attributes": {
            "all_tags": [],
            "description": "k8s_internal_services",
            "id": "fa219b30-aba2-43f7-87b6-40b529eac175",
            "name": "k8s_internal_services",
            "region": "RegionOne",
            "secgroup_id": null,
            "tags": null,
            "tenant_id": "3e356dfb99d84489a569259710ee3452"
          },
          "sensitive_attributes": [],
          "identity_schema_version": 0
        },
        {
          "index_key": "ssh-internal",
          "schema_version": 0,
          "attributes": {
            "all_tags": [],
            "description": "ssh-internal",
            "id": "280b17bd-659b-448c-89fa-992a617855ff",
            "name": "ssh-internal",
            "region": "RegionOne",
            "secgroup_id": null,
            "tags": null,
            "tenant_id": "3e356dfb99d84489a569259710ee3452"
          },
          "sensitive_attributes": [],
          "identity_schema_version": 0
        }
      ]
    },
    {
      "module": "module.k8sw",
      "mode": "data",
      "type": "openstack_networking_subnet_ids_v2",
      "name": "ext_subnets",
      "provider": "provider[\"registry.terraform.io/terraform-provider-openstack/openstack\"]",
      "instances": []
    },
    {
      "module": "module.k8sw",
      "mode": "data",
      "type": "openstack_networking_subnet_v2",
      "name": "subnet",
      "provider": "provider[\"registry.terraform.io/terraform-provider-openstack/openstack\"]",
      "instances": [
        {
          "schema_version": 0,
          "attributes": {
            "all_tags": [],
            "allocation_pools": [
              {
                "end": "10.0.1.254",
                "start": "10.0.1.2"
              }
            ],
            "cidr": "10.0.1.0/24",
            "description": "",
            "dhcp_disabled": null,
            "dhcp_enabled": null,
            "dns_nameservers": [
              "1.1.1.1",
              "8.8.8.8"
            ],
            "enable_dhcp": true,
            "gateway_ip": "10.0.1.1",
            "host_routes": [],
            "id": "c52175d1-63e2-459a-b776-bb80c99ff05a",
            "ip_version": 4,
            "ipv6_address_mode": "",
            "ipv6_ra_mode": "",
            "name": "internal_dev",
            "network_id": "73e7b155-18a9-401a-89ad-8a90b7919cf4",
            "region": "RegionOne",
            "service_types": [],
            "subnet_id": null,
            "subnetpool_id": "",
            "tags": null,
            "tenant_id": "3e356dfb99d84489a569259710ee3452"
          },
          "sensitive_attributes": [],
          "identity_schema_version": 0
        }
      ]
    },
    {
      "module": "module.k8sw",
      "mode": "data",
      "type": "template_file",
      "name": "userdata",
      "provider": "provider[\"registry.terraform.io/hashicorp/template\"]",
      "instances": [
        {
          "schema_version": 0,
          "attributes": {
            "filename": null,
            "id": "ea462fe5917aec78d73a38f3c4c477881bf1dea4e84df30bdc44d823fd8bbcd1",
            "rendered": "#cloud-config\nusers:\n  - default\n  - name: staner\n    primary_group: staner\n    groups: [sudo,adm]\n    sudo: ALL=(ALL) NOPASSWD:ALL\n    groups: sudo\n    shell: /bin/bash\n    lock_passwd: true\n    ssh-authorized-keys: \n    - ssh-rsa AAAAB3NzaC1yc2EAAAADAQABAAACAQCkmUQVaIHRxoukQftYJJjuPf1an104jLltRlN0y8xAsVQ+OXIvORbaYvHwbry4PXQXUZYnFDOX/ybl6wAI5Lxt7STe2xUY7mYrBCn1+lfirB1LnlOKDEDQGndXQPUrH1CbUbZw7MxXAVif+I1iPlf4pgXlic1i7FigQiRS2bMkiVrbtkXufGnNgbOar0iaLKdFuYNERk/WJSjIz7HPoljqULWctXzqpFDXPs/GKKPbH96iH0SFLTDG5tCMN424saAnkAcFcGsW0BqVpLBSBUCcySoaKcWgGYqHB+OPRa50NqZ2ljuopIvQMFA4Otg6dcDWshklP265NHddB3QWs3t/JQvDYGe7Ld8i4eQtMFsNNL0R6E8XOYT8hAb75K4H77SACU+BGAmwHGC13IFhTWRct5KC+wskYi/J9zmslugk9jQcoPwIFdMA9nkzOWPIMwMYM4A+BxL8ne4unP8786Zemuyft8lE/Q3SOFg8SV+UjRjlsL+EfrCIngEZLnUzj/gpNZLGi+En3qm3mZhIsoC55KW4lutlZwnXnpU3swJ9wR/LKJtup5UcVx2pRDmwLzW20WI46fF2/HLMHWlpWuK/r0N5nEg7BMB3B4j1KLqkTljN9Fu5OMyCNBN/M8pyoFqf7TQaP0OsGcBzVvx1i3oUTVqQwAriBr2hYe6L6Z1lnQ== staner@staner-home\n",
            "template": "#cloud-config\nusers:\n  - default\n  - name: staner\n    primary_group: staner\n    groups: [sudo,adm]\n    sudo: ALL=(ALL) NOPASSWD:ALL\n    groups: sudo\n    shell: /bin/bash\n    lock_passwd: true\n    ssh-authorized-keys: \n    - ssh-rsa AAAAB3NzaC1yc2EAAAADAQABAAACAQCkmUQVaIHRxoukQftYJJjuPf1an104jLltRlN0y8xAsVQ+OXIvORbaYvHwbry4PXQXUZYnFDOX/ybl6wAI5Lxt7STe2xUY7mYrBCn1+lfirB1LnlOKDEDQGndXQPUrH1CbUbZw7MxXAVif+I1iPlf4pgXlic1i7FigQiRS2bMkiVrbtkXufGnNgbOar0iaLKdFuYNERk/WJSjIz7HPoljqULWctXzqpFDXPs/GKKPbH96iH0SFLTDG5tCMN424saAnkAcFcGsW0BqVpLBSBUCcySoaKcWgGYqHB+OPRa50NqZ2ljuopIvQMFA4Otg6dcDWshklP265NHddB3QWs3t/JQvDYGe7Ld8i4eQtMFsNNL0R6E8XOYT8hAb75K4H77SACU+BGAmwHGC13IFhTWRct5KC+wskYi/J9zmslugk9jQcoPwIFdMA9nkzOWPIMwMYM4A+BxL8ne4unP8786Zemuyft8lE/Q3SOFg8SV+UjRjlsL+EfrCIngEZLnUzj/gpNZLGi+En3qm3mZhIsoC55KW4lutlZwnXnpU3swJ9wR/LKJtup5UcVx2pRDmwLzW20WI46fF2/HLMHWlpWuK/r0N5nEg7BMB3B4j1KLqkTljN9Fu5OMyCNBN/M8pyoFqf7TQaP0OsGcBzVvx1i3oUTVqQwAriBr2hYe6L6Z1lnQ== staner@staner-home\n",
            "vars": null
          },
          "sensitive_attributes": [],
          "identity_schema_version": 0
        }
      ]
    },
    {
      "module": "module.k8sw",
      "mode": "managed",
      "type": "openstack_blockstorage_volume_v3",
      "name": "volumes",
      "provider": "provider[\"registry.terraform.io/terraform-provider-openstack/openstack\"]",
      "instances": []
    },
    {
      "module": "module.k8sw",
      "mode": "managed",
      "type": "openstack_compute_floatingip_associate_v2",
      "name": "fip_assoc_fixed",
      "provider": "provider[\"registry.terraform.io/terraform-provider-openstack/openstack\"]",
      "instances": []
    },
    {
      "module": "module.k8sw",
      "mode": "managed",
      "type": "openstack_compute_floatingip_associate_v2",
      "name": "fip_assoc_random",
      "provider": "provider[\"registry.terraform.io/terraform-provider-openstack/openstack\"]",
      "instances": []
    },
    {
      "module": "module.k8sw",
      "mode": "managed",
      "type": "openstack_compute_instance_v2",
      "name": "instance",
      "provider": "provider[\"registry.terraform.io/terraform-provider-openstack/openstack\"]",
      "instances": [
        {
          "index_key": 0,
          "schema_version": 0,
          "attributes": {
            "access_ip_v4": "10.0.1.225",
            "access_ip_v6": "",
            "admin_pass": null,
            "all_metadata": {
              "app": "k8sw",
              "environment": "dev"
            },
            "all_tags": [],
            "availability_zone": "nova",
            "availability_zone_hints": null,
            "block_device": [],
            "config_drive": null,
            "created": "2025-06-26 09:49:46 +0000 UTC",
            "flavor_id": "2488afb0-e553-4d4f-a3c0-66c4d12e805a",
            "flavor_name": "m2.large",
            "floating_ip": null,
            "force_delete": false,
            "id": "a49dd09b-fc2e-43fa-b921-2b02d7825b36",
            "image_id": "4b370c45-fc98-4dab-88ee-22e09bb57679",
            "image_name": "Bookworm",
            "key_pair": "default_key",
            "metadata": {
              "app": "k8sw",
              "environment": "dev"
            },
            "name": "k8sw1",
            "network": [
              {
                "access_network": false,
                "fixed_ip_v4": "10.0.1.225",
                "fixed_ip_v6": "",
                "floating_ip": "",
                "mac": "fa:16:3e:1a:4d:e3",
                "name": "internal_dev",
                "port": "3ba1b471-a167-4749-b611-6afd48be7bd9",
                "uuid": "73e7b155-18a9-401a-89ad-8a90b7919cf4"
              }
            ],
            "network_mode": null,
            "personality": [],
            "power_state": "active",
            "region": "RegionOne",
            "scheduler_hints": [],
            "security_groups": [
              "all_internal",
              "k8s_internal_pods",
              "k8s_internal_services",
              "ssh-internal"
            ],
            "stop_before_destroy": false,
            "tags": [],
            "timeouts": null,
            "updated": "2025-06-27 06:50:21 +0000 UTC",
            "user_data": "33ea81a631c5604f7174385a364dfdfc7f50f148",
            "vendor_options": [],
            "volume": []
          },
          "sensitive_attributes": [
            [
              {
                "type": "get_attr",
                "value": "admin_pass"
              }
            ]
          ],
          "identity_schema_version": 0,
          "private": "eyJlMmJmYjczMC1lY2FhLTExZTYtOGY4OC0zNDM2M2JjN2M0YzAiOnsiY3JlYXRlIjoxODAwMDAwMDAwMDAwLCJkZWxldGUiOjE4MDAwMDAwMDAwMDAsInVwZGF0ZSI6MTgwMDAwMDAwMDAwMH19",
          "dependencies": [
            "module.k8sw.data.openstack_networking_network_v2.network",
            "module.k8sw.data.openstack_networking_port_v2.port",
            "module.k8sw.data.openstack_networking_secgroup_v2.sg",
            "module.k8sw.data.openstack_networking_subnet_v2.subnet",
            "module.k8sw.data.template_file.userdata",
            "module.k8sw.openstack_networking_port_v2.internal_port"
          ]
        },
        {
          "index_key": 1,
          "schema_version": 0,
          "attributes": {
            "access_ip_v4": "10.0.1.63",
            "access_ip_v6": "",
            "admin_pass": null,
            "all_metadata": {
              "app": "k8sw",
              "environment": "dev"
            },
            "all_tags": [],
            "availability_zone": "nova",
            "availability_zone_hints": null,
            "block_device": [],
            "config_drive": null,
            "created": "2025-06-26 09:49:46 +0000 UTC",
            "flavor_id": "2488afb0-e553-4d4f-a3c0-66c4d12e805a",
            "flavor_name": "m2.large",
            "floating_ip": null,
            "force_delete": false,
            "id": "796b4204-6e12-4775-afb4-07e02d3cc07e",
            "image_id": "4b370c45-fc98-4dab-88ee-22e09bb57679",
            "image_name": "Bookworm",
            "key_pair": "default_key",
            "metadata": {
              "app": "k8sw",
              "environment": "dev"
            },
            "name": "k8sw2",
            "network": [
              {
                "access_network": false,
                "fixed_ip_v4": "10.0.1.63",
                "fixed_ip_v6": "",
                "floating_ip": "",
                "mac": "fa:16:3e:f7:ad:56",
                "name": "internal_dev",
                "port": "df290bb0-3664-47ee-8692-6d6ec781700c",
                "uuid": "73e7b155-18a9-401a-89ad-8a90b7919cf4"
              }
            ],
            "network_mode": null,
            "personality": [],
            "power_state": "active",
            "region": "RegionOne",
            "scheduler_hints": [],
            "security_groups": [
              "all_internal",
              "k8s_internal_pods",
              "k8s_internal_services",
              "ssh-internal"
            ],
            "stop_before_destroy": false,
            "tags": [],
            "timeouts": null,
            "updated": "2025-06-27 06:50:25 +0000 UTC",
            "user_data": "33ea81a631c5604f7174385a364dfdfc7f50f148",
            "vendor_options": [],
            "volume": []
          },
          "sensitive_attributes": [
            [
              {
                "type": "get_attr",
                "value": "admin_pass"
              }
            ]
          ],
          "identity_schema_version": 0,
          "private": "eyJlMmJmYjczMC1lY2FhLTExZTYtOGY4OC0zNDM2M2JjN2M0YzAiOnsiY3JlYXRlIjoxODAwMDAwMDAwMDAwLCJkZWxldGUiOjE4MDAwMDAwMDAwMDAsInVwZGF0ZSI6MTgwMDAwMDAwMDAwMH19",
          "dependencies": [
            "module.k8sw.data.openstack_networking_network_v2.network",
            "module.k8sw.data.openstack_networking_port_v2.port",
            "module.k8sw.data.openstack_networking_secgroup_v2.sg",
            "module.k8sw.data.openstack_networking_subnet_v2.subnet",
            "module.k8sw.data.template_file.userdata",
            "module.k8sw.openstack_networking_port_v2.internal_port"
          ]
        },
        {
          "index_key": 2,
          "schema_version": 0,
          "attributes": {
            "access_ip_v4": "10.0.1.148",
            "access_ip_v6": "",
            "admin_pass": null,
            "all_metadata": {
              "app": "k8sw",
              "environment": "dev"
            },
            "all_tags": [],
            "availability_zone": "nova",
            "availability_zone_hints": null,
            "block_device": [],
            "config_drive": null,
            "created": "2025-06-26 09:49:30 +0000 UTC",
            "flavor_id": "2488afb0-e553-4d4f-a3c0-66c4d12e805a",
            "flavor_name": "m2.large",
            "floating_ip": null,
            "force_delete": false,
            "id": "c17a65fc-7fa8-4606-a8cc-91cf430862e3",
            "image_id": "4b370c45-fc98-4dab-88ee-22e09bb57679",
            "image_name": "Bookworm",
            "key_pair": "default_key",
            "metadata": {
              "app": "k8sw",
              "environment": "dev"
            },
            "name": "k8sw3",
            "network": [
              {
                "access_network": false,
                "fixed_ip_v4": "10.0.1.148",
                "fixed_ip_v6": "",
                "floating_ip": "",
                "mac": "fa:16:3e:07:04:3d",
                "name": "internal_dev",
                "port": "57fe8d2a-e4ac-47c9-b186-42e755965743",
                "uuid": "73e7b155-18a9-401a-89ad-8a90b7919cf4"
              }
            ],
            "network_mode": null,
            "personality": [],
            "power_state": "active",
            "region": "RegionOne",
            "scheduler_hints": [],
            "security_groups": [
              "all_internal",
              "k8s_internal_pods",
              "k8s_internal_services",
              "ssh-internal"
            ],
            "stop_before_destroy": false,
            "tags": [],
            "timeouts": null,
            "updated": "2025-06-27 06:50:26 +0000 UTC",
            "user_data": "33ea81a631c5604f7174385a364dfdfc7f50f148",
            "vendor_options": [],
            "volume": []
          },
          "sensitive_attributes": [
            [
              {
                "type": "get_attr",
                "value": "admin_pass"
              }
            ]
          ],
          "identity_schema_version": 0,
          "private": "eyJlMmJmYjczMC1lY2FhLTExZTYtOGY4OC0zNDM2M2JjN2M0YzAiOnsiY3JlYXRlIjoxODAwMDAwMDAwMDAwLCJkZWxldGUiOjE4MDAwMDAwMDAwMDAsInVwZGF0ZSI6MTgwMDAwMDAwMDAwMH19",
          "dependencies": [
            "module.k8sw.data.openstack_networking_network_v2.network",
            "module.k8sw.data.openstack_networking_port_v2.port",
            "module.k8sw.data.openstack_networking_secgroup_v2.sg",
            "module.k8sw.data.openstack_networking_subnet_v2.subnet",
            "module.k8sw.data.template_file.userdata",
            "module.k8sw.openstack_networking_port_v2.internal_port"
          ]
        }
      ]
    },
    {
      "module": "module.k8sw",
      "mode": "managed",
      "type": "openstack_compute_volume_attach_v2",
      "name": "attached",
      "provider": "provider[\"registry.terraform.io/terraform-provider-openstack/openstack\"]",
      "instances": []
    },
    {
      "module": "module.k8sw",
      "mode": "managed",
      "type": "openstack_networking_floatingip_v2",
      "name": "floatip_1_random",
      "provider": "provider[\"registry.terraform.io/terraform-provider-openstack/openstack\"]",
      "instances": []
    },
    {
      "module": "module.k8sw",
      "mode": "managed",
      "type": "openstack_networking_port_v2",
      "name": "internal_port",
      "provider": "provider[\"registry.terraform.io/terraform-provider-openstack/openstack\"]",
      "instances": [
        {
          "index_key": 0,
          "schema_version": 0,
          "attributes": {
            "admin_state_up": true,
            "all_fixed_ips": [
              "10.0.1.225"
            ],
            "all_security_group_ids": [
              "280b17bd-659b-448c-89fa-992a617855ff",
              "507e0ace-1932-40ab-ad78-e24b6374cf30",
              "a600f2d7-40b2-4d44-8bc6-4b5e5d8d143f",
              "fa219b30-aba2-43f7-87b6-40b529eac175"
            ],
            "all_tags": [],
            "allowed_address_pairs": [
              {
                "ip_address": "10.200.0.0/16",
                "mac_address": ""
              },
              {
                "ip_address": "10.201.0.0/16",
                "mac_address": ""
              }
            ],
            "binding": [
              {
                "host_id": "controller1",
                "profile": "{}",
                "vif_details": {
                  "bound_drivers": "{\"0\":\"openvswitch\"}",
                  "bridge_name": "br-int",
                  "connectivity": "l2",
                  "datapath_type": "system",
                  "ovs_hybrid_plug": "true",
                  "port_filter": "true"
                },
                "vif_type": "ovs",
                "vnic_type": "normal"
              }
            ],
            "description": "",
            "device_id": "a49dd09b-fc2e-43fa-b921-2b02d7825b36",
            "device_owner": "compute:nova",
            "dns_assignment": [],
            "dns_name": "",
            "extra_dhcp_option": [],
            "fixed_ip": [
              {
                "ip_address": "",
                "subnet_id": "c52175d1-63e2-459a-b776-bb80c99ff05a"
              }
            ],
            "id": "3ba1b471-a167-4749-b611-6afd48be7bd9",
            "mac_address": "fa:16:3e:1a:4d:e3",
            "name": "internal-k8sw1",
            "network_id": "73e7b155-18a9-401a-89ad-8a90b7919cf4",
            "no_fixed_ip": null,
            "no_security_groups": null,
            "port_security_enabled": true,
            "qos_policy_id": "",
            "region": "RegionOne",
            "security_group_ids": [
              "280b17bd-659b-448c-89fa-992a617855ff",
              "507e0ace-1932-40ab-ad78-e24b6374cf30",
              "a600f2d7-40b2-4d44-8bc6-4b5e5d8d143f",
              "fa219b30-aba2-43f7-87b6-40b529eac175"
            ],
            "tags": [],
            "tenant_id": "3e356dfb99d84489a569259710ee3452",
            "timeouts": null,
            "value_specs": null
          },
          "sensitive_attributes": [],
          "identity_schema_version": 0,
          "private": "eyJlMmJmYjczMC1lY2FhLTExZTYtOGY4OC0zNDM2M2JjN2M0YzAiOnsiY3JlYXRlIjo2MDAwMDAwMDAwMDAsImRlbGV0ZSI6NjAwMDAwMDAwMDAwfX0=",
          "dependencies": [
            "module.k8sw.data.openstack_networking_network_v2.network",
            "module.k8sw.data.openstack_networking_secgroup_v2.sg",
            "module.k8sw.data.openstack_networking_subnet_v2.subnet"
          ]
        },
        {
          "index_key": 1,
          "schema_version": 0,
          "attributes": {
            "admin_state_up": true,
            "all_fixed_ips": [
              "10.0.1.63"
            ],
            "all_security_group_ids": [
              "280b17bd-659b-448c-89fa-992a617855ff",
              "507e0ace-1932-40ab-ad78-e24b6374cf30",
              "a600f2d7-40b2-4d44-8bc6-4b5e5d8d143f",
              "fa219b30-aba2-43f7-87b6-40b529eac175"
            ],
            "all_tags": [],
            "allowed_address_pairs": [
              {
                "ip_address": "10.200.0.0/16",
                "mac_address": ""
              },
              {
                "ip_address": "10.201.0.0/16",
                "mac_address": ""
              }
            ],
            "binding": [
              {
                "host_id": "controller1",
                "profile": "{}",
                "vif_details": {
                  "bound_drivers": "{\"0\":\"openvswitch\"}",
                  "bridge_name": "br-int",
                  "connectivity": "l2",
                  "datapath_type": "system",
                  "ovs_hybrid_plug": "true",
                  "port_filter": "true"
                },
                "vif_type": "ovs",
                "vnic_type": "normal"
              }
            ],
            "description": "",
            "device_id": "796b4204-6e12-4775-afb4-07e02d3cc07e",
            "device_owner": "compute:nova",
            "dns_assignment": [],
            "dns_name": "",
            "extra_dhcp_option": [],
            "fixed_ip": [
              {
                "ip_address": "",
                "subnet_id": "c52175d1-63e2-459a-b776-bb80c99ff05a"
              }
            ],
            "id": "df290bb0-3664-47ee-8692-6d6ec781700c",
            "mac_address": "fa:16:3e:f7:ad:56",
            "name": "internal-k8sw2",
            "network_id": "73e7b155-18a9-401a-89ad-8a90b7919cf4",
            "no_fixed_ip": null,
            "no_security_groups": null,
            "port_security_enabled": true,
            "qos_policy_id": "",
            "region": "RegionOne",
            "security_group_ids": [
              "280b17bd-659b-448c-89fa-992a617855ff",
              "507e0ace-1932-40ab-ad78-e24b6374cf30",
              "a600f2d7-40b2-4d44-8bc6-4b5e5d8d143f",
              "fa219b30-aba2-43f7-87b6-40b529eac175"
            ],
            "tags": [],
            "tenant_id": "3e356dfb99d84489a569259710ee3452",
            "timeouts": null,
            "value_specs": null
          },
          "sensitive_attributes": [],
          "identity_schema_version": 0,
          "private": "eyJlMmJmYjczMC1lY2FhLTExZTYtOGY4OC0zNDM2M2JjN2M0YzAiOnsiY3JlYXRlIjo2MDAwMDAwMDAwMDAsImRlbGV0ZSI6NjAwMDAwMDAwMDAwfX0=",
          "dependencies": [
            "module.k8sw.data.openstack_networking_network_v2.network",
            "module.k8sw.data.openstack_networking_secgroup_v2.sg",
            "module.k8sw.data.openstack_networking_subnet_v2.subnet"
          ]
        },
        {
          "index_key": 2,
          "schema_version": 0,
          "attributes": {
            "admin_state_up": true,
            "all_fixed_ips": [
              "10.0.1.148"
            ],
            "all_security_group_ids": [
              "280b17bd-659b-448c-89fa-992a617855ff",
              "507e0ace-1932-40ab-ad78-e24b6374cf30",
              "a600f2d7-40b2-4d44-8bc6-4b5e5d8d143f",
              "fa219b30-aba2-43f7-87b6-40b529eac175"
            ],
            "all_tags": [],
            "allowed_address_pairs": [
              {
                "ip_address": "10.200.0.0/16",
                "mac_address": ""
              },
              {
                "ip_address": "10.201.0.0/16",
                "mac_address": ""
              }
            ],
            "binding": [
              {
                "host_id": "controller1",
                "profile": "{}",
                "vif_details": {
                  "bound_drivers": "{\"0\":\"openvswitch\"}",
                  "bridge_name": "br-int",
                  "connectivity": "l2",
                  "datapath_type": "system",
                  "ovs_hybrid_plug": "true",
                  "port_filter": "true"
                },
                "vif_type": "ovs",
                "vnic_type": "normal"
              }
            ],
            "description": "",
            "device_id": "c17a65fc-7fa8-4606-a8cc-91cf430862e3",
            "device_owner": "compute:nova",
            "dns_assignment": [],
            "dns_name": "",
            "extra_dhcp_option": [],
            "fixed_ip": [
              {
                "ip_address": "",
                "subnet_id": "c52175d1-63e2-459a-b776-bb80c99ff05a"
              }
            ],
            "id": "57fe8d2a-e4ac-47c9-b186-42e755965743",
            "mac_address": "fa:16:3e:07:04:3d",
            "name": "internal-k8sw3",
            "network_id": "73e7b155-18a9-401a-89ad-8a90b7919cf4",
            "no_fixed_ip": null,
            "no_security_groups": null,
            "port_security_enabled": true,
            "qos_policy_id": "",
            "region": "RegionOne",
            "security_group_ids": [
              "280b17bd-659b-448c-89fa-992a617855ff",
              "507e0ace-1932-40ab-ad78-e24b6374cf30",
              "a600f2d7-40b2-4d44-8bc6-4b5e5d8d143f",
              "fa219b30-aba2-43f7-87b6-40b529eac175"
            ],
            "tags": [],
            "tenant_id": "3e356dfb99d84489a569259710ee3452",
            "timeouts": null,
            "value_specs": null
          },
          "sensitive_attributes": [],
          "identity_schema_version": 0,
          "private": "eyJlMmJmYjczMC1lY2FhLTExZTYtOGY4OC0zNDM2M2JjN2M0YzAiOnsiY3JlYXRlIjo2MDAwMDAwMDAwMDAsImRlbGV0ZSI6NjAwMDAwMDAwMDAwfX0=",
          "dependencies": [
            "module.k8sw.data.openstack_networking_network_v2.network",
            "module.k8sw.data.openstack_networking_secgroup_v2.sg",
            "module.k8sw.data.openstack_networking_subnet_v2.subnet"
          ]
        }
      ]
    },
    {
      "module": "module.minio",
      "mode": "data",
      "type": "openstack_networking_network_v2",
      "name": "network",
      "provider": "provider[\"registry.terraform.io/terraform-provider-openstack/openstack\"]",
      "instances": [
        {
          "schema_version": 0,
          "attributes": {
            "admin_state_up": "true",
            "all_tags": [],
            "availability_zone_hints": [],
            "description": "",
            "dns_domain": "",
            "external": false,
            "id": "73e7b155-18a9-401a-89ad-8a90b7919cf4",
            "matching_subnet_cidr": null,
            "mtu": 1450,
            "name": "internal_dev",
            "network_id": null,
            "region": "RegionOne",
            "segments": [
              {
                "network_type": "vxlan",
                "physical_network": "",
                "segmentation_id": 736
              }
            ],
            "shared": "false",
            "status": null,
            "subnets": [
              "c52175d1-63e2-459a-b776-bb80c99ff05a"
            ],
            "tags": null,
            "tenant_id": "3e356dfb99d84489a569259710ee3452",
            "transparent_vlan": false
          },
          "sensitive_attributes": [],
          "identity_schema_version": 0
        }
      ]
    },
    {
      "module": "module.minio",
      "mode": "data",
      "type": "openstack_networking_port_v2",
      "name": "port",
      "provider": "provider[\"registry.terraform.io/terraform-provider-openstack/openstack\"]",
      "instances": [
        {
          "index_key": 0,
          "schema_version": 0,
          "attributes": {
            "admin_state_up": true,
            "all_fixed_ips": [
              "10.0.1.48"
            ],
            "all_security_group_ids": [
              "280b17bd-659b-448c-89fa-992a617855ff",
              "507e0ace-1932-40ab-ad78-e24b6374cf30",
              "72b2a4c4-755f-4818-8e8a-a88d04a2b3c5",
              "ae007266-317c-4faa-8e5e-7ec993a27e36"
            ],
            "all_tags": [],
            "allowed_address_pairs": [],
            "binding": [
              {
                "host_id": "controller1",
                "profile": "{}",
                "vif_details": {
                  "bound_drivers": "{\"0\":\"openvswitch\"}",
                  "bridge_name": "br-int",
                  "connectivity": "l2",
                  "datapath_type": "system",
                  "ovs_hybrid_plug": "true",
                  "port_filter": "true"
                },
                "vif_type": "ovs",
                "vnic_type": "normal"
              }
            ],
            "description": "",
            "device_id": "bdac02e6-e0c9-471f-9366-9b4ef7cd5708",
            "device_owner": "compute:nova",
            "dns_assignment": [],
            "dns_name": "",
            "extra_dhcp_option": [],
            "fixed_ip": null,
            "id": "9fec98a0-112e-4249-87da-10df473b9332",
            "mac_address": "fa:16:3e:39:69:2e",
            "name": "internal-minio1",
            "network_id": "73e7b155-18a9-401a-89ad-8a90b7919cf4",
            "port_id": "9fec98a0-112e-4249-87da-10df473b9332",
            "project_id": "3e356dfb99d84489a569259710ee3452",
            "region": "RegionOne",
            "security_group_ids": null,
            "status": null,
            "tags": null,
            "tenant_id": "3e356dfb99d84489a569259710ee3452"
          },
          "sensitive_attributes": [],
          "identity_schema_version": 0
        }
      ]
    },
    {
      "module": "module.minio",
      "mode": "data",
      "type": "openstack_networking_secgroup_v2",
      "name": "sg",
      "provider": "provider[\"registry.terraform.io/terraform-provider-openstack/openstack\"]",
      "instances": [
        {
          "index_key": "all_internal",
          "schema_version": 0,
          "attributes": {
            "all_tags": [],
            "description": "all_internal",
            "id": "507e0ace-1932-40ab-ad78-e24b6374cf30",
            "name": "all_internal",
            "region": "RegionOne",
            "secgroup_id": null,
            "tags": null,
            "tenant_id": "3e356dfb99d84489a569259710ee3452"
          },
          "sensitive_attributes": [],
          "identity_schema_version": 0
        },
        {
          "index_key": "minio",
          "schema_version": 0,
          "attributes": {
            "all_tags": [],
            "description": "Security group for MinIO S3 service",
            "id": "ae007266-317c-4faa-8e5e-7ec993a27e36",
            "name": "minio",
            "region": "RegionOne",
            "secgroup_id": null,
            "tags": null,
            "tenant_id": "3e356dfb99d84489a569259710ee3452"
          },
          "sensitive_attributes": [],
          "identity_schema_version": 0
        },
        {
          "index_key": "node_exporter",
          "schema_version": 0,
          "attributes": {
            "all_tags": [],
            "description": "node_exporter",
            "id": "72b2a4c4-755f-4818-8e8a-a88d04a2b3c5",
            "name": "node_exporter",
            "region": "RegionOne",
            "secgroup_id": null,
            "tags": null,
            "tenant_id": "3e356dfb99d84489a569259710ee3452"
          },
          "sensitive_attributes": [],
          "identity_schema_version": 0
        },
        {
          "index_key": "ssh-internal",
          "schema_version": 0,
          "attributes": {
            "all_tags": [],
            "description": "ssh-internal",
            "id": "280b17bd-659b-448c-89fa-992a617855ff",
            "name": "ssh-internal",
            "region": "RegionOne",
            "secgroup_id": null,
            "tags": null,
            "tenant_id": "3e356dfb99d84489a569259710ee3452"
          },
          "sensitive_attributes": [],
          "identity_schema_version": 0
        }
      ]
    },
    {
      "module": "module.minio",
      "mode": "data",
      "type": "openstack_networking_subnet_ids_v2",
      "name": "ext_subnets",
      "provider": "provider[\"registry.terraform.io/terraform-provider-openstack/openstack\"]",
      "instances": []
    },
    {
      "module": "module.minio",
      "mode": "data",
      "type": "openstack_networking_subnet_v2",
      "name": "subnet",
      "provider": "provider[\"registry.terraform.io/terraform-provider-openstack/openstack\"]",
      "instances": [
        {
          "schema_version": 0,
          "attributes": {
            "all_tags": [],
            "allocation_pools": [
              {
                "end": "10.0.1.254",
                "start": "10.0.1.2"
              }
            ],
            "cidr": "10.0.1.0/24",
            "description": "",
            "dhcp_disabled": null,
            "dhcp_enabled": null,
            "dns_nameservers": [
              "1.1.1.1",
              "8.8.8.8"
            ],
            "enable_dhcp": true,
            "gateway_ip": "10.0.1.1",
            "host_routes": [],
            "id": "c52175d1-63e2-459a-b776-bb80c99ff05a",
            "ip_version": 4,
            "ipv6_address_mode": "",
            "ipv6_ra_mode": "",
            "name": "internal_dev",
            "network_id": "73e7b155-18a9-401a-89ad-8a90b7919cf4",
            "region": "RegionOne",
            "service_types": [],
            "subnet_id": null,
            "subnetpool_id": "",
            "tags": null,
            "tenant_id": "3e356dfb99d84489a569259710ee3452"
          },
          "sensitive_attributes": [],
          "identity_schema_version": 0
        }
      ]
    },
    {
      "module": "module.minio",
      "mode": "data",
      "type": "template_file",
      "name": "userdata",
      "provider": "provider[\"registry.terraform.io/hashicorp/template\"]",
      "instances": [
        {
          "schema_version": 0,
          "attributes": {
            "filename": null,
            "id": "ea462fe5917aec78d73a38f3c4c477881bf1dea4e84df30bdc44d823fd8bbcd1",
            "rendered": "#cloud-config\nusers:\n  - default\n  - name: staner\n    primary_group: staner\n    groups: [sudo,adm]\n    sudo: ALL=(ALL) NOPASSWD:ALL\n    groups: sudo\n    shell: /bin/bash\n    lock_passwd: true\n    ssh-authorized-keys: \n    - ssh-rsa AAAAB3NzaC1yc2EAAAADAQABAAACAQCkmUQVaIHRxoukQftYJJjuPf1an104jLltRlN0y8xAsVQ+OXIvORbaYvHwbry4PXQXUZYnFDOX/ybl6wAI5Lxt7STe2xUY7mYrBCn1+lfirB1LnlOKDEDQGndXQPUrH1CbUbZw7MxXAVif+I1iPlf4pgXlic1i7FigQiRS2bMkiVrbtkXufGnNgbOar0iaLKdFuYNERk/WJSjIz7HPoljqULWctXzqpFDXPs/GKKPbH96iH0SFLTDG5tCMN424saAnkAcFcGsW0BqVpLBSBUCcySoaKcWgGYqHB+OPRa50NqZ2ljuopIvQMFA4Otg6dcDWshklP265NHddB3QWs3t/JQvDYGe7Ld8i4eQtMFsNNL0R6E8XOYT8hAb75K4H77SACU+BGAmwHGC13IFhTWRct5KC+wskYi/J9zmslugk9jQcoPwIFdMA9nkzOWPIMwMYM4A+BxL8ne4unP8786Zemuyft8lE/Q3SOFg8SV+UjRjlsL+EfrCIngEZLnUzj/gpNZLGi+En3qm3mZhIsoC55KW4lutlZwnXnpU3swJ9wR/LKJtup5UcVx2pRDmwLzW20WI46fF2/HLMHWlpWuK/r0N5nEg7BMB3B4j1KLqkTljN9Fu5OMyCNBN/M8pyoFqf7TQaP0OsGcBzVvx1i3oUTVqQwAriBr2hYe6L6Z1lnQ== staner@staner-home\n",
            "template": "#cloud-config\nusers:\n  - default\n  - name: staner\n    primary_group: staner\n    groups: [sudo,adm]\n    sudo: ALL=(ALL) NOPASSWD:ALL\n    groups: sudo\n    shell: /bin/bash\n    lock_passwd: true\n    ssh-authorized-keys: \n    - ssh-rsa AAAAB3NzaC1yc2EAAAADAQABAAACAQCkmUQVaIHRxoukQftYJJjuPf1an104jLltRlN0y8xAsVQ+OXIvORbaYvHwbry4PXQXUZYnFDOX/ybl6wAI5Lxt7STe2xUY7mYrBCn1+lfirB1LnlOKDEDQGndXQPUrH1CbUbZw7MxXAVif+I1iPlf4pgXlic1i7FigQiRS2bMkiVrbtkXufGnNgbOar0iaLKdFuYNERk/WJSjIz7HPoljqULWctXzqpFDXPs/GKKPbH96iH0SFLTDG5tCMN424saAnkAcFcGsW0BqVpLBSBUCcySoaKcWgGYqHB+OPRa50NqZ2ljuopIvQMFA4Otg6dcDWshklP265NHddB3QWs3t/JQvDYGe7Ld8i4eQtMFsNNL0R6E8XOYT8hAb75K4H77SACU+BGAmwHGC13IFhTWRct5KC+wskYi/J9zmslugk9jQcoPwIFdMA9nkzOWPIMwMYM4A+BxL8ne4unP8786Zemuyft8lE/Q3SOFg8SV+UjRjlsL+EfrCIngEZLnUzj/gpNZLGi+En3qm3mZhIsoC55KW4lutlZwnXnpU3swJ9wR/LKJtup5UcVx2pRDmwLzW20WI46fF2/HLMHWlpWuK/r0N5nEg7BMB3B4j1KLqkTljN9Fu5OMyCNBN/M8pyoFqf7TQaP0OsGcBzVvx1i3oUTVqQwAriBr2hYe6L6Z1lnQ== staner@staner-home\n",
            "vars": null
          },
          "sensitive_attributes": [],
          "identity_schema_version": 0
        }
      ]
    },
    {
      "module": "module.minio",
      "mode": "managed",
      "type": "openstack_blockstorage_volume_v3",
      "name": "volumes",
      "provider": "provider[\"registry.terraform.io/terraform-provider-openstack/openstack\"]",
      "instances": [
        {
          "index_key": "minio1-volume-0",
          "schema_version": 0,
          "attributes": {
            "attachment": [
              {
                "device": "/dev/vdb",
                "id": "44276bf4-d2b3-4f2f-92da-eeee1f17540b",
                "instance_id": "bdac02e6-e0c9-471f-9366-9b4ef7cd5708"
              }
            ],
            "availability_zone": "nova",
            "consistency_group_id": null,
            "description": "",
            "enable_online_resize": null,
            "id": "44276bf4-d2b3-4f2f-92da-eeee1f17540b",
            "image_id": null,
            "metadata": {},
            "multiattach": null,
            "name": "minio1-volume-0",
            "region": "RegionOne",
            "scheduler_hints": [],
            "size": 20,
            "snapshot_id": "",
            "source_replica": null,
            "source_vol_id": "",
            "timeouts": null,
            "volume_type": "lvm-1"
          },
          "sensitive_attributes": [],
          "identity_schema_version": 0,
          "private": "eyJlMmJmYjczMC1lY2FhLTExZTYtOGY4OC0zNDM2M2JjN2M0YzAiOnsiY3JlYXRlIjo2MDAwMDAwMDAwMDAsImRlbGV0ZSI6NjAwMDAwMDAwMDAwfX0=",
          "dependencies": [
            "module.minio.data.openstack_networking_network_v2.network",
            "module.minio.data.openstack_networking_port_v2.port",
            "module.minio.data.openstack_networking_secgroup_v2.sg",
            "module.minio.data.openstack_networking_subnet_v2.subnet",
            "module.minio.data.template_file.userdata",
            "module.minio.openstack_compute_instance_v2.instance",
            "module.minio.openstack_networking_port_v2.internal_port"
          ]
        }
      ]
    },
    {
      "module": "module.minio",
      "mode": "managed",
      "type": "openstack_compute_floatingip_associate_v2",
      "name": "fip_assoc_fixed",
      "provider": "provider[\"registry.terraform.io/terraform-provider-openstack/openstack\"]",
      "instances": []
    },
    {
      "module": "module.minio",
      "mode": "managed",
      "type": "openstack_compute_floatingip_associate_v2",
      "name": "fip_assoc_random",
      "provider": "provider[\"registry.terraform.io/terraform-provider-openstack/openstack\"]",
      "instances": []
    },
    {
      "module": "module.minio",
      "mode": "managed",
      "type": "openstack_compute_instance_v2",
      "name": "instance",
      "provider": "provider[\"registry.terraform.io/terraform-provider-openstack/openstack\"]",
      "instances": [
        {
          "index_key": 0,
          "schema_version": 0,
          "attributes": {
            "access_ip_v4": "10.0.1.48",
            "access_ip_v6": "",
            "admin_pass": null,
            "all_metadata": {
              "app": "minio",
              "environment": "dev"
            },
            "all_tags": [],
            "availability_zone": "nova",
            "availability_zone_hints": null,
            "block_device": [],
            "config_drive": null,
            "created": "2025-06-26 09:49:46 +0000 UTC",
            "flavor_id": "3",
            "flavor_name": "m1.medium",
            "floating_ip": null,
            "force_delete": false,
            "id": "bdac02e6-e0c9-471f-9366-9b4ef7cd5708",
            "image_id": "4b370c45-fc98-4dab-88ee-22e09bb57679",
            "image_name": "Bookworm",
            "key_pair": "default_key",
            "metadata": {
              "app": "minio",
              "environment": "dev"
            },
            "name": "minio1",
            "network": [
              {
                "access_network": false,
                "fixed_ip_v4": "10.0.1.48",
                "fixed_ip_v6": "",
                "floating_ip": "",
                "mac": "fa:16:3e:39:69:2e",
                "name": "internal_dev",
                "port": "9fec98a0-112e-4249-87da-10df473b9332",
                "uuid": "73e7b155-18a9-401a-89ad-8a90b7919cf4"
              }
            ],
            "network_mode": null,
            "personality": [],
            "power_state": "active",
            "region": "RegionOne",
            "scheduler_hints": [],
            "security_groups": [
              "all_internal",
              "minio",
              "node_exporter",
              "ssh-internal"
            ],
            "stop_before_destroy": false,
            "tags": [],
            "timeouts": null,
            "updated": "2025-06-27 06:50:11 +0000 UTC",
            "user_data": "33ea81a631c5604f7174385a364dfdfc7f50f148",
            "vendor_options": [],
            "volume": []
          },
          "sensitive_attributes": [
            [
              {
                "type": "get_attr",
                "value": "admin_pass"
              }
            ]
          ],
          "identity_schema_version": 0,
          "private": "eyJlMmJmYjczMC1lY2FhLTExZTYtOGY4OC0zNDM2M2JjN2M0YzAiOnsiY3JlYXRlIjoxODAwMDAwMDAwMDAwLCJkZWxldGUiOjE4MDAwMDAwMDAwMDAsInVwZGF0ZSI6MTgwMDAwMDAwMDAwMH19",
          "dependencies": [
            "module.minio.data.openstack_networking_network_v2.network",
            "module.minio.data.openstack_networking_port_v2.port",
            "module.minio.data.openstack_networking_secgroup_v2.sg",
            "module.minio.data.openstack_networking_subnet_v2.subnet",
            "module.minio.data.template_file.userdata",
            "module.minio.openstack_networking_port_v2.internal_port"
          ]
        }
      ]
    },
    {
      "module": "module.minio",
      "mode": "managed",
      "type": "openstack_compute_volume_attach_v2",
      "name": "attached",
      "provider": "provider[\"registry.terraform.io/terraform-provider-openstack/openstack\"]",
      "instances": [
        {
          "index_key": "minio1-volume-0",
          "schema_version": 0,
          "attributes": {
            "device": "/dev/vdb",
            "id": "bdac02e6-e0c9-471f-9366-9b4ef7cd5708/44276bf4-d2b3-4f2f-92da-eeee1f17540b",
            "instance_id": "bdac02e6-e0c9-471f-9366-9b4ef7cd5708",
            "multiattach": null,
            "region": "RegionOne",
            "timeouts": null,
            "vendor_options": [],
            "volume_id": "44276bf4-d2b3-4f2f-92da-eeee1f17540b"
          },
          "sensitive_attributes": [],
          "identity_schema_version": 0,
          "private": "eyJlMmJmYjczMC1lY2FhLTExZTYtOGY4OC0zNDM2M2JjN2M0YzAiOnsiY3JlYXRlIjo2MDAwMDAwMDAwMDAsImRlbGV0ZSI6NjAwMDAwMDAwMDAwfX0=",
          "dependencies": [
            "module.minio.data.openstack_networking_network_v2.network",
            "module.minio.data.openstack_networking_port_v2.port",
            "module.minio.data.openstack_networking_secgroup_v2.sg",
            "module.minio.data.openstack_networking_subnet_v2.subnet",
            "module.minio.data.template_file.userdata",
            "module.minio.openstack_blockstorage_volume_v3.volumes",
            "module.minio.openstack_compute_instance_v2.instance",
            "module.minio.openstack_networking_port_v2.internal_port"
          ]
        }
      ]
    },
    {
      "module": "module.minio",
      "mode": "managed",
      "type": "openstack_networking_floatingip_v2",
      "name": "floatip_1_random",
      "provider": "provider[\"registry.terraform.io/terraform-provider-openstack/openstack\"]",
      "instances": []
    },
    {
      "module": "module.minio",
      "mode": "managed",
      "type": "openstack_networking_port_v2",
      "name": "internal_port",
      "provider": "provider[\"registry.terraform.io/terraform-provider-openstack/openstack\"]",
      "instances": [
        {
          "index_key": 0,
          "schema_version": 0,
          "attributes": {
            "admin_state_up": true,
            "all_fixed_ips": [
              "10.0.1.48"
            ],
            "all_security_group_ids": [
              "280b17bd-659b-448c-89fa-992a617855ff",
              "507e0ace-1932-40ab-ad78-e24b6374cf30",
              "72b2a4c4-755f-4818-8e8a-a88d04a2b3c5",
              "ae007266-317c-4faa-8e5e-7ec993a27e36"
            ],
            "all_tags": [],
            "allowed_address_pairs": [],
            "binding": [
              {
                "host_id": "controller1",
                "profile": "{}",
                "vif_details": {
                  "bound_drivers": "{\"0\":\"openvswitch\"}",
                  "bridge_name": "br-int",
                  "connectivity": "l2",
                  "datapath_type": "system",
                  "ovs_hybrid_plug": "true",
                  "port_filter": "true"
                },
                "vif_type": "ovs",
                "vnic_type": "normal"
              }
            ],
            "description": "",
            "device_id": "bdac02e6-e0c9-471f-9366-9b4ef7cd5708",
            "device_owner": "compute:nova",
            "dns_assignment": [],
            "dns_name": "",
            "extra_dhcp_option": [],
            "fixed_ip": [
              {
                "ip_address": "",
                "subnet_id": "c52175d1-63e2-459a-b776-bb80c99ff05a"
              }
            ],
            "id": "9fec98a0-112e-4249-87da-10df473b9332",
            "mac_address": "fa:16:3e:39:69:2e",
            "name": "internal-minio1",
            "network_id": "73e7b155-18a9-401a-89ad-8a90b7919cf4",
            "no_fixed_ip": null,
            "no_security_groups": null,
            "port_security_enabled": true,
            "qos_policy_id": "",
            "region": "RegionOne",
            "security_group_ids": [
              "280b17bd-659b-448c-89fa-992a617855ff",
              "507e0ace-1932-40ab-ad78-e24b6374cf30",
              "72b2a4c4-755f-4818-8e8a-a88d04a2b3c5",
              "ae007266-317c-4faa-8e5e-7ec993a27e36"
            ],
            "tags": [],
            "tenant_id": "3e356dfb99d84489a569259710ee3452",
            "timeouts": null,
            "value_specs": null
          },
          "sensitive_attributes": [],
          "identity_schema_version": 0,
          "private": "eyJlMmJmYjczMC1lY2FhLTExZTYtOGY4OC0zNDM2M2JjN2M0YzAiOnsiY3JlYXRlIjo2MDAwMDAwMDAwMDAsImRlbGV0ZSI6NjAwMDAwMDAwMDAwfX0=",
          "dependencies": [
            "module.minio.data.openstack_networking_network_v2.network",
            "module.minio.data.openstack_networking_secgroup_v2.sg",
            "module.minio.data.openstack_networking_subnet_v2.subnet"
          ]
        }
      ]
    },
    {
      "module": "module.mqtt",
      "mode": "data",
      "type": "openstack_networking_network_v2",
      "name": "network",
      "provider": "provider[\"registry.terraform.io/terraform-provider-openstack/openstack\"]",
      "instances": [
        {
          "schema_version": 0,
          "attributes": {
            "admin_state_up": "true",
            "all_tags": [],
            "availability_zone_hints": [],
            "description": "",
            "dns_domain": "",
            "external": false,
            "id": "73e7b155-18a9-401a-89ad-8a90b7919cf4",
            "matching_subnet_cidr": null,
            "mtu": 1450,
            "name": "internal_dev",
            "network_id": null,
            "region": "RegionOne",
            "segments": [
              {
                "network_type": "vxlan",
                "physical_network": "",
                "segmentation_id": 736
              }
            ],
            "shared": "false",
            "status": null,
            "subnets": [
              "c52175d1-63e2-459a-b776-bb80c99ff05a"
            ],
            "tags": null,
            "tenant_id": "3e356dfb99d84489a569259710ee3452",
            "transparent_vlan": false
          },
          "sensitive_attributes": [],
          "identity_schema_version": 0
        }
      ]
    },
    {
      "module": "module.mqtt",
      "mode": "data",
      "type": "openstack_networking_port_v2",
      "name": "port",
      "provider": "provider[\"registry.terraform.io/terraform-provider-openstack/openstack\"]",
      "instances": [
        {
          "index_key": 0,
          "schema_version": 0,
          "attributes": {
            "admin_state_up": true,
            "all_fixed_ips": [
              "10.0.1.239"
            ],
            "all_security_group_ids": [
              "280b17bd-659b-448c-89fa-992a617855ff",
              "2a4bd10f-c80a-418b-94d8-f22e2c698872",
              "507e0ace-1932-40ab-ad78-e24b6374cf30",
              "72b2a4c4-755f-4818-8e8a-a88d04a2b3c5"
            ],
            "all_tags": [],
            "allowed_address_pairs": [],
            "binding": [
              {
                "host_id": "controller1",
                "profile": "{}",
                "vif_details": {
                  "bound_drivers": "{\"0\":\"openvswitch\"}",
                  "bridge_name": "br-int",
                  "connectivity": "l2",
                  "datapath_type": "system",
                  "ovs_hybrid_plug": "true",
                  "port_filter": "true"
                },
                "vif_type": "ovs",
                "vnic_type": "normal"
              }
            ],
            "description": "",
            "device_id": "9703c7f4-f9b1-4f13-a291-493d67d47c4f",
            "device_owner": "compute:nova",
            "dns_assignment": [],
            "dns_name": "",
            "extra_dhcp_option": [],
            "fixed_ip": null,
            "id": "c132e4e4-ba30-496e-9255-faaebb8e7387",
            "mac_address": "fa:16:3e:e7:22:e5",
            "name": "internal-mqtt1",
            "network_id": "73e7b155-18a9-401a-89ad-8a90b7919cf4",
            "port_id": "c132e4e4-ba30-496e-9255-faaebb8e7387",
            "project_id": "3e356dfb99d84489a569259710ee3452",
            "region": "RegionOne",
            "security_group_ids": null,
            "status": null,
            "tags": null,
            "tenant_id": "3e356dfb99d84489a569259710ee3452"
          },
          "sensitive_attributes": [],
          "identity_schema_version": 0
        }
      ]
    },
    {
      "module": "module.mqtt",
      "mode": "data",
      "type": "openstack_networking_secgroup_v2",
      "name": "sg",
      "provider": "provider[\"registry.terraform.io/terraform-provider-openstack/openstack\"]",
      "instances": [
        {
          "index_key": "all_internal",
          "schema_version": 0,
          "attributes": {
            "all_tags": [],
            "description": "all_internal",
            "id": "507e0ace-1932-40ab-ad78-e24b6374cf30",
            "name": "all_internal",
            "region": "RegionOne",
            "secgroup_id": null,
            "tags": null,
            "tenant_id": "3e356dfb99d84489a569259710ee3452"
          },
          "sensitive_attributes": [],
          "identity_schema_version": 0
        },
        {
          "index_key": "mqtt",
          "schema_version": 0,
          "attributes": {
            "all_tags": [],
            "description": "Security group for MQTT broker",
            "id": "2a4bd10f-c80a-418b-94d8-f22e2c698872",
            "name": "mqtt",
            "region": "RegionOne",
            "secgroup_id": null,
            "tags": null,
            "tenant_id": "3e356dfb99d84489a569259710ee3452"
          },
          "sensitive_attributes": [],
          "identity_schema_version": 0
        },
        {
          "index_key": "node_exporter",
          "schema_version": 0,
          "attributes": {
            "all_tags": [],
            "description": "node_exporter",
            "id": "72b2a4c4-755f-4818-8e8a-a88d04a2b3c5",
            "name": "node_exporter",
            "region": "RegionOne",
            "secgroup_id": null,
            "tags": null,
            "tenant_id": "3e356dfb99d84489a569259710ee3452"
          },
          "sensitive_attributes": [],
          "identity_schema_version": 0
        },
        {
          "index_key": "ssh-internal",
          "schema_version": 0,
          "attributes": {
            "all_tags": [],
            "description": "ssh-internal",
            "id": "280b17bd-659b-448c-89fa-992a617855ff",
            "name": "ssh-internal",
            "region": "RegionOne",
            "secgroup_id": null,
            "tags": null,
            "tenant_id": "3e356dfb99d84489a569259710ee3452"
          },
          "sensitive_attributes": [],
          "identity_schema_version": 0
        }
      ]
    },
    {
      "module": "module.mqtt",
      "mode": "data",
      "type": "openstack_networking_subnet_ids_v2",
      "name": "ext_subnets",
      "provider": "provider[\"registry.terraform.io/terraform-provider-openstack/openstack\"]",
      "instances": []
    },
    {
      "module": "module.mqtt",
      "mode": "data",
      "type": "openstack_networking_subnet_v2",
      "name": "subnet",
      "provider": "provider[\"registry.terraform.io/terraform-provider-openstack/openstack\"]",
      "instances": [
        {
          "schema_version": 0,
          "attributes": {
            "all_tags": [],
            "allocation_pools": [
              {
                "end": "10.0.1.254",
                "start": "10.0.1.2"
              }
            ],
            "cidr": "10.0.1.0/24",
            "description": "",
            "dhcp_disabled": null,
            "dhcp_enabled": null,
            "dns_nameservers": [
              "1.1.1.1",
              "8.8.8.8"
            ],
            "enable_dhcp": true,
            "gateway_ip": "10.0.1.1",
            "host_routes": [],
            "id": "c52175d1-63e2-459a-b776-bb80c99ff05a",
            "ip_version": 4,
            "ipv6_address_mode": "",
            "ipv6_ra_mode": "",
            "name": "internal_dev",
            "network_id": "73e7b155-18a9-401a-89ad-8a90b7919cf4",
            "region": "RegionOne",
            "service_types": [],
            "subnet_id": null,
            "subnetpool_id": "",
            "tags": null,
            "tenant_id": "3e356dfb99d84489a569259710ee3452"
          },
          "sensitive_attributes": [],
          "identity_schema_version": 0
        }
      ]
    },
    {
      "module": "module.mqtt",
      "mode": "data",
      "type": "template_file",
      "name": "userdata",
      "provider": "provider[\"registry.terraform.io/hashicorp/template\"]",
      "instances": [
        {
          "schema_version": 0,
          "attributes": {
            "filename": null,
            "id": "ea462fe5917aec78d73a38f3c4c477881bf1dea4e84df30bdc44d823fd8bbcd1",
            "rendered": "#cloud-config\nusers:\n  - default\n  - name: staner\n    primary_group: staner\n    groups: [sudo,adm]\n    sudo: ALL=(ALL) NOPASSWD:ALL\n    groups: sudo\n    shell: /bin/bash\n    lock_passwd: true\n    ssh-authorized-keys: \n    - ssh-rsa AAAAB3NzaC1yc2EAAAADAQABAAACAQCkmUQVaIHRxoukQftYJJjuPf1an104jLltRlN0y8xAsVQ+OXIvORbaYvHwbry4PXQXUZYnFDOX/ybl6wAI5Lxt7STe2xUY7mYrBCn1+lfirB1LnlOKDEDQGndXQPUrH1CbUbZw7MxXAVif+I1iPlf4pgXlic1i7FigQiRS2bMkiVrbtkXufGnNgbOar0iaLKdFuYNERk/WJSjIz7HPoljqULWctXzqpFDXPs/GKKPbH96iH0SFLTDG5tCMN424saAnkAcFcGsW0BqVpLBSBUCcySoaKcWgGYqHB+OPRa50NqZ2ljuopIvQMFA4Otg6dcDWshklP265NHddB3QWs3t/JQvDYGe7Ld8i4eQtMFsNNL0R6E8XOYT8hAb75K4H77SACU+BGAmwHGC13IFhTWRct5KC+wskYi/J9zmslugk9jQcoPwIFdMA9nkzOWPIMwMYM4A+BxL8ne4unP8786Zemuyft8lE/Q3SOFg8SV+UjRjlsL+EfrCIngEZLnUzj/gpNZLGi+En3qm3mZhIsoC55KW4lutlZwnXnpU3swJ9wR/LKJtup5UcVx2pRDmwLzW20WI46fF2/HLMHWlpWuK/r0N5nEg7BMB3B4j1KLqkTljN9Fu5OMyCNBN/M8pyoFqf7TQaP0OsGcBzVvx1i3oUTVqQwAriBr2hYe6L6Z1lnQ== staner@staner-home\n",
            "template": "#cloud-config\nusers:\n  - default\n  - name: staner\n    primary_group: staner\n    groups: [sudo,adm]\n    sudo: ALL=(ALL) NOPASSWD:ALL\n    groups: sudo\n    shell: /bin/bash\n    lock_passwd: true\n    ssh-authorized-keys: \n    - ssh-rsa AAAAB3NzaC1yc2EAAAADAQABAAACAQCkmUQVaIHRxoukQftYJJjuPf1an104jLltRlN0y8xAsVQ+OXIvORbaYvHwbry4PXQXUZYnFDOX/ybl6wAI5Lxt7STe2xUY7mYrBCn1+lfirB1LnlOKDEDQGndXQPUrH1CbUbZw7MxXAVif+I1iPlf4pgXlic1i7FigQiRS2bMkiVrbtkXufGnNgbOar0iaLKdFuYNERk/WJSjIz7HPoljqULWctXzqpFDXPs/GKKPbH96iH0SFLTDG5tCMN424saAnkAcFcGsW0BqVpLBSBUCcySoaKcWgGYqHB+OPRa50NqZ2ljuopIvQMFA4Otg6dcDWshklP265NHddB3QWs3t/JQvDYGe7Ld8i4eQtMFsNNL0R6E8XOYT8hAb75K4H77SACU+BGAmwHGC13IFhTWRct5KC+wskYi/J9zmslugk9jQcoPwIFdMA9nkzOWPIMwMYM4A+BxL8ne4unP8786Zemuyft8lE/Q3SOFg8SV+UjRjlsL+EfrCIngEZLnUzj/gpNZLGi+En3qm3mZhIsoC55KW4lutlZwnXnpU3swJ9wR/LKJtup5UcVx2pRDmwLzW20WI46fF2/HLMHWlpWuK/r0N5nEg7BMB3B4j1KLqkTljN9Fu5OMyCNBN/M8pyoFqf7TQaP0OsGcBzVvx1i3oUTVqQwAriBr2hYe6L6Z1lnQ== staner@staner-home\n",
            "vars": null
          },
          "sensitive_attributes": [],
          "identity_schema_version": 0
        }
      ]
    },
    {
      "module": "module.mqtt",
      "mode": "managed",
      "type": "openstack_blockstorage_volume_v3",
      "name": "volumes",
      "provider": "provider[\"registry.terraform.io/terraform-provider-openstack/openstack\"]",
      "instances": [
        {
          "index_key": "mqtt1-volume-0",
          "schema_version": 0,
          "attributes": {
            "attachment": [
              {
                "device": "/dev/vdb",
                "id": "e1d4173b-5cd7-42fd-bc66-918832e14e6b",
                "instance_id": "9703c7f4-f9b1-4f13-a291-493d67d47c4f"
              }
            ],
            "availability_zone": "nova",
            "consistency_group_id": null,
            "description": "",
            "enable_online_resize": null,
            "id": "e1d4173b-5cd7-42fd-bc66-918832e14e6b",
            "image_id": null,
            "metadata": {},
            "multiattach": null,
            "name": "mqtt1-volume-0",
            "region": "RegionOne",
            "scheduler_hints": [],
            "size": 20,
            "snapshot_id": "",
            "source_replica": null,
            "source_vol_id": "",
            "timeouts": null,
            "volume_type": "lvm-1"
          },
          "sensitive_attributes": [],
          "identity_schema_version": 0,
          "private": "eyJlMmJmYjczMC1lY2FhLTExZTYtOGY4OC0zNDM2M2JjN2M0YzAiOnsiY3JlYXRlIjo2MDAwMDAwMDAwMDAsImRlbGV0ZSI6NjAwMDAwMDAwMDAwfX0=",
          "dependencies": [
            "module.mqtt.data.openstack_networking_network_v2.network",
            "module.mqtt.data.openstack_networking_port_v2.port",
            "module.mqtt.data.openstack_networking_secgroup_v2.sg",
            "module.mqtt.data.openstack_networking_subnet_v2.subnet",
            "module.mqtt.data.template_file.userdata",
            "module.mqtt.openstack_compute_instance_v2.instance",
            "module.mqtt.openstack_networking_port_v2.internal_port"
          ]
        }
      ]
    },
    {
      "module": "module.mqtt",
      "mode": "managed",
      "type": "openstack_compute_floatingip_associate_v2",
      "name": "fip_assoc_fixed",
      "provider": "provider[\"registry.terraform.io/terraform-provider-openstack/openstack\"]",
      "instances": []
    },
    {
      "module": "module.mqtt",
      "mode": "managed",
      "type": "openstack_compute_floatingip_associate_v2",
      "name": "fip_assoc_random",
      "provider": "provider[\"registry.terraform.io/terraform-provider-openstack/openstack\"]",
      "instances": []
    },
    {
      "module": "module.mqtt",
      "mode": "managed",
      "type": "openstack_compute_instance_v2",
      "name": "instance",
      "provider": "provider[\"registry.terraform.io/terraform-provider-openstack/openstack\"]",
      "instances": [
        {
          "index_key": 0,
          "schema_version": 0,
          "attributes": {
            "access_ip_v4": "10.0.1.239",
            "access_ip_v6": "",
            "admin_pass": null,
            "all_metadata": {
              "app": "mqtt",
              "environment": "dev"
            },
            "all_tags": [],
            "availability_zone": "nova",
            "availability_zone_hints": null,
            "block_device": [],
            "config_drive": null,
            "created": "2025-06-26 09:49:25 +0000 UTC",
            "flavor_id": "2",
            "flavor_name": "m1.small",
            "floating_ip": null,
            "force_delete": false,
            "id": "9703c7f4-f9b1-4f13-a291-493d67d47c4f",
            "image_id": "4b370c45-fc98-4dab-88ee-22e09bb57679",
            "image_name": "Bookworm",
            "key_pair": "default_key",
            "metadata": {
              "app": "mqtt",
              "environment": "dev"
            },
            "name": "mqtt1",
            "network": [
              {
                "access_network": false,
                "fixed_ip_v4": "10.0.1.239",
                "fixed_ip_v6": "",
                "floating_ip": "",
                "mac": "fa:16:3e:e7:22:e5",
                "name": "internal_dev",
                "port": "c132e4e4-ba30-496e-9255-faaebb8e7387",
                "uuid": "73e7b155-18a9-401a-89ad-8a90b7919cf4"
              }
            ],
            "network_mode": null,
            "personality": [],
            "power_state": "active",
            "region": "RegionOne",
            "scheduler_hints": [],
            "security_groups": [
              "all_internal",
              "mqtt",
              "node_exporter",
              "ssh-internal"
            ],
            "stop_before_destroy": false,
            "tags": [],
            "timeouts": null,
            "updated": "2025-06-27 06:50:13 +0000 UTC",
            "user_data": "33ea81a631c5604f7174385a364dfdfc7f50f148",
            "vendor_options": [],
            "volume": []
          },
          "sensitive_attributes": [
            [
              {
                "type": "get_attr",
                "value": "admin_pass"
              }
            ]
          ],
          "identity_schema_version": 0,
          "private": "eyJlMmJmYjczMC1lY2FhLTExZTYtOGY4OC0zNDM2M2JjN2M0YzAiOnsiY3JlYXRlIjoxODAwMDAwMDAwMDAwLCJkZWxldGUiOjE4MDAwMDAwMDAwMDAsInVwZGF0ZSI6MTgwMDAwMDAwMDAwMH19",
          "dependencies": [
            "module.mqtt.data.openstack_networking_network_v2.network",
            "module.mqtt.data.openstack_networking_port_v2.port",
            "module.mqtt.data.openstack_networking_secgroup_v2.sg",
            "module.mqtt.data.openstack_networking_subnet_v2.subnet",
            "module.mqtt.data.template_file.userdata",
            "module.mqtt.openstack_networking_port_v2.internal_port"
          ]
        }
      ]
    },
    {
      "module": "module.mqtt",
      "mode": "managed",
      "type": "openstack_compute_volume_attach_v2",
      "name": "attached",
      "provider": "provider[\"registry.terraform.io/terraform-provider-openstack/openstack\"]",
      "instances": [
        {
          "index_key": "mqtt1-volume-0",
          "schema_version": 0,
          "attributes": {
            "device": "/dev/vdb",
            "id": "9703c7f4-f9b1-4f13-a291-493d67d47c4f/e1d4173b-5cd7-42fd-bc66-918832e14e6b",
            "instance_id": "9703c7f4-f9b1-4f13-a291-493d67d47c4f",
            "multiattach": null,
            "region": "RegionOne",
            "timeouts": null,
            "vendor_options": [],
            "volume_id": "e1d4173b-5cd7-42fd-bc66-918832e14e6b"
          },
          "sensitive_attributes": [],
          "identity_schema_version": 0,
          "private": "eyJlMmJmYjczMC1lY2FhLTExZTYtOGY4OC0zNDM2M2JjN2M0YzAiOnsiY3JlYXRlIjo2MDAwMDAwMDAwMDAsImRlbGV0ZSI6NjAwMDAwMDAwMDAwfX0=",
          "dependencies": [
            "module.mqtt.data.openstack_networking_network_v2.network",
            "module.mqtt.data.openstack_networking_port_v2.port",
            "module.mqtt.data.openstack_networking_secgroup_v2.sg",
            "module.mqtt.data.openstack_networking_subnet_v2.subnet",
            "module.mqtt.data.template_file.userdata",
            "module.mqtt.openstack_blockstorage_volume_v3.volumes",
            "module.mqtt.openstack_compute_instance_v2.instance",
            "module.mqtt.openstack_networking_port_v2.internal_port"
          ]
        }
      ]
    },
    {
      "module": "module.mqtt",
      "mode": "managed",
      "type": "openstack_networking_floatingip_v2",
      "name": "floatip_1_random",
      "provider": "provider[\"registry.terraform.io/terraform-provider-openstack/openstack\"]",
      "instances": []
    },
    {
      "module": "module.mqtt",
      "mode": "managed",
      "type": "openstack_networking_port_v2",
      "name": "internal_port",
      "provider": "provider[\"registry.terraform.io/terraform-provider-openstack/openstack\"]",
      "instances": [
        {
          "index_key": 0,
          "schema_version": 0,
          "attributes": {
            "admin_state_up": true,
            "all_fixed_ips": [
              "10.0.1.239"
            ],
            "all_security_group_ids": [
              "280b17bd-659b-448c-89fa-992a617855ff",
              "2a4bd10f-c80a-418b-94d8-f22e2c698872",
              "507e0ace-1932-40ab-ad78-e24b6374cf30",
              "72b2a4c4-755f-4818-8e8a-a88d04a2b3c5"
            ],
            "all_tags": [],
            "allowed_address_pairs": [],
            "binding": [
              {
                "host_id": "controller1",
                "profile": "{}",
                "vif_details": {
                  "bound_drivers": "{\"0\":\"openvswitch\"}",
                  "bridge_name": "br-int",
                  "connectivity": "l2",
                  "datapath_type": "system",
                  "ovs_hybrid_plug": "true",
                  "port_filter": "true"
                },
                "vif_type": "ovs",
                "vnic_type": "normal"
              }
            ],
            "description": "",
            "device_id": "9703c7f4-f9b1-4f13-a291-493d67d47c4f",
            "device_owner": "compute:nova",
            "dns_assignment": [],
            "dns_name": "",
            "extra_dhcp_option": [],
            "fixed_ip": [
              {
                "ip_address": "",
                "subnet_id": "c52175d1-63e2-459a-b776-bb80c99ff05a"
              }
            ],
            "id": "c132e4e4-ba30-496e-9255-faaebb8e7387",
            "mac_address": "fa:16:3e:e7:22:e5",
            "name": "internal-mqtt1",
            "network_id": "73e7b155-18a9-401a-89ad-8a90b7919cf4",
            "no_fixed_ip": null,
            "no_security_groups": null,
            "port_security_enabled": true,
            "qos_policy_id": "",
            "region": "RegionOne",
            "security_group_ids": [
              "280b17bd-659b-448c-89fa-992a617855ff",
              "2a4bd10f-c80a-418b-94d8-f22e2c698872",
              "507e0ace-1932-40ab-ad78-e24b6374cf30",
              "72b2a4c4-755f-4818-8e8a-a88d04a2b3c5"
            ],
            "tags": [],
            "tenant_id": "3e356dfb99d84489a569259710ee3452",
            "timeouts": null,
            "value_specs": null
          },
          "sensitive_attributes": [],
          "identity_schema_version": 0,
          "private": "eyJlMmJmYjczMC1lY2FhLTExZTYtOGY4OC0zNDM2M2JjN2M0YzAiOnsiY3JlYXRlIjo2MDAwMDAwMDAwMDAsImRlbGV0ZSI6NjAwMDAwMDAwMDAwfX0=",
          "dependencies": [
            "module.mqtt.data.openstack_networking_network_v2.network",
            "module.mqtt.data.openstack_networking_secgroup_v2.sg",
            "module.mqtt.data.openstack_networking_subnet_v2.subnet"
          ]
        }
      ]
    },
    {
      "module": "module.telegraf",
      "mode": "data",
      "type": "openstack_networking_network_v2",
      "name": "network",
      "provider": "provider[\"registry.terraform.io/terraform-provider-openstack/openstack\"]",
      "instances": [
        {
          "schema_version": 0,
          "attributes": {
            "admin_state_up": "true",
            "all_tags": [],
            "availability_zone_hints": [],
            "description": "",
            "dns_domain": "",
            "external": false,
            "id": "73e7b155-18a9-401a-89ad-8a90b7919cf4",
            "matching_subnet_cidr": null,
            "mtu": 1450,
            "name": "internal_dev",
            "network_id": null,
            "region": "RegionOne",
            "segments": [
              {
                "network_type": "vxlan",
                "physical_network": "",
                "segmentation_id": 736
              }
            ],
            "shared": "false",
            "status": null,
            "subnets": [
              "c52175d1-63e2-459a-b776-bb80c99ff05a"
            ],
            "tags": null,
            "tenant_id": "3e356dfb99d84489a569259710ee3452",
            "transparent_vlan": false
          },
          "sensitive_attributes": [],
          "identity_schema_version": 0
        }
      ]
    },
    {
      "module": "module.telegraf",
      "mode": "data",
      "type": "openstack_networking_port_v2",
      "name": "port",
      "provider": "provider[\"registry.terraform.io/terraform-provider-openstack/openstack\"]",
      "instances": [
        {
          "index_key": 0,
          "schema_version": 0,
          "attributes": {
            "admin_state_up": true,
            "all_fixed_ips": [
              "10.0.1.226"
            ],
            "all_security_group_ids": [
              "280b17bd-659b-448c-89fa-992a617855ff",
              "507e0ace-1932-40ab-ad78-e24b6374cf30",
              "72b2a4c4-755f-4818-8e8a-a88d04a2b3c5"
            ],
            "all_tags": [],
            "allowed_address_pairs": [],
            "binding": [
              {
                "host_id": "controller1",
                "profile": "{}",
                "vif_details": {
                  "bound_drivers": "{\"0\":\"openvswitch\"}",
                  "bridge_name": "br-int",
                  "connectivity": "l2",
                  "datapath_type": "system",
                  "ovs_hybrid_plug": "true",
                  "port_filter": "true"
                },
                "vif_type": "ovs",
                "vnic_type": "normal"
              }
            ],
            "description": "",
            "device_id": "de7f3ca7-3bc0-49e6-addb-0858505fe292",
            "device_owner": "compute:nova",
            "dns_assignment": [],
            "dns_name": "",
            "extra_dhcp_option": [],
            "fixed_ip": null,
            "id": "6d61c9ad-bde5-45f5-974c-0b4c5e86d4bc",
            "mac_address": "fa:16:3e:74:a8:28",
            "name": "internal-telegraf1",
            "network_id": "73e7b155-18a9-401a-89ad-8a90b7919cf4",
            "port_id": "6d61c9ad-bde5-45f5-974c-0b4c5e86d4bc",
            "project_id": "3e356dfb99d84489a569259710ee3452",
            "region": "RegionOne",
            "security_group_ids": null,
            "status": null,
            "tags": null,
            "tenant_id": "3e356dfb99d84489a569259710ee3452"
          },
          "sensitive_attributes": [],
          "identity_schema_version": 0
        }
      ]
    },
    {
      "module": "module.telegraf",
      "mode": "data",
      "type": "openstack_networking_secgroup_v2",
      "name": "sg",
      "provider": "provider[\"registry.terraform.io/terraform-provider-openstack/openstack\"]",
      "instances": [
        {
          "index_key": "all_internal",
          "schema_version": 0,
          "attributes": {
            "all_tags": [],
            "description": "all_internal",
            "id": "507e0ace-1932-40ab-ad78-e24b6374cf30",
            "name": "all_internal",
            "region": "RegionOne",
            "secgroup_id": null,
            "tags": null,
            "tenant_id": "3e356dfb99d84489a569259710ee3452"
          },
          "sensitive_attributes": [],
          "identity_schema_version": 0
        },
        {
          "index_key": "node_exporter",
          "schema_version": 0,
          "attributes": {
            "all_tags": [],
            "description": "node_exporter",
            "id": "72b2a4c4-755f-4818-8e8a-a88d04a2b3c5",
            "name": "node_exporter",
            "region": "RegionOne",
            "secgroup_id": null,
            "tags": null,
            "tenant_id": "3e356dfb99d84489a569259710ee3452"
          },
          "sensitive_attributes": [],
          "identity_schema_version": 0
        },
        {
          "index_key": "ssh-internal",
          "schema_version": 0,
          "attributes": {
            "all_tags": [],
            "description": "ssh-internal",
            "id": "280b17bd-659b-448c-89fa-992a617855ff",
            "name": "ssh-internal",
            "region": "RegionOne",
            "secgroup_id": null,
            "tags": null,
            "tenant_id": "3e356dfb99d84489a569259710ee3452"
          },
          "sensitive_attributes": [],
          "identity_schema_version": 0
        }
      ]
    },
    {
      "module": "module.telegraf",
      "mode": "data",
      "type": "openstack_networking_subnet_ids_v2",
      "name": "ext_subnets",
      "provider": "provider[\"registry.terraform.io/terraform-provider-openstack/openstack\"]",
      "instances": []
    },
    {
      "module": "module.telegraf",
      "mode": "data",
      "type": "openstack_networking_subnet_v2",
      "name": "subnet",
      "provider": "provider[\"registry.terraform.io/terraform-provider-openstack/openstack\"]",
      "instances": [
        {
          "schema_version": 0,
          "attributes": {
            "all_tags": [],
            "allocation_pools": [
              {
                "end": "10.0.1.254",
                "start": "10.0.1.2"
              }
            ],
            "cidr": "10.0.1.0/24",
            "description": "",
            "dhcp_disabled": null,
            "dhcp_enabled": null,
            "dns_nameservers": [
              "1.1.1.1",
              "8.8.8.8"
            ],
            "enable_dhcp": true,
            "gateway_ip": "10.0.1.1",
            "host_routes": [],
            "id": "c52175d1-63e2-459a-b776-bb80c99ff05a",
            "ip_version": 4,
            "ipv6_address_mode": "",
            "ipv6_ra_mode": "",
            "name": "internal_dev",
            "network_id": "73e7b155-18a9-401a-89ad-8a90b7919cf4",
            "region": "RegionOne",
            "service_types": [],
            "subnet_id": null,
            "subnetpool_id": "",
            "tags": null,
            "tenant_id": "3e356dfb99d84489a569259710ee3452"
          },
          "sensitive_attributes": [],
          "identity_schema_version": 0
        }
      ]
    },
    {
      "module": "module.telegraf",
      "mode": "data",
      "type": "template_file",
      "name": "userdata",
      "provider": "provider[\"registry.terraform.io/hashicorp/template\"]",
      "instances": [
        {
          "schema_version": 0,
          "attributes": {
            "filename": null,
            "id": "ea462fe5917aec78d73a38f3c4c477881bf1dea4e84df30bdc44d823fd8bbcd1",
            "rendered": "#cloud-config\nusers:\n  - default\n  - name: staner\n    primary_group: staner\n    groups: [sudo,adm]\n    sudo: ALL=(ALL) NOPASSWD:ALL\n    groups: sudo\n    shell: /bin/bash\n    lock_passwd: true\n    ssh-authorized-keys: \n    - ssh-rsa AAAAB3NzaC1yc2EAAAADAQABAAACAQCkmUQVaIHRxoukQftYJJjuPf1an104jLltRlN0y8xAsVQ+OXIvORbaYvHwbry4PXQXUZYnFDOX/ybl6wAI5Lxt7STe2xUY7mYrBCn1+lfirB1LnlOKDEDQGndXQPUrH1CbUbZw7MxXAVif+I1iPlf4pgXlic1i7FigQiRS2bMkiVrbtkXufGnNgbOar0iaLKdFuYNERk/WJSjIz7HPoljqULWctXzqpFDXPs/GKKPbH96iH0SFLTDG5tCMN424saAnkAcFcGsW0BqVpLBSBUCcySoaKcWgGYqHB+OPRa50NqZ2ljuopIvQMFA4Otg6dcDWshklP265NHddB3QWs3t/JQvDYGe7Ld8i4eQtMFsNNL0R6E8XOYT8hAb75K4H77SACU+BGAmwHGC13IFhTWRct5KC+wskYi/J9zmslugk9jQcoPwIFdMA9nkzOWPIMwMYM4A+BxL8ne4unP8786Zemuyft8lE/Q3SOFg8SV+UjRjlsL+EfrCIngEZLnUzj/gpNZLGi+En3qm3mZhIsoC55KW4lutlZwnXnpU3swJ9wR/LKJtup5UcVx2pRDmwLzW20WI46fF2/HLMHWlpWuK/r0N5nEg7BMB3B4j1KLqkTljN9Fu5OMyCNBN/M8pyoFqf7TQaP0OsGcBzVvx1i3oUTVqQwAriBr2hYe6L6Z1lnQ== staner@staner-home\n",
            "template": "#cloud-config\nusers:\n  - default\n  - name: staner\n    primary_group: staner\n    groups: [sudo,adm]\n    sudo: ALL=(ALL) NOPASSWD:ALL\n    groups: sudo\n    shell: /bin/bash\n    lock_passwd: true\n    ssh-authorized-keys: \n    - ssh-rsa AAAAB3NzaC1yc2EAAAADAQABAAACAQCkmUQVaIHRxoukQftYJJjuPf1an104jLltRlN0y8xAsVQ+OXIvORbaYvHwbry4PXQXUZYnFDOX/ybl6wAI5Lxt7STe2xUY7mYrBCn1+lfirB1LnlOKDEDQGndXQPUrH1CbUbZw7MxXAVif+I1iPlf4pgXlic1i7FigQiRS2bMkiVrbtkXufGnNgbOar0iaLKdFuYNERk/WJSjIz7HPoljqULWctXzqpFDXPs/GKKPbH96iH0SFLTDG5tCMN424saAnkAcFcGsW0BqVpLBSBUCcySoaKcWgGYqHB+OPRa50NqZ2ljuopIvQMFA4Otg6dcDWshklP265NHddB3QWs3t/JQvDYGe7Ld8i4eQtMFsNNL0R6E8XOYT8hAb75K4H77SACU+BGAmwHGC13IFhTWRct5KC+wskYi/J9zmslugk9jQcoPwIFdMA9nkzOWPIMwMYM4A+BxL8ne4unP8786Zemuyft8lE/Q3SOFg8SV+UjRjlsL+EfrCIngEZLnUzj/gpNZLGi+En3qm3mZhIsoC55KW4lutlZwnXnpU3swJ9wR/LKJtup5UcVx2pRDmwLzW20WI46fF2/HLMHWlpWuK/r0N5nEg7BMB3B4j1KLqkTljN9Fu5OMyCNBN/M8pyoFqf7TQaP0OsGcBzVvx1i3oUTVqQwAriBr2hYe6L6Z1lnQ== staner@staner-home\n",
            "vars": null
          },
          "sensitive_attributes": [],
          "identity_schema_version": 0
        }
      ]
    },
    {
      "module": "module.telegraf",
      "mode": "managed",
      "type": "openstack_blockstorage_volume_v3",
      "name": "volumes",
      "provider": "provider[\"registry.terraform.io/terraform-provider-openstack/openstack\"]",
      "instances": []
    },
    {
      "module": "module.telegraf",
      "mode": "managed",
      "type": "openstack_compute_floatingip_associate_v2",
      "name": "fip_assoc_fixed",
      "provider": "provider[\"registry.terraform.io/terraform-provider-openstack/openstack\"]",
      "instances": []
    },
    {
      "module": "module.telegraf",
      "mode": "managed",
      "type": "openstack_compute_floatingip_associate_v2",
      "name": "fip_assoc_random",
      "provider": "provider[\"registry.terraform.io/terraform-provider-openstack/openstack\"]",
      "instances": []
    },
    {
      "module": "module.telegraf",
      "mode": "managed",
      "type": "openstack_compute_instance_v2",
      "name": "instance",
      "provider": "provider[\"registry.terraform.io/terraform-provider-openstack/openstack\"]",
      "instances": [
        {
          "index_key": 0,
          "schema_version": 0,
          "attributes": {
            "access_ip_v4": "10.0.1.226",
            "access_ip_v6": "",
            "admin_pass": null,
            "all_metadata": {
              "app": "telegraf",
              "environment": "dev"
            },
            "all_tags": [],
            "availability_zone": "nova",
            "availability_zone_hints": null,
            "block_device": [],
            "config_drive": null,
            "created": "2025-06-26 09:49:25 +0000 UTC",
            "flavor_id": "2",
            "flavor_name": "m1.small",
            "floating_ip": null,
            "force_delete": false,
            "id": "de7f3ca7-3bc0-49e6-addb-0858505fe292",
            "image_id": "4b370c45-fc98-4dab-88ee-22e09bb57679",
            "image_name": "Bookworm",
            "key_pair": "default_key",
            "metadata": {
              "app": "telegraf",
              "environment": "dev"
            },
            "name": "telegraf1",
            "network": [
              {
                "access_network": false,
                "fixed_ip_v4": "10.0.1.226",
                "fixed_ip_v6": "",
                "floating_ip": "",
                "mac": "fa:16:3e:74:a8:28",
                "name": "internal_dev",
                "port": "6d61c9ad-bde5-45f5-974c-0b4c5e86d4bc",
                "uuid": "73e7b155-18a9-401a-89ad-8a90b7919cf4"
              }
            ],
            "network_mode": null,
            "personality": [],
            "power_state": "active",
            "region": "RegionOne",
            "scheduler_hints": [],
            "security_groups": [
              "all_internal",
              "node_exporter",
              "ssh-internal"
            ],
            "stop_before_destroy": false,
            "tags": [],
            "timeouts": null,
            "updated": "2025-06-27 06:50:08 +0000 UTC",
            "user_data": "33ea81a631c5604f7174385a364dfdfc7f50f148",
            "vendor_options": [],
            "volume": []
          },
          "sensitive_attributes": [
            [
              {
                "type": "get_attr",
                "value": "admin_pass"
              }
            ]
          ],
          "identity_schema_version": 0,
          "private": "eyJlMmJmYjczMC1lY2FhLTExZTYtOGY4OC0zNDM2M2JjN2M0YzAiOnsiY3JlYXRlIjoxODAwMDAwMDAwMDAwLCJkZWxldGUiOjE4MDAwMDAwMDAwMDAsInVwZGF0ZSI6MTgwMDAwMDAwMDAwMH19",
          "dependencies": [
            "module.telegraf.data.openstack_networking_network_v2.network",
            "module.telegraf.data.openstack_networking_port_v2.port",
            "module.telegraf.data.openstack_networking_secgroup_v2.sg",
            "module.telegraf.data.openstack_networking_subnet_v2.subnet",
            "module.telegraf.data.template_file.userdata",
            "module.telegraf.openstack_networking_port_v2.internal_port"
          ]
        }
      ]
    },
    {
      "module": "module.telegraf",
      "mode": "managed",
      "type": "openstack_compute_volume_attach_v2",
      "name": "attached",
      "provider": "provider[\"registry.terraform.io/terraform-provider-openstack/openstack\"]",
      "instances": []
    },
    {
      "module": "module.telegraf",
      "mode": "managed",
      "type": "openstack_networking_floatingip_v2",
      "name": "floatip_1_random",
      "provider": "provider[\"registry.terraform.io/terraform-provider-openstack/openstack\"]",
      "instances": []
    },
    {
      "module": "module.telegraf",
      "mode": "managed",
      "type": "openstack_networking_port_v2",
      "name": "internal_port",
      "provider": "provider[\"registry.terraform.io/terraform-provider-openstack/openstack\"]",
      "instances": [
        {
          "index_key": 0,
          "schema_version": 0,
          "attributes": {
            "admin_state_up": true,
            "all_fixed_ips": [
              "10.0.1.226"
            ],
            "all_security_group_ids": [
              "280b17bd-659b-448c-89fa-992a617855ff",
              "507e0ace-1932-40ab-ad78-e24b6374cf30",
              "72b2a4c4-755f-4818-8e8a-a88d04a2b3c5"
            ],
            "all_tags": [],
            "allowed_address_pairs": [],
            "binding": [
              {
                "host_id": "controller1",
                "profile": "{}",
                "vif_details": {
                  "bound_drivers": "{\"0\":\"openvswitch\"}",
                  "bridge_name": "br-int",
                  "connectivity": "l2",
                  "datapath_type": "system",
                  "ovs_hybrid_plug": "true",
                  "port_filter": "true"
                },
                "vif_type": "ovs",
                "vnic_type": "normal"
              }
            ],
            "description": "",
            "device_id": "de7f3ca7-3bc0-49e6-addb-0858505fe292",
            "device_owner": "compute:nova",
            "dns_assignment": [],
            "dns_name": "",
            "extra_dhcp_option": [],
            "fixed_ip": [
              {
                "ip_address": "",
                "subnet_id": "c52175d1-63e2-459a-b776-bb80c99ff05a"
              }
            ],
            "id": "6d61c9ad-bde5-45f5-974c-0b4c5e86d4bc",
            "mac_address": "fa:16:3e:74:a8:28",
            "name": "internal-telegraf1",
            "network_id": "73e7b155-18a9-401a-89ad-8a90b7919cf4",
            "no_fixed_ip": null,
            "no_security_groups": null,
            "port_security_enabled": true,
            "qos_policy_id": "",
            "region": "RegionOne",
            "security_group_ids": [
              "280b17bd-659b-448c-89fa-992a617855ff",
              "507e0ace-1932-40ab-ad78-e24b6374cf30",
              "72b2a4c4-755f-4818-8e8a-a88d04a2b3c5"
            ],
            "tags": [],
            "tenant_id": "3e356dfb99d84489a569259710ee3452",
            "timeouts": null,
            "value_specs": null
          },
          "sensitive_attributes": [],
          "identity_schema_version": 0,
          "private": "eyJlMmJmYjczMC1lY2FhLTExZTYtOGY4OC0zNDM2M2JjN2M0YzAiOnsiY3JlYXRlIjo2MDAwMDAwMDAwMDAsImRlbGV0ZSI6NjAwMDAwMDAwMDAwfX0=",
          "dependencies": [
            "module.telegraf.data.openstack_networking_network_v2.network",
            "module.telegraf.data.openstack_networking_secgroup_v2.sg",
            "module.telegraf.data.openstack_networking_subnet_v2.subnet"
          ]
        }
      ]
    },
    {
      "module": "module.traefik",
      "mode": "data",
      "type": "openstack_networking_network_v2",
      "name": "network",
      "provider": "provider[\"registry.terraform.io/terraform-provider-openstack/openstack\"]",
      "instances": [
        {
          "schema_version": 0,
          "attributes": {
            "admin_state_up": "true",
            "all_tags": [],
            "availability_zone_hints": [],
            "description": "",
            "dns_domain": "",
            "external": false,
            "id": "73e7b155-18a9-401a-89ad-8a90b7919cf4",
            "matching_subnet_cidr": null,
            "mtu": 1450,
            "name": "internal_dev",
            "network_id": null,
            "region": "RegionOne",
            "segments": [
              {
                "network_type": "vxlan",
                "physical_network": "",
                "segmentation_id": 736
              }
            ],
            "shared": "false",
            "status": null,
            "subnets": [
              "c52175d1-63e2-459a-b776-bb80c99ff05a"
            ],
            "tags": null,
            "tenant_id": "3e356dfb99d84489a569259710ee3452",
            "transparent_vlan": false
          },
          "sensitive_attributes": [],
          "identity_schema_version": 0
        }
      ]
    },
    {
      "module": "module.traefik",
      "mode": "data",
      "type": "openstack_networking_port_v2",
      "name": "port",
      "provider": "provider[\"registry.terraform.io/terraform-provider-openstack/openstack\"]",
      "instances": [
        {
          "index_key": 0,
          "schema_version": 0,
          "attributes": {
            "admin_state_up": true,
            "all_fixed_ips": [
              "10.0.1.123"
            ],
            "all_security_group_ids": [
              "07010ff1-a0b4-4bd7-a28b-614bf05d41f5",
              "507e0ace-1932-40ab-ad78-e24b6374cf30",
              "d2f778d3-dc02-4684-9dc3-9e50860ec146"
            ],
            "all_tags": [],
            "allowed_address_pairs": [],
            "binding": [
              {
                "host_id": "controller1",
                "profile": "{}",
                "vif_details": {
                  "bound_drivers": "{\"0\":\"openvswitch\"}",
                  "bridge_name": "br-int",
                  "connectivity": "l2",
                  "datapath_type": "system",
                  "ovs_hybrid_plug": "true",
                  "port_filter": "true"
                },
                "vif_type": "ovs",
                "vnic_type": "normal"
              }
            ],
            "description": "",
            "device_id": "74738edf-76db-4460-b384-ec7ef176ad8b",
            "device_owner": "compute:nova",
            "dns_assignment": [],
            "dns_name": "",
            "extra_dhcp_option": [],
            "fixed_ip": null,
            "id": "9ee9e6cd-9e1c-4215-8e5d-beeb41f39302",
            "mac_address": "fa:16:3e:1d:43:c0",
            "name": "internal-traefik1",
            "network_id": "73e7b155-18a9-401a-89ad-8a90b7919cf4",
            "port_id": "9ee9e6cd-9e1c-4215-8e5d-beeb41f39302",
            "project_id": "3e356dfb99d84489a569259710ee3452",
            "region": "RegionOne",
            "security_group_ids": null,
            "status": null,
            "tags": null,
            "tenant_id": "3e356dfb99d84489a569259710ee3452"
          },
          "sensitive_attributes": [],
          "identity_schema_version": 0
        }
      ]
    },
    {
      "module": "module.traefik",
      "mode": "data",
      "type": "openstack_networking_secgroup_v2",
      "name": "sg",
      "provider": "provider[\"registry.terraform.io/terraform-provider-openstack/openstack\"]",
      "instances": [
        {
          "index_key": "all_internal",
          "schema_version": 0,
          "attributes": {
            "all_tags": [],
            "description": "all_internal",
            "id": "507e0ace-1932-40ab-ad78-e24b6374cf30",
            "name": "all_internal",
            "region": "RegionOne",
            "secgroup_id": null,
            "tags": null,
            "tenant_id": "3e356dfb99d84489a569259710ee3452"
          },
          "sensitive_attributes": [],
          "identity_schema_version": 0
        },
        {
          "index_key": "gitlab-ssh",
          "schema_version": 0,
          "attributes": {
            "all_tags": [],
            "description": "gitlab-ssh",
            "id": "d2f778d3-dc02-4684-9dc3-9e50860ec146",
            "name": "gitlab-ssh",
            "region": "RegionOne",
            "secgroup_id": null,
            "tags": null,
            "tenant_id": "3e356dfb99d84489a569259710ee3452"
          },
          "sensitive_attributes": [],
          "identity_schema_version": 0
        },
        {
          "index_key": "proxy",
          "schema_version": 0,
          "attributes": {
            "all_tags": [],
            "description": "proxy",
            "id": "07010ff1-a0b4-4bd7-a28b-614bf05d41f5",
            "name": "proxy",
            "region": "RegionOne",
            "secgroup_id": null,
            "tags": null,
            "tenant_id": "3e356dfb99d84489a569259710ee3452"
          },
          "sensitive_attributes": [],
          "identity_schema_version": 0
        }
      ]
    },
    {
      "module": "module.traefik",
      "mode": "data",
      "type": "openstack_networking_subnet_ids_v2",
      "name": "ext_subnets",
      "provider": "provider[\"registry.terraform.io/terraform-provider-openstack/openstack\"]",
      "instances": [
        {
          "index_key": 0,
          "schema_version": 0,
          "attributes": {
            "cidr": null,
            "description": null,
            "dhcp_enabled": null,
            "gateway_ip": null,
            "id": "3374365470",
            "ids": [
              "26465897-6d7e-4623-aac5-c0fb0bbe9f18"
            ],
            "ip_version": null,
            "ipv6_address_mode": null,
            "ipv6_ra_mode": null,
            "name": null,
            "name_regex": null,
            "network_id": "08627590-0aac-4168-ba4f-7b00fade2514",
            "region": "RegionOne",
            "sort_direction": null,
            "sort_key": null,
            "subnetpool_id": null,
            "tags": null,
            "tenant_id": null
          },
          "sensitive_attributes": [],
          "identity_schema_version": 0
        }
      ]
    },
    {
      "module": "module.traefik",
      "mode": "data",
      "type": "openstack_networking_subnet_v2",
      "name": "subnet",
      "provider": "provider[\"registry.terraform.io/terraform-provider-openstack/openstack\"]",
      "instances": [
        {
          "schema_version": 0,
          "attributes": {
            "all_tags": [],
            "allocation_pools": [
              {
                "end": "10.0.1.254",
                "start": "10.0.1.2"
              }
            ],
            "cidr": "10.0.1.0/24",
            "description": "",
            "dhcp_disabled": null,
            "dhcp_enabled": null,
            "dns_nameservers": [
              "1.1.1.1",
              "8.8.8.8"
            ],
            "enable_dhcp": true,
            "gateway_ip": "10.0.1.1",
            "host_routes": [],
            "id": "c52175d1-63e2-459a-b776-bb80c99ff05a",
            "ip_version": 4,
            "ipv6_address_mode": "",
            "ipv6_ra_mode": "",
            "name": "internal_dev",
            "network_id": "73e7b155-18a9-401a-89ad-8a90b7919cf4",
            "region": "RegionOne",
            "service_types": [],
            "subnet_id": null,
            "subnetpool_id": "",
            "tags": null,
            "tenant_id": "3e356dfb99d84489a569259710ee3452"
          },
          "sensitive_attributes": [],
          "identity_schema_version": 0
        }
      ]
    },
    {
      "module": "module.traefik",
      "mode": "data",
      "type": "template_file",
      "name": "userdata",
      "provider": "provider[\"registry.terraform.io/hashicorp/template\"]",
      "instances": [
        {
          "schema_version": 0,
          "attributes": {
            "filename": null,
            "id": "ea462fe5917aec78d73a38f3c4c477881bf1dea4e84df30bdc44d823fd8bbcd1",
            "rendered": "#cloud-config\nusers:\n  - default\n  - name: staner\n    primary_group: staner\n    groups: [sudo,adm]\n    sudo: ALL=(ALL) NOPASSWD:ALL\n    groups: sudo\n    shell: /bin/bash\n    lock_passwd: true\n    ssh-authorized-keys: \n    - ssh-rsa AAAAB3NzaC1yc2EAAAADAQABAAACAQCkmUQVaIHRxoukQftYJJjuPf1an104jLltRlN0y8xAsVQ+OXIvORbaYvHwbry4PXQXUZYnFDOX/ybl6wAI5Lxt7STe2xUY7mYrBCn1+lfirB1LnlOKDEDQGndXQPUrH1CbUbZw7MxXAVif+I1iPlf4pgXlic1i7FigQiRS2bMkiVrbtkXufGnNgbOar0iaLKdFuYNERk/WJSjIz7HPoljqULWctXzqpFDXPs/GKKPbH96iH0SFLTDG5tCMN424saAnkAcFcGsW0BqVpLBSBUCcySoaKcWgGYqHB+OPRa50NqZ2ljuopIvQMFA4Otg6dcDWshklP265NHddB3QWs3t/JQvDYGe7Ld8i4eQtMFsNNL0R6E8XOYT8hAb75K4H77SACU+BGAmwHGC13IFhTWRct5KC+wskYi/J9zmslugk9jQcoPwIFdMA9nkzOWPIMwMYM4A+BxL8ne4unP8786Zemuyft8lE/Q3SOFg8SV+UjRjlsL+EfrCIngEZLnUzj/gpNZLGi+En3qm3mZhIsoC55KW4lutlZwnXnpU3swJ9wR/LKJtup5UcVx2pRDmwLzW20WI46fF2/HLMHWlpWuK/r0N5nEg7BMB3B4j1KLqkTljN9Fu5OMyCNBN/M8pyoFqf7TQaP0OsGcBzVvx1i3oUTVqQwAriBr2hYe6L6Z1lnQ== staner@staner-home\n",
            "template": "#cloud-config\nusers:\n  - default\n  - name: staner\n    primary_group: staner\n    groups: [sudo,adm]\n    sudo: ALL=(ALL) NOPASSWD:ALL\n    groups: sudo\n    shell: /bin/bash\n    lock_passwd: true\n    ssh-authorized-keys: \n    - ssh-rsa AAAAB3NzaC1yc2EAAAADAQABAAACAQCkmUQVaIHRxoukQftYJJjuPf1an104jLltRlN0y8xAsVQ+OXIvORbaYvHwbry4PXQXUZYnFDOX/ybl6wAI5Lxt7STe2xUY7mYrBCn1+lfirB1LnlOKDEDQGndXQPUrH1CbUbZw7MxXAVif+I1iPlf4pgXlic1i7FigQiRS2bMkiVrbtkXufGnNgbOar0iaLKdFuYNERk/WJSjIz7HPoljqULWctXzqpFDXPs/GKKPbH96iH0SFLTDG5tCMN424saAnkAcFcGsW0BqVpLBSBUCcySoaKcWgGYqHB+OPRa50NqZ2ljuopIvQMFA4Otg6dcDWshklP265NHddB3QWs3t/JQvDYGe7Ld8i4eQtMFsNNL0R6E8XOYT8hAb75K4H77SACU+BGAmwHGC13IFhTWRct5KC+wskYi/J9zmslugk9jQcoPwIFdMA9nkzOWPIMwMYM4A+BxL8ne4unP8786Zemuyft8lE/Q3SOFg8SV+UjRjlsL+EfrCIngEZLnUzj/gpNZLGi+En3qm3mZhIsoC55KW4lutlZwnXnpU3swJ9wR/LKJtup5UcVx2pRDmwLzW20WI46fF2/HLMHWlpWuK/r0N5nEg7BMB3B4j1KLqkTljN9Fu5OMyCNBN/M8pyoFqf7TQaP0OsGcBzVvx1i3oUTVqQwAriBr2hYe6L6Z1lnQ== staner@staner-home\n",
            "vars": null
          },
          "sensitive_attributes": [],
          "identity_schema_version": 0
        }
      ]
    },
    {
      "module": "module.traefik",
      "mode": "managed",
      "type": "openstack_blockstorage_volume_v3",
      "name": "volumes",
      "provider": "provider[\"registry.terraform.io/terraform-provider-openstack/openstack\"]",
      "instances": []
    },
    {
      "module": "module.traefik",
      "mode": "managed",
      "type": "openstack_compute_floatingip_associate_v2",
      "name": "fip_assoc_fixed",
      "provider": "provider[\"registry.terraform.io/terraform-provider-openstack/openstack\"]",
      "instances": [
        {
          "index_key": 0,
          "schema_version": 0,
          "attributes": {
            "fixed_ip": "",
            "floating_ip": "192.168.50.244",
            "id": "192.168.50.244/74738edf-76db-4460-b384-ec7ef176ad8b/",
            "instance_id": "74738edf-76db-4460-b384-ec7ef176ad8b",
            "region": "RegionOne",
            "timeouts": null,
            "wait_until_associated": null
          },
          "sensitive_attributes": [],
          "identity_schema_version": 0,
          "private": "eyJlMmJmYjczMC1lY2FhLTExZTYtOGY4OC0zNDM2M2JjN2M0YzAiOnsiY3JlYXRlIjo2MDAwMDAwMDAwMDB9fQ==",
          "dependencies": [
            "module.traefik.data.openstack_networking_network_v2.network",
            "module.traefik.data.openstack_networking_port_v2.port",
            "module.traefik.data.openstack_networking_secgroup_v2.sg",
            "module.traefik.data.openstack_networking_subnet_v2.subnet",
            "module.traefik.data.template_file.userdata",
            "module.traefik.openstack_compute_instance_v2.instance",
            "module.traefik.openstack_networking_port_v2.internal_port"
          ]
        }
      ]
    },
    {
      "module": "module.traefik",
      "mode": "managed",
      "type": "openstack_compute_floatingip_associate_v2",
      "name": "fip_assoc_random",
      "provider": "provider[\"registry.terraform.io/terraform-provider-openstack/openstack\"]",
      "instances": []
    },
    {
      "module": "module.traefik",
      "mode": "managed",
      "type": "openstack_compute_instance_v2",
      "name": "instance",
      "provider": "provider[\"registry.terraform.io/terraform-provider-openstack/openstack\"]",
      "instances": [
        {
          "index_key": 0,
          "schema_version": 0,
          "attributes": {
            "access_ip_v4": "10.0.1.123",
            "access_ip_v6": "",
            "admin_pass": null,
            "all_metadata": {
              "app": "proxy",
              "environment": "dev"
            },
            "all_tags": [],
            "availability_zone": "nova",
            "availability_zone_hints": null,
            "block_device": [],
            "config_drive": null,
            "created": "2025-06-26 09:49:25 +0000 UTC",
            "flavor_id": "2",
            "flavor_name": "m1.small",
            "floating_ip": null,
            "force_delete": false,
            "id": "74738edf-76db-4460-b384-ec7ef176ad8b",
            "image_id": "4b370c45-fc98-4dab-88ee-22e09bb57679",
            "image_name": "Bookworm",
            "key_pair": "default_key",
            "metadata": {
              "app": "proxy",
              "environment": "dev"
            },
            "name": "traefik1",
            "network": [
              {
                "access_network": false,
                "fixed_ip_v4": "10.0.1.123",
                "fixed_ip_v6": "",
                "floating_ip": "",
                "mac": "fa:16:3e:1d:43:c0",
                "name": "internal_dev",
                "port": "9ee9e6cd-9e1c-4215-8e5d-beeb41f39302",
                "uuid": "73e7b155-18a9-401a-89ad-8a90b7919cf4"
              }
            ],
            "network_mode": null,
            "personality": [],
            "power_state": "active",
            "region": "RegionOne",
            "scheduler_hints": [],
            "security_groups": [
              "all_internal",
              "gitlab-ssh",
              "proxy"
            ],
            "stop_before_destroy": false,
            "tags": [],
            "timeouts": null,
            "updated": "2025-06-27 06:50:08 +0000 UTC",
            "user_data": "33ea81a631c5604f7174385a364dfdfc7f50f148",
            "vendor_options": [],
            "volume": []
          },
          "sensitive_attributes": [
            [
              {
                "type": "get_attr",
                "value": "admin_pass"
              }
            ]
          ],
          "identity_schema_version": 0,
          "private": "eyJlMmJmYjczMC1lY2FhLTExZTYtOGY4OC0zNDM2M2JjN2M0YzAiOnsiY3JlYXRlIjoxODAwMDAwMDAwMDAwLCJkZWxldGUiOjE4MDAwMDAwMDAwMDAsInVwZGF0ZSI6MTgwMDAwMDAwMDAwMH19",
          "dependencies": [
            "module.traefik.data.openstack_networking_network_v2.network",
            "module.traefik.data.openstack_networking_port_v2.port",
            "module.traefik.data.openstack_networking_secgroup_v2.sg",
            "module.traefik.data.openstack_networking_subnet_v2.subnet",
            "module.traefik.data.template_file.userdata",
            "module.traefik.openstack_networking_port_v2.internal_port"
          ]
        }
      ]
    },
    {
      "module": "module.traefik",
      "mode": "managed",
      "type": "openstack_compute_volume_attach_v2",
      "name": "attached",
      "provider": "provider[\"registry.terraform.io/terraform-provider-openstack/openstack\"]",
      "instances": []
    },
    {
      "module": "module.traefik",
      "mode": "managed",
      "type": "openstack_networking_floatingip_v2",
      "name": "floatip_1_random",
      "provider": "provider[\"registry.terraform.io/terraform-provider-openstack/openstack\"]",
      "instances": []
    },
    {
      "module": "module.traefik",
      "mode": "managed",
      "type": "openstack_networking_port_v2",
      "name": "internal_port",
      "provider": "provider[\"registry.terraform.io/terraform-provider-openstack/openstack\"]",
      "instances": [
        {
          "index_key": 0,
          "schema_version": 0,
          "attributes": {
            "admin_state_up": true,
            "all_fixed_ips": [
              "10.0.1.123"
            ],
            "all_security_group_ids": [
              "07010ff1-a0b4-4bd7-a28b-614bf05d41f5",
              "507e0ace-1932-40ab-ad78-e24b6374cf30",
              "d2f778d3-dc02-4684-9dc3-9e50860ec146"
            ],
            "all_tags": [],
            "allowed_address_pairs": [],
            "binding": [
              {
                "host_id": "controller1",
                "profile": "{}",
                "vif_details": {
                  "bound_drivers": "{\"0\":\"openvswitch\"}",
                  "bridge_name": "br-int",
                  "connectivity": "l2",
                  "datapath_type": "system",
                  "ovs_hybrid_plug": "true",
                  "port_filter": "true"
                },
                "vif_type": "ovs",
                "vnic_type": "normal"
              }
            ],
            "description": "",
            "device_id": "74738edf-76db-4460-b384-ec7ef176ad8b",
            "device_owner": "compute:nova",
            "dns_assignment": [],
            "dns_name": "",
            "extra_dhcp_option": [],
            "fixed_ip": [
              {
                "ip_address": "",
                "subnet_id": "c52175d1-63e2-459a-b776-bb80c99ff05a"
              }
            ],
            "id": "9ee9e6cd-9e1c-4215-8e5d-beeb41f39302",
            "mac_address": "fa:16:3e:1d:43:c0",
            "name": "internal-traefik1",
            "network_id": "73e7b155-18a9-401a-89ad-8a90b7919cf4",
            "no_fixed_ip": null,
            "no_security_groups": null,
            "port_security_enabled": true,
            "qos_policy_id": "",
            "region": "RegionOne",
            "security_group_ids": [
              "07010ff1-a0b4-4bd7-a28b-614bf05d41f5",
              "507e0ace-1932-40ab-ad78-e24b6374cf30",
              "d2f778d3-dc02-4684-9dc3-9e50860ec146"
            ],
            "tags": [],
            "tenant_id": "3e356dfb99d84489a569259710ee3452",
            "timeouts": null,
            "value_specs": null
          },
          "sensitive_attributes": [],
          "identity_schema_version": 0,
          "private": "eyJlMmJmYjczMC1lY2FhLTExZTYtOGY4OC0zNDM2M2JjN2M0YzAiOnsiY3JlYXRlIjo2MDAwMDAwMDAwMDAsImRlbGV0ZSI6NjAwMDAwMDAwMDAwfX0=",
          "dependencies": [
            "module.traefik.data.openstack_networking_network_v2.network",
            "module.traefik.data.openstack_networking_secgroup_v2.sg",
            "module.traefik.data.openstack_networking_subnet_v2.subnet"
          ]
        }
      ]
    }
  ],
  "check_results": null
}
