{
  "version": 4,
  "terraform_version": "1.12.2",
  "serial": 511,
  "lineage": "c98a9a48-ca7a-a8f5-382b-885f64374b7b",
  "outputs": {},
  "resources": [
    {
      "mode": "managed",
      "type": "null_resource",
      "name": "create_new_vpn_client",
      "provider": "provider[\"registry.terraform.io/hashicorp/null\"]",
      "instances": [
        {
          "index_key": "xpestel",
          "schema_version": 0,
          "attributes": {
            "id": "5479521744927261477",
            "triggers": {
              "always_run": "2025-06-25T13:37:53Z",
              "name": "xpestel"
            }
          },
          "sensitive_attributes": [],
          "identity_schema_version": 0,
          "dependencies": [
            "module.network_dev.openstack_networking_network_v2.network_name",
            "module.network_dev.openstack_networking_router_interface_v2.network_router_interface",
            "module.network_dev.openstack_networking_subnet_v2.network_subnet",
            "module.openvpn.data.openstack_networking_subnet_ids_v2.ext_subnets",
            "module.openvpn.data.template_file.userdata",
            "module.openvpn.openstack_blockstorage_volume_v3.volumes",
            "module.openvpn.openstack_compute_floatingip_associate_v2.fip_assoc_fixed",
            "module.openvpn.openstack_compute_floatingip_associate_v2.fip_assoc_random",
            "module.openvpn.openstack_compute_instance_v2.instance",
            "module.openvpn.openstack_compute_volume_attach_v2.attached",
            "module.openvpn.openstack_networking_floatingip_v2.floatip_1_random",
            "null_resource.openvpn_server",
            "openstack_compute_keypair_v2.ssh_public_key",
            "openstack_networking_router_v2.rt1",
            "openstack_networking_secgroup_rule_v2.secgroup_openvpn_rule_v4",
            "openstack_networking_secgroup_v2.consul",
            "openstack_networking_secgroup_v2.openvpn",
            "openstack_networking_secgroup_v2.ssh"
          ]
        }
      ]
    },
    {
      "mode": "managed",
      "type": "null_resource",
      "name": "openvpn_server",
      "provider": "provider[\"registry.terraform.io/hashicorp/null\"]",
      "instances": [
        {
          "schema_version": 0,
          "attributes": {
            "id": "4665767222679935452",
            "triggers": {
              "always_run": "2025-06-25T13:35:16Z"
            }
          },
          "sensitive_attributes": [],
          "identity_schema_version": 0,
          "dependencies": [
            "module.network_dev.openstack_networking_network_v2.network_name",
            "module.network_dev.openstack_networking_router_interface_v2.network_router_interface",
            "module.network_dev.openstack_networking_subnet_v2.network_subnet",
            "module.openvpn.data.openstack_networking_subnet_ids_v2.ext_subnets",
            "module.openvpn.data.template_file.userdata",
            "module.openvpn.openstack_blockstorage_volume_v3.volumes",
            "module.openvpn.openstack_compute_floatingip_associate_v2.fip_assoc_fixed",
            "module.openvpn.openstack_compute_floatingip_associate_v2.fip_assoc_random",
            "module.openvpn.openstack_compute_instance_v2.instance",
            "module.openvpn.openstack_compute_volume_attach_v2.attached",
            "module.openvpn.openstack_networking_floatingip_v2.floatip_1_random",
            "openstack_compute_keypair_v2.ssh_public_key",
            "openstack_networking_router_v2.rt1",
            "openstack_networking_secgroup_rule_v2.secgroup_openvpn_rule_v4",
            "openstack_networking_secgroup_v2.consul",
            "openstack_networking_secgroup_v2.openvpn",
            "openstack_networking_secgroup_v2.ssh"
          ]
        }
      ]
    },
    {
      "mode": "managed",
      "type": "openstack_compute_keypair_v2",
      "name": "ssh_public_key",
      "provider": "provider[\"registry.terraform.io/terraform-provider-openstack/openstack\"]",
      "instances": [
        {
          "schema_version": 0,
          "attributes": {
            "fingerprint": "29:38:1d:13:3c:6d:69:4e:9d:1a:9b:57:8c:5b:86:ef",
            "id": "default_key",
            "name": "default_key",
            "private_key": "",
            "public_key": "ssh-rsa AAAAB3NzaC1yc2EAAAADAQABAAACAQCkmUQVaIHRxoukQftYJJjuPf1an104jLltRlN0y8xAsVQ+OXIvORbaYvHwbry4PXQXUZYnFDOX/ybl6wAI5Lxt7STe2xUY7mYrBCn1+lfirB1LnlOKDEDQGndXQPUrH1CbUbZw7MxXAVif+I1iPlf4pgXlic1i7FigQiRS2bMkiVrbtkXufGnNgbOar0iaLKdFuYNERk/WJSjIz7HPoljqULWctXzqpFDXPs/GKKPbH96iH0SFLTDG5tCMN424saAnkAcFcGsW0BqVpLBSBUCcySoaKcWgGYqHB+OPRa50NqZ2ljuopIvQMFA4Otg6dcDWshklP265NHddB3QWs3t/JQvDYGe7Ld8i4eQtMFsNNL0R6E8XOYT8hAb75K4H77SACU+BGAmwHGC13IFhTWRct5KC+wskYi/J9zmslugk9jQcoPwIFdMA9nkzOWPIMwMYM4A+BxL8ne4unP8786Zemuyft8lE/Q3SOFg8SV+UjRjlsL+EfrCIngEZLnUzj/gpNZLGi+En3qm3mZhIsoC55KW4lutlZwnXnpU3swJ9wR/LKJtup5UcVx2pRDmwLzW20WI46fF2/HLMHWlpWuK/r0N5nEg7BMB3B4j1KLqkTljN9Fu5OMyCNBN/M8pyoFqf7TQaP0OsGcBzVvx1i3oUTVqQwAriBr2hYe6L6Z1lnQ== staner@staner-home",
            "region": "RegionOne",
            "user_id": "",
            "value_specs": null
          },
          "sensitive_attributes": [
            [
              {
                "type": "get_attr",
                "value": "private_key"
              }
            ]
          ],
          "identity_schema_version": 0,
          "private": "bnVsbA=="
        }
      ]
    },
    {
      "mode": "managed",
      "type": "openstack_networking_router_v2",
      "name": "rt1",
      "provider": "provider[\"registry.terraform.io/terraform-provider-openstack/openstack\"]",
      "instances": [
        {
          "schema_version": 0,
          "attributes": {
            "admin_state_up": true,
            "all_tags": [],
            "availability_zone_hints": [],
            "description": "",
            "distributed": false,
            "enable_snat": true,
            "external_fixed_ip": [
              {
                "ip_address": "192.168.50.229",
                "subnet_id": "26465897-6d7e-4623-aac5-c0fb0bbe9f18"
              }
            ],
            "external_gateway": "08627590-0aac-4168-ba4f-7b00fade2514",
            "external_network_id": "08627590-0aac-4168-ba4f-7b00fade2514",
            "external_subnet_ids": null,
            "id": "213b3d1c-6404-4267-ba5c-dfed5ce5ed61",
            "name": "rt1",
            "region": "RegionOne",
            "tags": [],
            "tenant_id": "3e356dfb99d84489a569259710ee3452",
            "timeouts": null,
            "value_specs": null,
            "vendor_options": []
          },
          "sensitive_attributes": [],
          "identity_schema_version": 0,
          "private": "eyJlMmJmYjczMC1lY2FhLTExZTYtOGY4OC0zNDM2M2JjN2M0YzAiOnsiY3JlYXRlIjo2MDAwMDAwMDAwMDAsImRlbGV0ZSI6NjAwMDAwMDAwMDAwfX0="
        }
      ]
    },
    {
      "mode": "managed",
      "type": "openstack_networking_secgroup_rule_v2",
      "name": "influxdb_api",
      "provider": "provider[\"registry.terraform.io/terraform-provider-openstack/openstack\"]",
      "instances": [
        {
          "schema_version": 0,
          "attributes": {
            "description": "",
            "direction": "ingress",
            "ethertype": "IPv4",
            "id": "5c8c747b-9566-4c89-8014-e79a0b3d0866",
            "port_range_max": 8086,
            "port_range_min": 8086,
            "protocol": "tcp",
            "region": "RegionOne",
            "remote_group_id": "",
            "remote_ip_prefix": "10.0.1.0/24",
            "security_group_id": "cdaa9e7f-6adf-4acf-877f-b9519a1edb2c",
            "tenant_id": "3e356dfb99d84489a569259710ee3452",
            "timeouts": null
          },
          "sensitive_attributes": [],
          "identity_schema_version": 0,
          "private": "eyJlMmJmYjczMC1lY2FhLTExZTYtOGY4OC0zNDM2M2JjN2M0YzAiOnsiZGVsZXRlIjo2MDAwMDAwMDAwMDB9fQ==",
          "dependencies": [
            "openstack_networking_secgroup_v2.influxdb"
          ]
        }
      ]
    },
    {
      "mode": "managed",
      "type": "openstack_networking_secgroup_rule_v2",
      "name": "minio_api",
      "provider": "provider[\"registry.terraform.io/terraform-provider-openstack/openstack\"]",
      "instances": [
        {
          "schema_version": 0,
          "attributes": {
            "description": "",
            "direction": "ingress",
            "ethertype": "IPv4",
            "id": "288232fb-a3dc-433c-929b-feaa76bb9fcd",
            "port_range_max": 9000,
            "port_range_min": 9000,
            "protocol": "tcp",
            "region": "RegionOne",
            "remote_group_id": "",
            "remote_ip_prefix": "10.0.1.0/24",
            "security_group_id": "ae007266-317c-4faa-8e5e-7ec993a27e36",
            "tenant_id": "3e356dfb99d84489a569259710ee3452",
            "timeouts": null
          },
          "sensitive_attributes": [],
          "identity_schema_version": 0,
          "private": "eyJlMmJmYjczMC1lY2FhLTExZTYtOGY4OC0zNDM2M2JjN2M0YzAiOnsiZGVsZXRlIjo2MDAwMDAwMDAwMDB9fQ==",
          "dependencies": [
            "openstack_networking_secgroup_v2.minio"
          ]
        }
      ]
    },
    {
      "mode": "managed",
      "type": "openstack_networking_secgroup_rule_v2",
      "name": "minio_console",
      "provider": "provider[\"registry.terraform.io/terraform-provider-openstack/openstack\"]",
      "instances": [
        {
          "schema_version": 0,
          "attributes": {
            "description": "",
            "direction": "ingress",
            "ethertype": "IPv4",
            "id": "dc1c0b38-6268-4391-b165-704ead97bb9c",
            "port_range_max": 9001,
            "port_range_min": 9001,
            "protocol": "tcp",
            "region": "RegionOne",
            "remote_group_id": "",
            "remote_ip_prefix": "10.0.1.0/24",
            "security_group_id": "ae007266-317c-4faa-8e5e-7ec993a27e36",
            "tenant_id": "3e356dfb99d84489a569259710ee3452",
            "timeouts": null
          },
          "sensitive_attributes": [],
          "identity_schema_version": 0,
          "private": "eyJlMmJmYjczMC1lY2FhLTExZTYtOGY4OC0zNDM2M2JjN2M0YzAiOnsiZGVsZXRlIjo2MDAwMDAwMDAwMDB9fQ==",
          "dependencies": [
            "openstack_networking_secgroup_v2.minio"
          ]
        }
      ]
    },
    {
      "mode": "managed",
      "type": "openstack_networking_secgroup_rule_v2",
      "name": "mqtt_broker",
      "provider": "provider[\"registry.terraform.io/terraform-provider-openstack/openstack\"]",
      "instances": [
        {
          "schema_version": 0,
          "attributes": {
            "description": "",
            "direction": "ingress",
            "ethertype": "IPv4",
            "id": "ebad512a-17c2-4261-9fc3-69feb601f826",
            "port_range_max": 1883,
            "port_range_min": 1883,
            "protocol": "tcp",
            "region": "RegionOne",
            "remote_group_id": "",
            "remote_ip_prefix": "10.0.1.0/24",
            "security_group_id": "2a4bd10f-c80a-418b-94d8-f22e2c698872",
            "tenant_id": "3e356dfb99d84489a569259710ee3452",
            "timeouts": null
          },
          "sensitive_attributes": [],
          "identity_schema_version": 0,
          "private": "eyJlMmJmYjczMC1lY2FhLTExZTYtOGY4OC0zNDM2M2JjN2M0YzAiOnsiZGVsZXRlIjo2MDAwMDAwMDAwMDB9fQ==",
          "dependencies": [
            "openstack_networking_secgroup_v2.mqtt"
          ]
        }
      ]
    },
    {
      "mode": "managed",
      "type": "openstack_networking_secgroup_rule_v2",
      "name": "mqtt_websocket",
      "provider": "provider[\"registry.terraform.io/terraform-provider-openstack/openstack\"]",
      "instances": [
        {
          "schema_version": 0,
          "attributes": {
            "description": "",
            "direction": "ingress",
            "ethertype": "IPv4",
            "id": "4288d753-1bfa-4c57-b21e-eedeac075a2a",
            "port_range_max": 9001,
            "port_range_min": 9001,
            "protocol": "tcp",
            "region": "RegionOne",
            "remote_group_id": "",
            "remote_ip_prefix": "10.0.1.0/24",
            "security_group_id": "2a4bd10f-c80a-418b-94d8-f22e2c698872",
            "tenant_id": "3e356dfb99d84489a569259710ee3452",
            "timeouts": null
          },
          "sensitive_attributes": [],
          "identity_schema_version": 0,
          "private": "eyJlMmJmYjczMC1lY2FhLTExZTYtOGY4OC0zNDM2M2JjN2M0YzAiOnsiZGVsZXRlIjo2MDAwMDAwMDAwMDB9fQ==",
          "dependencies": [
            "openstack_networking_secgroup_v2.mqtt"
          ]
        }
      ]
    },
    {
      "mode": "managed",
      "type": "openstack_networking_secgroup_rule_v2",
      "name": "secgroup_all_internal_rule_http_v4",
      "provider": "provider[\"registry.terraform.io/terraform-provider-openstack/openstack\"]",
      "instances": [
        {
          "schema_version": 0,
          "attributes": {
            "description": "",
            "direction": "ingress",
            "ethertype": "IPv4",
            "id": "02d7622c-72a5-411c-a69a-ec8f59f32236",
            "port_range_max": 80,
            "port_range_min": 80,
            "protocol": "tcp",
            "region": "RegionOne",
            "remote_group_id": "",
            "remote_ip_prefix": "0.0.0.0/0",
            "security_group_id": "07010ff1-a0b4-4bd7-a28b-614bf05d41f5",
            "tenant_id": "3e356dfb99d84489a569259710ee3452",
            "timeouts": null
          },
          "sensitive_attributes": [],
          "identity_schema_version": 0,
          "private": "eyJlMmJmYjczMC1lY2FhLTExZTYtOGY4OC0zNDM2M2JjN2M0YzAiOnsiZGVsZXRlIjo2MDAwMDAwMDAwMDB9fQ==",
          "dependencies": [
            "openstack_networking_secgroup_v2.proxy"
          ]
        }
      ]
    },
    {
      "mode": "managed",
      "type": "openstack_networking_secgroup_rule_v2",
      "name": "secgroup_all_internal_rule_https_v4",
      "provider": "provider[\"registry.terraform.io/terraform-provider-openstack/openstack\"]",
      "instances": [
        {
          "schema_version": 0,
          "attributes": {
            "description": "",
            "direction": "ingress",
            "ethertype": "IPv4",
            "id": "8754cefe-2c24-437b-95c4-778dfa0d9ff4",
            "port_range_max": 443,
            "port_range_min": 443,
            "protocol": "tcp",
            "region": "RegionOne",
            "remote_group_id": "",
            "remote_ip_prefix": "0.0.0.0/0",
            "security_group_id": "07010ff1-a0b4-4bd7-a28b-614bf05d41f5",
            "tenant_id": "3e356dfb99d84489a569259710ee3452",
            "timeouts": null
          },
          "sensitive_attributes": [],
          "identity_schema_version": 0,
          "private": "eyJlMmJmYjczMC1lY2FhLTExZTYtOGY4OC0zNDM2M2JjN2M0YzAiOnsiZGVsZXRlIjo2MDAwMDAwMDAwMDB9fQ==",
          "dependencies": [
            "openstack_networking_secgroup_v2.proxy"
          ]
        }
      ]
    },
    {
      "mode": "managed",
      "type": "openstack_networking_secgroup_rule_v2",
      "name": "secgroup_all_internal_rule_pods_udp_v4",
      "provider": "provider[\"registry.terraform.io/terraform-provider-openstack/openstack\"]",
      "instances": [
        {
          "schema_version": 0,
          "attributes": {
            "description": "",
            "direction": "ingress",
            "ethertype": "IPv4",
            "id": "7f9952ef-2a79-48bb-bce7-0e1076fae3fc",
            "port_range_max": 0,
            "port_range_min": 0,
            "protocol": "udp",
            "region": "RegionOne",
            "remote_group_id": "",
            "remote_ip_prefix": "10.200.0.0/16",
            "security_group_id": "507e0ace-1932-40ab-ad78-e24b6374cf30",
            "tenant_id": "3e356dfb99d84489a569259710ee3452",
            "timeouts": null
          },
          "sensitive_attributes": [],
          "identity_schema_version": 0,
          "private": "eyJlMmJmYjczMC1lY2FhLTExZTYtOGY4OC0zNDM2M2JjN2M0YzAiOnsiZGVsZXRlIjo2MDAwMDAwMDAwMDB9fQ==",
          "dependencies": [
            "openstack_networking_secgroup_v2.all_internal"
          ]
        }
      ]
    },
    {
      "mode": "managed",
      "type": "openstack_networking_secgroup_rule_v2",
      "name": "secgroup_all_internal_rule_tcp_v4",
      "provider": "provider[\"registry.terraform.io/terraform-provider-openstack/openstack\"]",
      "instances": [
        {
          "schema_version": 0,
          "attributes": {
            "description": "",
            "direction": "ingress",
            "ethertype": "IPv4",
            "id": "9f8deae2-3b3c-402b-9258-5468aacd833c",
            "port_range_max": 0,
            "port_range_min": 0,
            "protocol": "tcp",
            "region": "RegionOne",
            "remote_group_id": "",
            "remote_ip_prefix": "10.0.1.0/24",
            "security_group_id": "507e0ace-1932-40ab-ad78-e24b6374cf30",
            "tenant_id": "3e356dfb99d84489a569259710ee3452",
            "timeouts": null
          },
          "sensitive_attributes": [],
          "identity_schema_version": 0,
          "private": "eyJlMmJmYjczMC1lY2FhLTExZTYtOGY4OC0zNDM2M2JjN2M0YzAiOnsiZGVsZXRlIjo2MDAwMDAwMDAwMDB9fQ==",
          "dependencies": [
            "openstack_networking_secgroup_v2.all_internal"
          ]
        }
      ]
    },
    {
      "mode": "managed",
      "type": "openstack_networking_secgroup_rule_v2",
      "name": "secgroup_all_internal_rule_udp_v4",
      "provider": "provider[\"registry.terraform.io/terraform-provider-openstack/openstack\"]",
      "instances": [
        {
          "schema_version": 0,
          "attributes": {
            "description": "",
            "direction": "ingress",
            "ethertype": "IPv4",
            "id": "551f797e-c71a-49d5-a733-6cac218ecb9a",
            "port_range_max": 0,
            "port_range_min": 0,
            "protocol": "udp",
            "region": "RegionOne",
            "remote_group_id": "",
            "remote_ip_prefix": "10.0.1.0/24",
            "security_group_id": "507e0ace-1932-40ab-ad78-e24b6374cf30",
            "tenant_id": "3e356dfb99d84489a569259710ee3452",
            "timeouts": null
          },
          "sensitive_attributes": [],
          "identity_schema_version": 0,
          "private": "eyJlMmJmYjczMC1lY2FhLTExZTYtOGY4OC0zNDM2M2JjN2M0YzAiOnsiZGVsZXRlIjo2MDAwMDAwMDAwMDB9fQ==",
          "dependencies": [
            "openstack_networking_secgroup_v2.all_internal"
          ]
        }
      ]
    },
    {
      "mode": "managed",
      "type": "openstack_networking_secgroup_rule_v2",
      "name": "secgroup_consul_dns_tcp",
      "provider": "provider[\"registry.terraform.io/terraform-provider-openstack/openstack\"]",
      "instances": [
        {
          "schema_version": 0,
          "attributes": {
            "description": "",
            "direction": "ingress",
            "ethertype": "IPv4",
            "id": "591b1226-bda5-407e-a8fb-05f895f0df00",
            "port_range_max": 8600,
            "port_range_min": 8600,
            "protocol": "tcp",
            "region": "RegionOne",
            "remote_group_id": "",
            "remote_ip_prefix": "10.0.1.0/24",
            "security_group_id": "ccf757d7-37c6-4999-a604-60c751ec4dba",
            "tenant_id": "3e356dfb99d84489a569259710ee3452",
            "timeouts": null
          },
          "sensitive_attributes": [],
          "identity_schema_version": 0,
          "private": "eyJlMmJmYjczMC1lY2FhLTExZTYtOGY4OC0zNDM2M2JjN2M0YzAiOnsiZGVsZXRlIjo2MDAwMDAwMDAwMDB9fQ==",
          "dependencies": [
            "openstack_networking_secgroup_v2.consul"
          ]
        }
      ]
    },
    {
      "mode": "managed",
      "type": "openstack_networking_secgroup_rule_v2",
      "name": "secgroup_consul_dns_udp",
      "provider": "provider[\"registry.terraform.io/terraform-provider-openstack/openstack\"]",
      "instances": [
        {
          "schema_version": 0,
          "attributes": {
            "description": "",
            "direction": "ingress",
            "ethertype": "IPv4",
            "id": "86ff5a2f-e0f7-471b-aa83-abf0f0e3be0d",
            "port_range_max": 8600,
            "port_range_min": 8600,
            "protocol": "udp",
            "region": "RegionOne",
            "remote_group_id": "",
            "remote_ip_prefix": "10.0.1.0/24",
            "security_group_id": "ccf757d7-37c6-4999-a604-60c751ec4dba",
            "tenant_id": "3e356dfb99d84489a569259710ee3452",
            "timeouts": null
          },
          "sensitive_attributes": [],
          "identity_schema_version": 0,
          "private": "eyJlMmJmYjczMC1lY2FhLTExZTYtOGY4OC0zNDM2M2JjN2M0YzAiOnsiZGVsZXRlIjo2MDAwMDAwMDAwMDB9fQ==",
          "dependencies": [
            "openstack_networking_secgroup_v2.consul"
          ]
        }
      ]
    },
    {
      "mode": "managed",
      "type": "openstack_networking_secgroup_rule_v2",
      "name": "secgroup_consul_http_grpc",
      "provider": "provider[\"registry.terraform.io/terraform-provider-openstack/openstack\"]",
      "instances": [
        {
          "schema_version": 0,
          "attributes": {
            "description": "",
            "direction": "ingress",
            "ethertype": "IPv4",
            "id": "2feb3142-6da7-47a8-897c-70f14b6da968",
            "port_range_max": 8503,
            "port_range_min": 8500,
            "protocol": "tcp",
            "region": "RegionOne",
            "remote_group_id": "",
            "remote_ip_prefix": "10.0.1.0/24",
            "security_group_id": "ccf757d7-37c6-4999-a604-60c751ec4dba",
            "tenant_id": "3e356dfb99d84489a569259710ee3452",
            "timeouts": null
          },
          "sensitive_attributes": [],
          "identity_schema_version": 0,
          "private": "eyJlMmJmYjczMC1lY2FhLTExZTYtOGY4OC0zNDM2M2JjN2M0YzAiOnsiZGVsZXRlIjo2MDAwMDAwMDAwMDB9fQ==",
          "dependencies": [
            "openstack_networking_secgroup_v2.consul"
          ]
        }
      ]
    },
    {
      "mode": "managed",
      "type": "openstack_networking_secgroup_rule_v2",
      "name": "secgroup_consul_wlan_tcp",
      "provider": "provider[\"registry.terraform.io/terraform-provider-openstack/openstack\"]",
      "instances": [
        {
          "schema_version": 0,
          "attributes": {
            "description": "",
            "direction": "ingress",
            "ethertype": "IPv4",
            "id": "bdbbdb2c-d1e6-40fb-ba47-6a8a239d6f33",
            "port_range_max": 8302,
            "port_range_min": 8300,
            "protocol": "tcp",
            "region": "RegionOne",
            "remote_group_id": "",
            "remote_ip_prefix": "10.0.1.0/24",
            "security_group_id": "ccf757d7-37c6-4999-a604-60c751ec4dba",
            "tenant_id": "3e356dfb99d84489a569259710ee3452",
            "timeouts": null
          },
          "sensitive_attributes": [],
          "identity_schema_version": 0,
          "private": "eyJlMmJmYjczMC1lY2FhLTExZTYtOGY4OC0zNDM2M2JjN2M0YzAiOnsiZGVsZXRlIjo2MDAwMDAwMDAwMDB9fQ==",
          "dependencies": [
            "openstack_networking_secgroup_v2.consul"
          ]
        }
      ]
    },
    {
      "mode": "managed",
      "type": "openstack_networking_secgroup_rule_v2",
      "name": "secgroup_consul_wlan_udp",
      "provider": "provider[\"registry.terraform.io/terraform-provider-openstack/openstack\"]",
      "instances": [
        {
          "schema_version": 0,
          "attributes": {
            "description": "",
            "direction": "ingress",
            "ethertype": "IPv4",
            "id": "5f241701-cdda-4563-8883-b93cff506af5",
            "port_range_max": 8302,
            "port_range_min": 8300,
            "protocol": "udp",
            "region": "RegionOne",
            "remote_group_id": "",
            "remote_ip_prefix": "10.0.1.0/24",
            "security_group_id": "ccf757d7-37c6-4999-a604-60c751ec4dba",
            "tenant_id": "3e356dfb99d84489a569259710ee3452",
            "timeouts": null
          },
          "sensitive_attributes": [],
          "identity_schema_version": 0,
          "private": "eyJlMmJmYjczMC1lY2FhLTExZTYtOGY4OC0zNDM2M2JjN2M0YzAiOnsiZGVsZXRlIjo2MDAwMDAwMDAwMDB9fQ==",
          "dependencies": [
            "openstack_networking_secgroup_v2.consul"
          ]
        }
      ]
    },
    {
      "mode": "managed",
      "type": "openstack_networking_secgroup_rule_v2",
      "name": "secgroup_gitlab_ssh_rule_v4",
      "provider": "provider[\"registry.terraform.io/terraform-provider-openstack/openstack\"]",
      "instances": [
        {
          "schema_version": 0,
          "attributes": {
            "description": "",
            "direction": "ingress",
            "ethertype": "IPv4",
            "id": "8d484d82-cea1-427a-836d-84f1fdbe90f3",
            "port_range_max": 2222,
            "port_range_min": 2222,
            "protocol": "tcp",
            "region": "RegionOne",
            "remote_group_id": "",
            "remote_ip_prefix": "0.0.0.0/0",
            "security_group_id": "d2f778d3-dc02-4684-9dc3-9e50860ec146",
            "tenant_id": "3e356dfb99d84489a569259710ee3452",
            "timeouts": null
          },
          "sensitive_attributes": [],
          "identity_schema_version": 0,
          "private": "eyJlMmJmYjczMC1lY2FhLTExZTYtOGY4OC0zNDM2M2JjN2M0YzAiOnsiZGVsZXRlIjo2MDAwMDAwMDAwMDB9fQ==",
          "dependencies": [
            "openstack_networking_secgroup_v2.gitlab_ssh"
          ]
        }
      ]
    },
    {
      "mode": "managed",
      "type": "openstack_networking_secgroup_rule_v2",
      "name": "secgroup_k8s_internal_pods_rule_tcp_v4",
      "provider": "provider[\"registry.terraform.io/terraform-provider-openstack/openstack\"]",
      "instances": [
        {
          "schema_version": 0,
          "attributes": {
            "description": "",
            "direction": "ingress",
            "ethertype": "IPv4",
            "id": "12454aa2-7b74-4f0f-a892-44e70f660855",
            "port_range_max": 0,
            "port_range_min": 0,
            "protocol": "tcp",
            "region": "RegionOne",
            "remote_group_id": "",
            "remote_ip_prefix": "10.200.0.0/16",
            "security_group_id": "a600f2d7-40b2-4d44-8bc6-4b5e5d8d143f",
            "tenant_id": "3e356dfb99d84489a569259710ee3452",
            "timeouts": null
          },
          "sensitive_attributes": [],
          "identity_schema_version": 0,
          "private": "eyJlMmJmYjczMC1lY2FhLTExZTYtOGY4OC0zNDM2M2JjN2M0YzAiOnsiZGVsZXRlIjo2MDAwMDAwMDAwMDB9fQ==",
          "dependencies": [
            "openstack_networking_secgroup_v2.k8s_internal_pods"
          ]
        }
      ]
    },
    {
      "mode": "managed",
      "type": "openstack_networking_secgroup_rule_v2",
      "name": "secgroup_k8s_internal_services_rule_tcp_v4",
      "provider": "provider[\"registry.terraform.io/terraform-provider-openstack/openstack\"]",
      "instances": [
        {
          "schema_version": 0,
          "attributes": {
            "description": "",
            "direction": "ingress",
            "ethertype": "IPv4",
            "id": "4fcea766-9261-41e6-b27a-746f4da0e00a",
            "port_range_max": 0,
            "port_range_min": 0,
            "protocol": "tcp",
            "region": "RegionOne",
            "remote_group_id": "",
            "remote_ip_prefix": "10.201.0.0/16",
            "security_group_id": "fa219b30-aba2-43f7-87b6-40b529eac175",
            "tenant_id": "3e356dfb99d84489a569259710ee3452",
            "timeouts": null
          },
          "sensitive_attributes": [],
          "identity_schema_version": 0,
          "private": "eyJlMmJmYjczMC1lY2FhLTExZTYtOGY4OC0zNDM2M2JjN2M0YzAiOnsiZGVsZXRlIjo2MDAwMDAwMDAwMDB9fQ==",
          "dependencies": [
            "openstack_networking_secgroup_v2.k8s_internal_services"
          ]
        }
      ]
    },
    {
      "mode": "managed",
      "type": "openstack_networking_secgroup_rule_v2",
      "name": "secgroup_node_exporter",
      "provider": "provider[\"registry.terraform.io/terraform-provider-openstack/openstack\"]",
      "instances": [
        {
          "schema_version": 0,
          "attributes": {
            "description": "",
            "direction": "ingress",
            "ethertype": "IPv4",
            "id": "2629f34c-3bd1-4ca0-8840-7a16b51705ec",
            "port_range_max": 9100,
            "port_range_min": 9100,
            "protocol": "tcp",
            "region": "RegionOne",
            "remote_group_id": "",
            "remote_ip_prefix": "10.0.1.0/24",
            "security_group_id": "72b2a4c4-755f-4818-8e8a-a88d04a2b3c5",
            "tenant_id": "3e356dfb99d84489a569259710ee3452",
            "timeouts": null
          },
          "sensitive_attributes": [],
          "identity_schema_version": 0,
          "private": "eyJlMmJmYjczMC1lY2FhLTExZTYtOGY4OC0zNDM2M2JjN2M0YzAiOnsiZGVsZXRlIjo2MDAwMDAwMDAwMDB9fQ==",
          "dependencies": [
            "openstack_networking_secgroup_v2.node_exporter"
          ]
        }
      ]
    },
    {
      "mode": "managed",
      "type": "openstack_networking_secgroup_rule_v2",
      "name": "secgroup_openvpn_rule_udp_v4",
      "provider": "provider[\"registry.terraform.io/terraform-provider-openstack/openstack\"]",
      "instances": [
        {
          "schema_version": 0,
          "attributes": {
            "description": "",
            "direction": "ingress",
            "ethertype": "IPv4",
            "id": "2795f62e-f214-44ce-9a58-85727f6cd728",
            "port_range_max": 1194,
            "port_range_min": 1194,
            "protocol": "udp",
            "region": "RegionOne",
            "remote_group_id": "",
            "remote_ip_prefix": "0.0.0.0/0",
            "security_group_id": "79cda0eb-8fdd-4a99-8b2a-ad669e5f90f5",
            "tenant_id": "3e356dfb99d84489a569259710ee3452",
            "timeouts": null
          },
          "sensitive_attributes": [],
          "identity_schema_version": 0,
          "private": "eyJlMmJmYjczMC1lY2FhLTExZTYtOGY4OC0zNDM2M2JjN2M0YzAiOnsiZGVsZXRlIjo2MDAwMDAwMDAwMDB9fQ==",
          "dependencies": [
            "openstack_networking_secgroup_v2.openvpn"
          ]
        }
      ]
    },
    {
      "mode": "managed",
      "type": "openstack_networking_secgroup_rule_v2",
      "name": "secgroup_openvpn_rule_v4",
      "provider": "provider[\"registry.terraform.io/terraform-provider-openstack/openstack\"]",
      "instances": [
        {
          "schema_version": 0,
          "attributes": {
            "description": "",
            "direction": "ingress",
            "ethertype": "IPv4",
            "id": "b6d3da26-2681-43b4-8b73-81bbf6687b52",
            "port_range_max": 1194,
            "port_range_min": 1194,
            "protocol": "tcp",
            "region": "RegionOne",
            "remote_group_id": "",
            "remote_ip_prefix": "0.0.0.0/0",
            "security_group_id": "79cda0eb-8fdd-4a99-8b2a-ad669e5f90f5",
            "tenant_id": "3e356dfb99d84489a569259710ee3452",
            "timeouts": null
          },
          "sensitive_attributes": [],
          "identity_schema_version": 0,
          "private": "eyJlMmJmYjczMC1lY2FhLTExZTYtOGY4OC0zNDM2M2JjN2M0YzAiOnsiZGVsZXRlIjo2MDAwMDAwMDAwMDB9fQ==",
          "dependencies": [
            "openstack_networking_secgroup_v2.openvpn"
          ]
        }
      ]
    },
    {
      "mode": "managed",
      "type": "openstack_networking_secgroup_rule_v2",
      "name": "secgroup_ssh-internal_rule_v4",
      "provider": "provider[\"registry.terraform.io/terraform-provider-openstack/openstack\"]",
      "instances": [
        {
          "schema_version": 0,
          "attributes": {
            "description": "",
            "direction": "ingress",
            "ethertype": "IPv4",
            "id": "283e805a-fba6-426d-a80b-c8c57ce7cd00",
            "port_range_max": 22,
            "port_range_min": 22,
            "protocol": "tcp",
            "region": "RegionOne",
            "remote_group_id": "",
            "remote_ip_prefix": "10.0.1.0/24",
            "security_group_id": "280b17bd-659b-448c-89fa-992a617855ff",
            "tenant_id": "3e356dfb99d84489a569259710ee3452",
            "timeouts": null
          },
          "sensitive_attributes": [],
          "identity_schema_version": 0,
          "private": "eyJlMmJmYjczMC1lY2FhLTExZTYtOGY4OC0zNDM2M2JjN2M0YzAiOnsiZGVsZXRlIjo2MDAwMDAwMDAwMDB9fQ==",
          "dependencies": [
            "openstack_networking_secgroup_v2.ssh-internal"
          ]
        }
      ]
    },
    {
      "mode": "managed",
      "type": "openstack_networking_secgroup_rule_v2",
      "name": "secgroup_ssh_rule_v4",
      "provider": "provider[\"registry.terraform.io/terraform-provider-openstack/openstack\"]",
      "instances": [
        {
          "schema_version": 0,
          "attributes": {
            "description": "",
            "direction": "ingress",
            "ethertype": "IPv4",
            "id": "99acaefd-6db4-4ab1-a727-8c19f2f5f6de",
            "port_range_max": 22,
            "port_range_min": 22,
            "protocol": "tcp",
            "region": "RegionOne",
            "remote_group_id": "",
            "remote_ip_prefix": "0.0.0.0/0",
            "security_group_id": "e168624d-2445-439b-a4f8-be1a11ccff05",
            "tenant_id": "3e356dfb99d84489a569259710ee3452",
            "timeouts": null
          },
          "sensitive_attributes": [],
          "identity_schema_version": 0,
          "private": "eyJlMmJmYjczMC1lY2FhLTExZTYtOGY4OC0zNDM2M2JjN2M0YzAiOnsiZGVsZXRlIjo2MDAwMDAwMDAwMDB9fQ==",
          "dependencies": [
            "openstack_networking_secgroup_v2.ssh"
          ]
        }
      ]
    },
    {
      "mode": "managed",
      "type": "openstack_networking_secgroup_rule_v2",
      "name": "web_http",
      "provider": "provider[\"registry.terraform.io/terraform-provider-openstack/openstack\"]",
      "instances": [
        {
          "schema_version": 0,
          "attributes": {
            "description": "",
            "direction": "ingress",
            "ethertype": "IPv4",
            "id": "f8682237-0204-43ce-9427-432ebacb0f66",
            "port_range_max": 80,
            "port_range_min": 80,
            "protocol": "tcp",
            "region": "RegionOne",
            "remote_group_id": "",
            "remote_ip_prefix": "10.0.1.0/24",
            "security_group_id": "60b4a8ef-53c0-4a33-b146-9754c44b754e",
            "tenant_id": "3e356dfb99d84489a569259710ee3452",
            "timeouts": null
          },
          "sensitive_attributes": [],
          "identity_schema_version": 0,
          "private": "eyJlMmJmYjczMC1lY2FhLTExZTYtOGY4OC0zNDM2M2JjN2M0YzAiOnsiZGVsZXRlIjo2MDAwMDAwMDAwMDB9fQ==",
          "dependencies": [
            "openstack_networking_secgroup_v2.web"
          ]
        }
      ]
    },
    {
      "mode": "managed",
      "type": "openstack_networking_secgroup_rule_v2",
      "name": "web_https",
      "provider": "provider[\"registry.terraform.io/terraform-provider-openstack/openstack\"]",
      "instances": [
        {
          "schema_version": 0,
          "attributes": {
            "description": "",
            "direction": "ingress",
            "ethertype": "IPv4",
            "id": "f966170e-7bf9-4719-9a62-3caddc8abf10",
            "port_range_max": 443,
            "port_range_min": 443,
            "protocol": "tcp",
            "region": "RegionOne",
            "remote_group_id": "",
            "remote_ip_prefix": "10.0.1.0/24",
            "security_group_id": "60b4a8ef-53c0-4a33-b146-9754c44b754e",
            "tenant_id": "3e356dfb99d84489a569259710ee3452",
            "timeouts": null
          },
          "sensitive_attributes": [],
          "identity_schema_version": 0,
          "private": "eyJlMmJmYjczMC1lY2FhLTExZTYtOGY4OC0zNDM2M2JjN2M0YzAiOnsiZGVsZXRlIjo2MDAwMDAwMDAwMDB9fQ==",
          "dependencies": [
            "openstack_networking_secgroup_v2.web"
          ]
        }
      ]
    },
    {
      "mode": "managed",
      "type": "openstack_networking_secgroup_rule_v2",
      "name": "web_ipmi",
      "provider": "provider[\"registry.terraform.io/terraform-provider-openstack/openstack\"]",
      "instances": [
        {
          "schema_version": 0,
          "attributes": {
            "description": "",
            "direction": "ingress",
            "ethertype": "IPv4",
            "id": "11ea23f0-6a5d-45e0-b8ce-323a077a4fc5",
            "port_range_max": 623,
            "port_range_min": 623,
            "protocol": "tcp",
            "region": "RegionOne",
            "remote_group_id": "",
            "remote_ip_prefix": "10.0.1.0/24",
            "security_group_id": "60b4a8ef-53c0-4a33-b146-9754c44b754e",
            "tenant_id": "3e356dfb99d84489a569259710ee3452",
            "timeouts": null
          },
          "sensitive_attributes": [],
          "identity_schema_version": 0,
          "private": "eyJlMmJmYjczMC1lY2FhLTExZTYtOGY4OC0zNDM2M2JjN2M0YzAiOnsiZGVsZXRlIjo2MDAwMDAwMDAwMDB9fQ==",
          "dependencies": [
            "openstack_networking_secgroup_v2.web"
          ]
        }
      ]
    },
    {
      "mode": "managed",
      "type": "openstack_networking_secgroup_v2",
      "name": "all_internal",
      "provider": "provider[\"registry.terraform.io/terraform-provider-openstack/openstack\"]",
      "instances": [
        {
          "schema_version": 0,
          "attributes": {
            "all_tags": [],
            "delete_default_rules": null,
            "description": "all_internal",
            "id": "507e0ace-1932-40ab-ad78-e24b6374cf30",
            "name": "all_internal",
            "region": "RegionOne",
            "tags": [],
            "tenant_id": "3e356dfb99d84489a569259710ee3452",
            "timeouts": null
          },
          "sensitive_attributes": [],
          "identity_schema_version": 0,
          "private": "eyJlMmJmYjczMC1lY2FhLTExZTYtOGY4OC0zNDM2M2JjN2M0YzAiOnsiZGVsZXRlIjo2MDAwMDAwMDAwMDB9fQ=="
        }
      ]
    },
    {
      "mode": "managed",
      "type": "openstack_networking_secgroup_v2",
      "name": "consul",
      "provider": "provider[\"registry.terraform.io/terraform-provider-openstack/openstack\"]",
      "instances": [
        {
          "schema_version": 0,
          "attributes": {
            "all_tags": [],
            "delete_default_rules": null,
            "description": "consul",
            "id": "ccf757d7-37c6-4999-a604-60c751ec4dba",
            "name": "consul",
            "region": "RegionOne",
            "tags": [],
            "tenant_id": "3e356dfb99d84489a569259710ee3452",
            "timeouts": null
          },
          "sensitive_attributes": [],
          "identity_schema_version": 0,
          "private": "eyJlMmJmYjczMC1lY2FhLTExZTYtOGY4OC0zNDM2M2JjN2M0YzAiOnsiZGVsZXRlIjo2MDAwMDAwMDAwMDB9fQ=="
        }
      ]
    },
    {
      "mode": "managed",
      "type": "openstack_networking_secgroup_v2",
      "name": "gitlab_ssh",
      "provider": "provider[\"registry.terraform.io/terraform-provider-openstack/openstack\"]",
      "instances": [
        {
          "schema_version": 0,
          "attributes": {
            "all_tags": [],
            "delete_default_rules": null,
            "description": "gitlab-ssh",
            "id": "d2f778d3-dc02-4684-9dc3-9e50860ec146",
            "name": "gitlab-ssh",
            "region": "RegionOne",
            "tags": [],
            "tenant_id": "3e356dfb99d84489a569259710ee3452",
            "timeouts": null
          },
          "sensitive_attributes": [],
          "identity_schema_version": 0,
          "private": "eyJlMmJmYjczMC1lY2FhLTExZTYtOGY4OC0zNDM2M2JjN2M0YzAiOnsiZGVsZXRlIjo2MDAwMDAwMDAwMDB9fQ=="
        }
      ]
    },
    {
      "mode": "managed",
      "type": "openstack_networking_secgroup_v2",
      "name": "influxdb",
      "provider": "provider[\"registry.terraform.io/terraform-provider-openstack/openstack\"]",
      "instances": [
        {
          "schema_version": 0,
          "attributes": {
            "all_tags": [],
            "delete_default_rules": null,
            "description": "Security group for InfluxDB",
            "id": "cdaa9e7f-6adf-4acf-877f-b9519a1edb2c",
            "name": "influxdb",
            "region": "RegionOne",
            "tags": [],
            "tenant_id": "3e356dfb99d84489a569259710ee3452",
            "timeouts": null
          },
          "sensitive_attributes": [],
          "identity_schema_version": 0,
          "private": "eyJlMmJmYjczMC1lY2FhLTExZTYtOGY4OC0zNDM2M2JjN2M0YzAiOnsiZGVsZXRlIjo2MDAwMDAwMDAwMDB9fQ=="
        }
      ]
    },
    {
      "mode": "managed",
      "type": "openstack_networking_secgroup_v2",
      "name": "k8s_internal_pods",
      "provider": "provider[\"registry.terraform.io/terraform-provider-openstack/openstack\"]",
      "instances": [
        {
          "schema_version": 0,
          "attributes": {
            "all_tags": [],
            "delete_default_rules": null,
            "description": "k8s_internal_pods",
            "id": "a600f2d7-40b2-4d44-8bc6-4b5e5d8d143f",
            "name": "k8s_internal_pods",
            "region": "RegionOne",
            "tags": [],
            "tenant_id": "3e356dfb99d84489a569259710ee3452",
            "timeouts": null
          },
          "sensitive_attributes": [],
          "identity_schema_version": 0,
          "private": "eyJlMmJmYjczMC1lY2FhLTExZTYtOGY4OC0zNDM2M2JjN2M0YzAiOnsiZGVsZXRlIjo2MDAwMDAwMDAwMDB9fQ=="
        }
      ]
    },
    {
      "mode": "managed",
      "type": "openstack_networking_secgroup_v2",
      "name": "k8s_internal_services",
      "provider": "provider[\"registry.terraform.io/terraform-provider-openstack/openstack\"]",
      "instances": [
        {
          "schema_version": 0,
          "attributes": {
            "all_tags": [],
            "delete_default_rules": null,
            "description": "k8s_internal_services",
            "id": "fa219b30-aba2-43f7-87b6-40b529eac175",
            "name": "k8s_internal_services",
            "region": "RegionOne",
            "tags": [],
            "tenant_id": "3e356dfb99d84489a569259710ee3452",
            "timeouts": null
          },
          "sensitive_attributes": [],
          "identity_schema_version": 0,
          "private": "eyJlMmJmYjczMC1lY2FhLTExZTYtOGY4OC0zNDM2M2JjN2M0YzAiOnsiZGVsZXRlIjo2MDAwMDAwMDAwMDB9fQ=="
        }
      ]
    },
    {
      "mode": "managed",
      "type": "openstack_networking_secgroup_v2",
      "name": "minio",
      "provider": "provider[\"registry.terraform.io/terraform-provider-openstack/openstack\"]",
      "instances": [
        {
          "schema_version": 0,
          "attributes": {
            "all_tags": [],
            "delete_default_rules": null,
            "description": "Security group for MinIO S3 service",
            "id": "ae007266-317c-4faa-8e5e-7ec993a27e36",
            "name": "minio",
            "region": "RegionOne",
            "tags": [],
            "tenant_id": "3e356dfb99d84489a569259710ee3452",
            "timeouts": null
          },
          "sensitive_attributes": [],
          "identity_schema_version": 0,
          "private": "eyJlMmJmYjczMC1lY2FhLTExZTYtOGY4OC0zNDM2M2JjN2M0YzAiOnsiZGVsZXRlIjo2MDAwMDAwMDAwMDB9fQ=="
        }
      ]
    },
    {
      "mode": "managed",
      "type": "openstack_networking_secgroup_v2",
      "name": "mqtt",
      "provider": "provider[\"registry.terraform.io/terraform-provider-openstack/openstack\"]",
      "instances": [
        {
          "schema_version": 0,
          "attributes": {
            "all_tags": [],
            "delete_default_rules": null,
            "description": "Security group for MQTT broker",
            "id": "2a4bd10f-c80a-418b-94d8-f22e2c698872",
            "name": "mqtt",
            "region": "RegionOne",
            "tags": [],
            "tenant_id": "3e356dfb99d84489a569259710ee3452",
            "timeouts": null
          },
          "sensitive_attributes": [],
          "identity_schema_version": 0,
          "private": "eyJlMmJmYjczMC1lY2FhLTExZTYtOGY4OC0zNDM2M2JjN2M0YzAiOnsiZGVsZXRlIjo2MDAwMDAwMDAwMDB9fQ=="
        }
      ]
    },
    {
      "mode": "managed",
      "type": "openstack_networking_secgroup_v2",
      "name": "node_exporter",
      "provider": "provider[\"registry.terraform.io/terraform-provider-openstack/openstack\"]",
      "instances": [
        {
          "schema_version": 0,
          "attributes": {
            "all_tags": [],
            "delete_default_rules": null,
            "description": "node_exporter",
            "id": "72b2a4c4-755f-4818-8e8a-a88d04a2b3c5",
            "name": "node_exporter",
            "region": "RegionOne",
            "tags": [],
            "tenant_id": "3e356dfb99d84489a569259710ee3452",
            "timeouts": null
          },
          "sensitive_attributes": [],
          "identity_schema_version": 0,
          "private": "eyJlMmJmYjczMC1lY2FhLTExZTYtOGY4OC0zNDM2M2JjN2M0YzAiOnsiZGVsZXRlIjo2MDAwMDAwMDAwMDB9fQ=="
        }
      ]
    },
    {
      "mode": "managed",
      "type": "openstack_networking_secgroup_v2",
      "name": "openvpn",
      "provider": "provider[\"registry.terraform.io/terraform-provider-openstack/openstack\"]",
      "instances": [
        {
          "schema_version": 0,
          "attributes": {
            "all_tags": [],
            "delete_default_rules": null,
            "description": "openvpn",
            "id": "79cda0eb-8fdd-4a99-8b2a-ad669e5f90f5",
            "name": "openvpn",
            "region": "RegionOne",
            "tags": [],
            "tenant_id": "3e356dfb99d84489a569259710ee3452",
            "timeouts": null
          },
          "sensitive_attributes": [],
          "identity_schema_version": 0,
          "private": "eyJlMmJmYjczMC1lY2FhLTExZTYtOGY4OC0zNDM2M2JjN2M0YzAiOnsiZGVsZXRlIjo2MDAwMDAwMDAwMDB9fQ=="
        }
      ]
    },
    {
      "mode": "managed",
      "type": "openstack_networking_secgroup_v2",
      "name": "proxy",
      "provider": "provider[\"registry.terraform.io/terraform-provider-openstack/openstack\"]",
      "instances": [
        {
          "schema_version": 0,
          "attributes": {
            "all_tags": [],
            "delete_default_rules": null,
            "description": "proxy",
            "id": "07010ff1-a0b4-4bd7-a28b-614bf05d41f5",
            "name": "proxy",
            "region": "RegionOne",
            "tags": [],
            "tenant_id": "3e356dfb99d84489a569259710ee3452",
            "timeouts": null
          },
          "sensitive_attributes": [],
          "identity_schema_version": 0,
          "private": "eyJlMmJmYjczMC1lY2FhLTExZTYtOGY4OC0zNDM2M2JjN2M0YzAiOnsiZGVsZXRlIjo2MDAwMDAwMDAwMDB9fQ=="
        }
      ]
    },
    {
      "mode": "managed",
      "type": "openstack_networking_secgroup_v2",
      "name": "ssh",
      "provider": "provider[\"registry.terraform.io/terraform-provider-openstack/openstack\"]",
      "instances": [
        {
          "schema_version": 0,
          "attributes": {
            "all_tags": [],
            "delete_default_rules": null,
            "description": "ssh-from-all",
            "id": "e168624d-2445-439b-a4f8-be1a11ccff05",
            "name": "ssh-from-all",
            "region": "RegionOne",
            "tags": [],
            "tenant_id": "3e356dfb99d84489a569259710ee3452",
            "timeouts": null
          },
          "sensitive_attributes": [],
          "identity_schema_version": 0,
          "private": "eyJlMmJmYjczMC1lY2FhLTExZTYtOGY4OC0zNDM2M2JjN2M0YzAiOnsiZGVsZXRlIjo2MDAwMDAwMDAwMDB9fQ=="
        }
      ]
    },
    {
      "mode": "managed",
      "type": "openstack_networking_secgroup_v2",
      "name": "ssh-internal",
      "provider": "provider[\"registry.terraform.io/terraform-provider-openstack/openstack\"]",
      "instances": [
        {
          "schema_version": 0,
          "attributes": {
            "all_tags": [],
            "delete_default_rules": null,
            "description": "ssh-internal",
            "id": "280b17bd-659b-448c-89fa-992a617855ff",
            "name": "ssh-internal",
            "region": "RegionOne",
            "tags": [],
            "tenant_id": "3e356dfb99d84489a569259710ee3452",
            "timeouts": null
          },
          "sensitive_attributes": [],
          "identity_schema_version": 0,
          "private": "eyJlMmJmYjczMC1lY2FhLTExZTYtOGY4OC0zNDM2M2JjN2M0YzAiOnsiZGVsZXRlIjo2MDAwMDAwMDAwMDB9fQ=="
        }
      ]
    },
    {
      "mode": "managed",
      "type": "openstack_networking_secgroup_v2",
      "name": "web",
      "provider": "provider[\"registry.terraform.io/terraform-provider-openstack/openstack\"]",
      "instances": [
        {
          "schema_version": 0,
          "attributes": {
            "all_tags": [],
            "delete_default_rules": null,
            "description": "Security group for web services (HTTP/HTTPS)",
            "id": "60b4a8ef-53c0-4a33-b146-9754c44b754e",
            "name": "web",
            "region": "RegionOne",
            "tags": [],
            "tenant_id": "3e356dfb99d84489a569259710ee3452",
            "timeouts": null
          },
          "sensitive_attributes": [],
          "identity_schema_version": 0,
          "private": "eyJlMmJmYjczMC1lY2FhLTExZTYtOGY4OC0zNDM2M2JjN2M0YzAiOnsiZGVsZXRlIjo2MDAwMDAwMDAwMDB9fQ=="
        }
      ]
    },
    {
      "module": "module.network_dev",
      "mode": "managed",
      "type": "openstack_networking_network_v2",
      "name": "network_name",
      "provider": "provider[\"registry.terraform.io/terraform-provider-openstack/openstack\"]",
      "instances": [
        {
          "schema_version": 0,
          "attributes": {
            "admin_state_up": true,
            "all_tags": [],
            "availability_zone_hints": [],
            "description": "",
            "dns_domain": "",
            "external": false,
            "id": "73e7b155-18a9-401a-89ad-8a90b7919cf4",
            "mtu": 1450,
            "name": "internal_dev",
            "port_security_enabled": true,
            "qos_policy_id": "",
            "region": "RegionOne",
            "segments": [
              {
                "network_type": "vxlan",
                "physical_network": "",
                "segmentation_id": 736
              }
            ],
            "shared": false,
            "tags": [],
            "tenant_id": "3e356dfb99d84489a569259710ee3452",
            "timeouts": null,
            "transparent_vlan": false,
            "value_specs": null
          },
          "sensitive_attributes": [],
          "identity_schema_version": 0,
          "private": "eyJlMmJmYjczMC1lY2FhLTExZTYtOGY4OC0zNDM2M2JjN2M0YzAiOnsiY3JlYXRlIjo2MDAwMDAwMDAwMDAsImRlbGV0ZSI6NjAwMDAwMDAwMDAwfX0="
        }
      ]
    },
    {
      "module": "module.network_dev",
      "mode": "managed",
      "type": "openstack_networking_router_interface_v2",
      "name": "network_router_interface",
      "provider": "provider[\"registry.terraform.io/terraform-provider-openstack/openstack\"]",
      "instances": [
        {
          "schema_version": 0,
          "attributes": {
            "force_destroy": false,
            "id": "d1265eef-efe0-4c0f-b9a4-d39b57c7e176",
            "port_id": "d1265eef-efe0-4c0f-b9a4-d39b57c7e176",
            "region": "RegionOne",
            "router_id": "213b3d1c-6404-4267-ba5c-dfed5ce5ed61",
            "subnet_id": "c52175d1-63e2-459a-b776-bb80c99ff05a",
            "timeouts": null
          },
          "sensitive_attributes": [],
          "identity_schema_version": 0,
          "private": "eyJlMmJmYjczMC1lY2FhLTExZTYtOGY4OC0zNDM2M2JjN2M0YzAiOnsiY3JlYXRlIjo2MDAwMDAwMDAwMDAsImRlbGV0ZSI6NjAwMDAwMDAwMDAwfX0=",
          "dependencies": [
            "module.network_dev.openstack_networking_network_v2.network_name",
            "module.network_dev.openstack_networking_subnet_v2.network_subnet",
            "openstack_networking_router_v2.rt1"
          ]
        }
      ]
    },
    {
      "module": "module.network_dev",
      "mode": "managed",
      "type": "openstack_networking_subnet_v2",
      "name": "network_subnet",
      "provider": "provider[\"registry.terraform.io/terraform-provider-openstack/openstack\"]",
      "instances": [
        {
          "schema_version": 0,
          "attributes": {
            "all_tags": [],
            "allocation_pool": [
              {
                "end": "10.0.1.254",
                "start": "10.0.1.2"
              }
            ],
            "allocation_pools": [
              {
                "end": "10.0.1.254",
                "start": "10.0.1.2"
              }
            ],
            "cidr": "10.0.1.0/24",
            "description": "",
            "dns_nameservers": [
              "1.1.1.1",
              "8.8.8.8"
            ],
            "enable_dhcp": true,
            "gateway_ip": "10.0.1.1",
            "host_routes": [],
            "id": "c52175d1-63e2-459a-b776-bb80c99ff05a",
            "ip_version": 4,
            "ipv6_address_mode": "",
            "ipv6_ra_mode": "",
            "name": "internal_dev",
            "network_id": "73e7b155-18a9-401a-89ad-8a90b7919cf4",
            "no_gateway": false,
            "prefix_length": null,
            "region": "RegionOne",
            "service_types": [],
            "subnetpool_id": "",
            "tags": [],
            "tenant_id": "3e356dfb99d84489a569259710ee3452",
            "timeouts": null,
            "value_specs": null
          },
          "sensitive_attributes": [],
          "identity_schema_version": 0,
          "private": "eyJlMmJmYjczMC1lY2FhLTExZTYtOGY4OC0zNDM2M2JjN2M0YzAiOnsiY3JlYXRlIjo2MDAwMDAwMDAwMDAsImRlbGV0ZSI6NjAwMDAwMDAwMDAwfX0=",
          "dependencies": [
            "module.network_dev.openstack_networking_network_v2.network_name"
          ]
        }
      ]
    },
    {
      "module": "module.openvpn",
      "mode": "data",
      "type": "openstack_networking_subnet_ids_v2",
      "name": "ext_subnets",
      "provider": "provider[\"registry.terraform.io/terraform-provider-openstack/openstack\"]",
      "instances": [
        {
          "index_key": 0,
          "schema_version": 0,
          "attributes": {
            "cidr": null,
            "description": null,
            "dhcp_enabled": null,
            "gateway_ip": null,
            "id": "3374365470",
            "ids": [
              "26465897-6d7e-4623-aac5-c0fb0bbe9f18"
            ],
            "ip_version": null,
            "ipv6_address_mode": null,
            "ipv6_ra_mode": null,
            "name": null,
            "name_regex": null,
            "network_id": "08627590-0aac-4168-ba4f-7b00fade2514",
            "region": "RegionOne",
            "sort_direction": null,
            "sort_key": null,
            "subnetpool_id": null,
            "tags": null,
            "tenant_id": null
          },
          "sensitive_attributes": [],
          "identity_schema_version": 0
        }
      ]
    },
    {
      "module": "module.openvpn",
      "mode": "data",
      "type": "template_file",
      "name": "userdata",
      "provider": "provider[\"registry.terraform.io/hashicorp/template\"]",
      "instances": [
        {
          "schema_version": 0,
          "attributes": {
            "filename": null,
            "id": "ea462fe5917aec78d73a38f3c4c477881bf1dea4e84df30bdc44d823fd8bbcd1",
            "rendered": "#cloud-config\nusers:\n  - default\n  - name: staner\n    primary_group: staner\n    groups: [sudo,adm]\n    sudo: ALL=(ALL) NOPASSWD:ALL\n    groups: sudo\n    shell: /bin/bash\n    lock_passwd: true\n    ssh-authorized-keys: \n    - ssh-rsa AAAAB3NzaC1yc2EAAAADAQABAAACAQCkmUQVaIHRxoukQftYJJjuPf1an104jLltRlN0y8xAsVQ+OXIvORbaYvHwbry4PXQXUZYnFDOX/ybl6wAI5Lxt7STe2xUY7mYrBCn1+lfirB1LnlOKDEDQGndXQPUrH1CbUbZw7MxXAVif+I1iPlf4pgXlic1i7FigQiRS2bMkiVrbtkXufGnNgbOar0iaLKdFuYNERk/WJSjIz7HPoljqULWctXzqpFDXPs/GKKPbH96iH0SFLTDG5tCMN424saAnkAcFcGsW0BqVpLBSBUCcySoaKcWgGYqHB+OPRa50NqZ2ljuopIvQMFA4Otg6dcDWshklP265NHddB3QWs3t/JQvDYGe7Ld8i4eQtMFsNNL0R6E8XOYT8hAb75K4H77SACU+BGAmwHGC13IFhTWRct5KC+wskYi/J9zmslugk9jQcoPwIFdMA9nkzOWPIMwMYM4A+BxL8ne4unP8786Zemuyft8lE/Q3SOFg8SV+UjRjlsL+EfrCIngEZLnUzj/gpNZLGi+En3qm3mZhIsoC55KW4lutlZwnXnpU3swJ9wR/LKJtup5UcVx2pRDmwLzW20WI46fF2/HLMHWlpWuK/r0N5nEg7BMB3B4j1KLqkTljN9Fu5OMyCNBN/M8pyoFqf7TQaP0OsGcBzVvx1i3oUTVqQwAriBr2hYe6L6Z1lnQ== staner@staner-home\n",
            "template": "#cloud-config\nusers:\n  - default\n  - name: staner\n    primary_group: staner\n    groups: [sudo,adm]\n    sudo: ALL=(ALL) NOPASSWD:ALL\n    groups: sudo\n    shell: /bin/bash\n    lock_passwd: true\n    ssh-authorized-keys: \n    - ssh-rsa AAAAB3NzaC1yc2EAAAADAQABAAACAQCkmUQVaIHRxoukQftYJJjuPf1an104jLltRlN0y8xAsVQ+OXIvORbaYvHwbry4PXQXUZYnFDOX/ybl6wAI5Lxt7STe2xUY7mYrBCn1+lfirB1LnlOKDEDQGndXQPUrH1CbUbZw7MxXAVif+I1iPlf4pgXlic1i7FigQiRS2bMkiVrbtkXufGnNgbOar0iaLKdFuYNERk/WJSjIz7HPoljqULWctXzqpFDXPs/GKKPbH96iH0SFLTDG5tCMN424saAnkAcFcGsW0BqVpLBSBUCcySoaKcWgGYqHB+OPRa50NqZ2ljuopIvQMFA4Otg6dcDWshklP265NHddB3QWs3t/JQvDYGe7Ld8i4eQtMFsNNL0R6E8XOYT8hAb75K4H77SACU+BGAmwHGC13IFhTWRct5KC+wskYi/J9zmslugk9jQcoPwIFdMA9nkzOWPIMwMYM4A+BxL8ne4unP8786Zemuyft8lE/Q3SOFg8SV+UjRjlsL+EfrCIngEZLnUzj/gpNZLGi+En3qm3mZhIsoC55KW4lutlZwnXnpU3swJ9wR/LKJtup5UcVx2pRDmwLzW20WI46fF2/HLMHWlpWuK/r0N5nEg7BMB3B4j1KLqkTljN9Fu5OMyCNBN/M8pyoFqf7TQaP0OsGcBzVvx1i3oUTVqQwAriBr2hYe6L6Z1lnQ== staner@staner-home\n",
            "vars": null
          },
          "sensitive_attributes": [],
          "identity_schema_version": 0
        }
      ]
    },
    {
      "module": "module.openvpn",
      "mode": "managed",
      "type": "openstack_compute_floatingip_associate_v2",
      "name": "fip_assoc_random",
      "provider": "provider[\"registry.terraform.io/terraform-provider-openstack/openstack\"]",
      "instances": [
        {
          "index_key": 0,
          "schema_version": 0,
          "attributes": {
            "fixed_ip": "",
            "floating_ip": "192.168.50.239",
            "id": "192.168.50.239/f4a3fe2c-9597-49da-8e08-11673f791ece/",
            "instance_id": "f4a3fe2c-9597-49da-8e08-11673f791ece",
            "region": "RegionOne",
            "timeouts": null,
            "wait_until_associated": null
          },
          "sensitive_attributes": [],
          "identity_schema_version": 0,
          "private": "eyJlMmJmYjczMC1lY2FhLTExZTYtOGY4OC0zNDM2M2JjN2M0YzAiOnsiY3JlYXRlIjo2MDAwMDAwMDAwMDB9fQ==",
          "dependencies": [
            "module.network_dev.openstack_networking_network_v2.network_name",
            "module.network_dev.openstack_networking_router_interface_v2.network_router_interface",
            "module.network_dev.openstack_networking_subnet_v2.network_subnet",
            "module.openvpn.data.openstack_networking_subnet_ids_v2.ext_subnets",
            "module.openvpn.data.template_file.userdata",
            "module.openvpn.openstack_compute_instance_v2.instance",
            "module.openvpn.openstack_networking_floatingip_v2.floatip_1_random",
            "openstack_compute_keypair_v2.ssh_public_key",
            "openstack_networking_router_v2.rt1",
            "openstack_networking_secgroup_rule_v2.secgroup_openvpn_rule_v4",
            "openstack_networking_secgroup_v2.consul",
            "openstack_networking_secgroup_v2.openvpn",
            "openstack_networking_secgroup_v2.ssh"
          ]
        }
      ]
    },
    {
      "module": "module.openvpn",
      "mode": "managed",
      "type": "openstack_compute_instance_v2",
      "name": "instance",
      "provider": "provider[\"registry.terraform.io/terraform-provider-openstack/openstack\"]",
      "instances": [
        {
          "index_key": 0,
          "schema_version": 0,
          "attributes": {
            "access_ip_v4": "10.0.1.11",
            "access_ip_v6": "",
            "admin_pass": null,
            "all_metadata": {
              "app": "openvpn",
              "environment": "dev"
            },
            "all_tags": [],
            "availability_zone": "nova",
            "availability_zone_hints": null,
            "block_device": [],
            "config_drive": null,
            "created": "2025-06-25 13:34:01 +0000 UTC",
            "flavor_id": "2",
            "flavor_name": "m1.small",
            "floating_ip": null,
            "force_delete": false,
            "id": "f4a3fe2c-9597-49da-8e08-11673f791ece",
            "image_id": "4b370c45-fc98-4dab-88ee-22e09bb57679",
            "image_name": "Bookworm",
            "key_pair": "default_key",
            "metadata": {
              "app": "openvpn",
              "environment": "dev"
            },
            "name": "openvpn1",
            "network": [
              {
                "access_network": false,
                "fixed_ip_v4": "10.0.1.11",
                "fixed_ip_v6": "",
                "floating_ip": "",
                "mac": "fa:16:3e:4b:61:f7",
                "name": "internal_dev",
                "port": "",
                "uuid": "73e7b155-18a9-401a-89ad-8a90b7919cf4"
              }
            ],
            "network_mode": null,
            "personality": [],
            "power_state": "active",
            "region": "RegionOne",
            "scheduler_hints": [],
            "security_groups": [
              "all_internal",
              "consul",
              "node_exporter",
              "openvpn",
              "ssh-from-all"
            ],
            "stop_before_destroy": false,
            "tags": [],
            "timeouts": null,
            "updated": "2025-06-25 13:34:16 +0000 UTC",
            "user_data": "33ea81a631c5604f7174385a364dfdfc7f50f148",
            "vendor_options": [],
            "volume": []
          },
          "sensitive_attributes": [
            [
              {
                "type": "get_attr",
                "value": "admin_pass"
              }
            ]
          ],
          "identity_schema_version": 0,
          "private": "eyJlMmJmYjczMC1lY2FhLTExZTYtOGY4OC0zNDM2M2JjN2M0YzAiOnsiY3JlYXRlIjoxODAwMDAwMDAwMDAwLCJkZWxldGUiOjE4MDAwMDAwMDAwMDAsInVwZGF0ZSI6MTgwMDAwMDAwMDAwMH19",
          "dependencies": [
            "module.network_dev.openstack_networking_network_v2.network_name",
            "module.network_dev.openstack_networking_router_interface_v2.network_router_interface",
            "module.network_dev.openstack_networking_subnet_v2.network_subnet",
            "module.openvpn.data.template_file.userdata",
            "openstack_compute_keypair_v2.ssh_public_key",
            "openstack_networking_router_v2.rt1",
            "openstack_networking_secgroup_rule_v2.secgroup_openvpn_rule_v4",
            "openstack_networking_secgroup_v2.consul",
            "openstack_networking_secgroup_v2.openvpn",
            "openstack_networking_secgroup_v2.ssh"
          ]
        }
      ]
    },
    {
      "module": "module.openvpn",
      "mode": "managed",
      "type": "openstack_networking_floatingip_v2",
      "name": "floatip_1_random",
      "provider": "provider[\"registry.terraform.io/terraform-provider-openstack/openstack\"]",
      "instances": [
        {
          "index_key": 0,
          "schema_version": 0,
          "attributes": {
            "address": "192.168.50.239",
            "all_tags": [],
            "description": "",
            "dns_domain": "",
            "dns_name": "",
            "fixed_ip": "10.0.1.11",
            "id": "91a131c7-ecd9-4e20-9a48-45d061e8861e",
            "pool": "ext-floating1",
            "port_id": "930aeb86-7618-4a2b-84d4-9231a1836054",
            "region": "RegionOne",
            "subnet_id": "26465897-6d7e-4623-aac5-c0fb0bbe9f18",
            "subnet_ids": [
              "26465897-6d7e-4623-aac5-c0fb0bbe9f18"
            ],
            "tags": [],
            "tenant_id": "3e356dfb99d84489a569259710ee3452",
            "timeouts": null,
            "value_specs": null
          },
          "sensitive_attributes": [],
          "identity_schema_version": 0,
          "private": "eyJlMmJmYjczMC1lY2FhLTExZTYtOGY4OC0zNDM2M2JjN2M0YzAiOnsiY3JlYXRlIjo2MDAwMDAwMDAwMDAsImRlbGV0ZSI6NjAwMDAwMDAwMDAwfX0=",
          "dependencies": [
            "module.network_dev.openstack_networking_network_v2.network_name",
            "module.network_dev.openstack_networking_router_interface_v2.network_router_interface",
            "module.network_dev.openstack_networking_subnet_v2.network_subnet",
            "module.openvpn.data.openstack_networking_subnet_ids_v2.ext_subnets",
            "openstack_networking_router_v2.rt1",
            "openstack_networking_secgroup_rule_v2.secgroup_openvpn_rule_v4",
            "openstack_networking_secgroup_v2.openvpn"
          ]
        }
      ]
    }
  ],
  "check_results": null
}
